// !$*UTF8*$!
{
	archiveVersion = 1;
	classes = {
	};
	objectVersion = 46;
	objects = {

		34CAEFED22A4723A8D65B2F6 = {isa = PBXBuildFile; fileRef = 51EA19BE3AFABD4DBB6BD72E; };
		EA8730057ED620C169F22329 = {isa = PBXBuildFile; fileRef = C4AB77675FD4FA4D2AF01571; };
		EA56C75D4E728DD61CFACA60 = {isa = PBXBuildFile; fileRef = 4C991533AE649DC6A6124881; };
		3269C604FE7F6C7EF7211274 = {isa = PBXBuildFile; fileRef = E681E04690F2CA0EC66D682E; };
		B5943C8C987EF7D134D5DF4A = {isa = PBXBuildFile; fileRef = 33137F9DBF353E5B7269E933; };
		E0322FCAE0E55A875B6FE2DE = {isa = PBXBuildFile; fileRef = 29B4885470049C75A16BA68C; };
		7FE32BD1BA0F6E9BF2B9E6B6 = {isa = PBXBuildFile; fileRef = B3520C91A95150BC174A6671; };
		54E33F5CC4156F701808A066 = {isa = PBXBuildFile; fileRef = CCB96073A0641EBFB94006F0; };
		DF642A2843A38E5378EEDF9F = {isa = PBXBuildFile; fileRef = 7C180E122391249A763E554A; };
		4AF8FD6073D887A6A2B4BF7F = {isa = PBXBuildFile; fileRef = 5886244909267B2989E7C7ED; };
		508AC361B1E8B48E088F9D43 = {isa = PBXBuildFile; fileRef = E164A95BF0C401B40ED62492; };
		D0F6698A31D265831B04E509 = {isa = PBXBuildFile; fileRef = C441CDC65F090A13E6E59F80; };
		1EE238543E688C8D17C8DBBF = {isa = PBXBuildFile; fileRef = BAAEDC61E534CAE9C7AB6BCF; };
		5A1B2CBAA7D0BC05A557ED59 = {isa = PBXBuildFile; fileRef = 4E5878516BE1AF2D39FEBAD6; };
		33B529EAEC284DF43589CC38 = {isa = PBXBuildFile; fileRef = 6BF8CAC1BD50768F07EDA96C; };
		808FF2EF3A334B244F957F97 = {isa = PBXBuildFile; fileRef = A893704FF2731DC209177D35; };
		F7A63BB8A3757AECA1C522A8 = {isa = PBXBuildFile; fileRef = 7FB585F73D8BC15AEDE856A0; };
		4B37A842DD2610F3520A76E5 = {isa = PBXBuildFile; fileRef = DD3A668B81682C38587CA39B; };
		5898ED01F3D03CD81A3CA050 = {isa = PBXBuildFile; fileRef = 04D945B9257B8075CCB02E4D; };
		F2FB1E72020333586C360AAB = {isa = PBXBuildFile; fileRef = 097E602E270F362FCF345987; };
		A7C4F9A5697BA981AB439592 = {isa = PBXBuildFile; fileRef = B495FFD28C172A9642CF038A; };
		0F8086C60903BCE8724BA287 = {isa = PBXBuildFile; fileRef = 443150BF2CD708001C26EF73; };
		95C0DDAEAD4392562831489D = {isa = PBXBuildFile; fileRef = 0EBB296417ACB21D72E5A44D; };
		3E1B1940DA9D2205777D33DC = {isa = PBXBuildFile; fileRef = 93AA4E746DDDCAF4E0040616; };
		6FCCB55E5FED2FF1C85596D1 = {isa = PBXBuildFile; fileRef = 8FB256564E2BCF215EE2F3B5; };
		2F03255A0971D965DA2643F6 = {isa = PBXBuildFile; fileRef = 06F26D23D38A71E5804A09CE; };
		E0C1379C91B2242C599CCAD3 = {isa = PBXBuildFile; fileRef = F5EC2849111949A112883269; };
		6CA7AFB222CCBC1243C09C9D = {isa = PBXBuildFile; fileRef = 4E43B1B96541CBCA635489E3; };
		E85971000A9AE3D1DFB0D529 = {isa = PBXBuildFile; fileRef = 45D58F89CB582F51A1F2BE21; };
		64BE946B0DBD01E742B6D9B2 = {isa = PBXBuildFile; fileRef = BAD82E86CA889722EC260457; };
		F8DB981611879B176FE31833 = {isa = PBXBuildFile; fileRef = B37138A62D12A87F292C6552; };
		C40D8975A49A79F82301D1CB = {isa = PBXBuildFile; fileRef = 821536F4D6017BAE0C7623F2; };
		E5AB3556849C3D4C1A445086 = {isa = PBXBuildFile; fileRef = 6BBDA111705C03D81263B044; };
		96D453457979A2EC591C9A9B = {isa = PBXBuildFile; fileRef = F2D2DF4DB6B997392CE406B8; };
		D667C9FA5070AE5D2D60122D = {isa = PBXBuildFile; fileRef = 5EDD32CA71470666B0730FA5; };
		360C1C0067E137D03BEFEBA6 = {isa = PBXBuildFile; fileRef = CC4E92FCA182ACEEBE855FD6; };
		03F0376016B53A0FD2779A58 = {isa = PBXBuildFile; fileRef = 5D5D6444CE2A984461DD5CBA; };
		E2B4A1B35165376F41712335 = {isa = PBXBuildFile; fileRef = 857261A9DEB15A1FFA4EBD13; };
		5E8281CDA789F6DC95BBF679 = {isa = PBXBuildFile; fileRef = 2CED3D05C137D1DF3C3FA743; };
		F397028ED7B18BEAE2A27B55 = {isa = PBXBuildFile; fileRef = 5A887BB834EC0F423FB92016; };
		A6D8A931CAD7B0F24EA18360 = {isa = PBXBuildFile; fileRef = 052EB3C6C9C6A8D3453C4804; };
		D6FE72C411162F7F8B91695D = {isa = PBXBuildFile; fileRef = 090D9767E49CA6E538B5AD8B; };
		076373DD6FD9720CFF6E1896 = {isa = PBXBuildFile; fileRef = 4C10E6A9B4BC04C9B3CAAD3E; };
		C6F8F73FFA4C2E9B71B202A3 = {isa = PBXBuildFile; fileRef = F282D2490ADB877D77364F21; };
		C5C9D374549C490239FD784E = {isa = PBXBuildFile; fileRef = 631374364B8414CEC1935F7B; };
		8ABB93ECDF46774B8A03B11A = {isa = PBXBuildFile; fileRef = F5744373E81BB12D12F2A36C; };
		7E359B631F18D739E20A434E = {isa = PBXBuildFile; fileRef = 69AB7B68083F8B97EB25A3E8; };
		DEC1B242FB1AF7D03B1E717E = {isa = PBXBuildFile; fileRef = FFF75D4CAB2E90A24387A6C4; };
		B4F9B16A7C5298E55A040D69 = {isa = PBXBuildFile; fileRef = 74A154928D2C3EA44D350BA1; };
		84109F75B763BC11673AFBE3 = {isa = PBXBuildFile; fileRef = 7E61868EAB2A7A0247DC5D80; };
		E1BF6DED421E607D67682F6D = {isa = PBXBuildFile; fileRef = 9320943F4DAFE552D236D77E; };
		9AB3A164F92B45DA74F9C000 = {isa = PBXBuildFile; fileRef = D15A81D95E80592EC6C270FE; };
		E22B44B34A97537694B966CB = {isa = PBXBuildFile; fileRef = 482D583A57CCD8D92D1607E2; };
		0BDC1407526408F886CBB7FE = {isa = PBXBuildFile; fileRef = 9B1CC6CA0F2A74A4B4B500CF; };
		2F53603A3056E31919333B91 = {isa = PBXBuildFile; fileRef = 7FDA454BD12E490D3E01486F; };
		2441D61E25E819FE221F1475 = {isa = PBXBuildFile; fileRef = 5E599FD8812C42E92CC91564; };
		BB55B299B4CF74FD77FD5FB1 = {isa = PBXBuildFile; fileRef = 40ABFF1312871E69F077E86D; };
		C06DFC1F827A6346ED62CA3E = {isa = PBXBuildFile; fileRef = 34904EAFE05828F78B3DF8CC; };
		3BD568692D5BA5FC8B82AE6A = {isa = PBXBuildFile; fileRef = FE5780DE4AAABC6458C3C89E; };
		C7553FFC0898DB04365DD02E = {isa = PBXBuildFile; fileRef = 1DC71205360FC63B9D19EA8F; };
		E19C6C1DF016022B7205FD19 = {isa = PBXBuildFile; fileRef = 70743E2B3C323AF12E11A41C; };
		D8E4146E939036CE3112A160 = {isa = PBXBuildFile; fileRef = 2BABD2A5CC9AAF0DAA894D74; };
		169D1FA5A9F489BDD6E54B95 = {isa = PBXBuildFile; fileRef = 35B40A83D7A1E57E56025487; };
		C91236283C4B6E78559F7734 = {isa = PBXBuildFile; fileRef = 469C4FCE23C0A5B413004BCE; };
		7FACA8E7F82394551E992681 = {isa = PBXBuildFile; fileRef = E8CA81FC0A69C26A4872AE6B; };
		0C75D2C1376CE20F7121555E = {isa = PBXBuildFile; fileRef = 33249B875352378A8898A6E4; };
		0D2CCFFE1C141D5FF71E621D = {isa = PBXBuildFile; fileRef = E1BC73B01108AEDA57BEEEA5; };
		A22C23A85B9C34231D17BD92 = {isa = PBXBuildFile; fileRef = 769CAA427FC08DCDA0E32DD4; };
		136DAB0821432640427F7D63 = {isa = PBXBuildFile; fileRef = 328EAFBDF031E334D2892468; };
		7027FFEB81B6B23C5CC94A0A = {isa = PBXBuildFile; fileRef = 1DDB7ADDFED8090F888582CB; };
		FA945DEE83C8711F7AA93C07 = {isa = PBXBuildFile; fileRef = 9D6A07CAD2AC307CA5FCA8B1; };
		B5FACC9AFE837BE01CA5AFC4 = {isa = PBXBuildFile; fileRef = BB41396B0E32B4C08A7AEC62; };
		8393F275A014CDD1824EFE0B = {isa = PBXBuildFile; fileRef = 84144C764839262A0D775B39; };
		0D67DE2ED514D001716592E7 = {isa = PBXBuildFile; fileRef = 981D09D4F91AF074D3C511BD; };
		87C8D6EADD24B552859A60FA = {isa = PBXBuildFile; fileRef = D7475120D22371F5AD952FDE; };
		F0FE9D644B42F2A588854EC6 = {isa = PBXBuildFile; fileRef = 65B46ECF2BD9667C1697D334; };
		EA0255CC17BF14B4DB4EA571 = {isa = PBXBuildFile; fileRef = D072E82A5F9E5266A41D5808; };
		F842F32956D11A2F24946F63 = {isa = PBXBuildFile; fileRef = 22C4F0061544A523F44C0DE1; };
		9A8DDC0E102B3AA9F2902191 = {isa = PBXBuildFile; fileRef = 0B12E2E132006B1A201A4631; };
		943E6E5C1F52B54B4CE8CD45 = {isa = PBXBuildFile; fileRef = 482BF647E76E544468C3B59B; };
		F6A43FDC4A7B6FF09C2334E8 = {isa = PBXBuildFile; fileRef = 28EDFABBC176A6CA7AAD62E2; };
		008E8CB2854704D9912672AA = {isa = PBXFileReference; lastKnownFileType = sourcecode.c.h; name = UserSettings.h; path = ../../../../ScopeSync/Windows/UserSettings.h; sourceTree = "SOURCE_ROOT"; };
		02564528861C5F659ED9B95D = {isa = PBXFileReference; lastKnownFileType = image.png; name = "Undo_button_over.png"; path = "../../../../ScopeSync/Resources/image/Undo_button_over.png"; sourceTree = "SOURCE_ROOT"; };
		037317EE36591AEE06EA0981 = {isa = PBXFileReference; lastKnownFileType = image.png; name = "FXbypass_button_on.png"; path = "../../../../ScopeSync/Resources/image/FXbypass_button_on.png"; sourceTree = "SOURCE_ROOT"; };
		04D945B9257B8075CCB02E4D = {isa = PBXFileReference; lastKnownFileType = sourcecode.cpp.cpp; name = PresetManager.cpp; path = ../../../../ScopeSync/Presets/PresetManager.cpp; sourceTree = "SOURCE_ROOT"; };
		052EB3C6C9C6A8D3453C4804 = {isa = PBXFileReference; lastKnownFileType = sourcecode.cpp.cpp; name = TextButtonProperties.cpp; path = ../../../../ScopeSync/Properties/TextButtonProperties.cpp; sourceTree = "SOURCE_ROOT"; };
		06F26D23D38A71E5804A09CE = {isa = PBXFileReference; lastKnownFileType = sourcecode.cpp.cpp; name = Configuration.cpp; path = ../../../../ScopeSync/Configuration/Configuration.cpp; sourceTree = "SOURCE_ROOT"; };
		0801E39F70AC4D2F9A67551E = {isa = PBXFileReference; lastKnownFileType = sourcecode.c.h; name = TabbedComponentProperties.h; path = ../../../../ScopeSync/Properties/TabbedComponentProperties.h; sourceTree = "SOURCE_ROOT"; };
		090D9767E49CA6E538B5AD8B = {isa = PBXFileReference; lastKnownFileType = sourcecode.cpp.cpp; name = WidgetProperties.cpp; path = ../../../../ScopeSync/Properties/WidgetProperties.cpp; sourceTree = "SOURCE_ROOT"; };
		097E602E270F362FCF345987 = {isa = PBXFileReference; lastKnownFileType = sourcecode.cpp.cpp; name = ConfigurationChooser.cpp; path = ../../../../ScopeSync/Windows/ConfigurationChooser.cpp; sourceTree = "SOURCE_ROOT"; };
		0A61ABE24DBF5BEE7CD15006 = {isa = PBXFileReference; lastKnownFileType = sourcecode.c.h; name = JuceHeader.h; path = ../../../JuceLibraryCode/JuceHeader.h; sourceTree = "SOURCE_ROOT"; };
		0B12E2E132006B1A201A4631 = {isa = PBXFileReference; lastKnownFileType = sourcecode.cpp.objcpp; name = "include_juce_gui_basics.mm"; path = "../../../JuceLibraryCode/include_juce_gui_basics.mm"; sourceTree = "SOURCE_ROOT"; };
		0B7988D0A39180C0F93E775C = {isa = PBXFileReference; lastKnownFileType = image.png; name = "Snapshot_button_over.png"; path = "../../../../ScopeSync/Resources/image/Snapshot_button_over.png"; sourceTree = "SOURCE_ROOT"; };
		0EBB296417ACB21D72E5A44D = {isa = PBXFileReference; lastKnownFileType = sourcecode.cpp.cpp; name = PresetChooser.cpp; path = ../../../../ScopeSync/Windows/PresetChooser.cpp; sourceTree = "SOURCE_ROOT"; };
		0FE902CFE80BC7FA559E937D = {isa = PBXFileReference; lastKnownFileType = image.png; name = "Presets_button_over.png"; path = "../../../../ScopeSync/Resources/image/Presets_button_over.png"; sourceTree = "SOURCE_ROOT"; };
		1693F543BC3B7F3E395206E3 = {isa = PBXFileReference; lastKnownFileType = sourcecode.c.h; name = BinaryData.h; path = ../../../JuceLibraryCode/BinaryData.h; sourceTree = "SOURCE_ROOT"; };
		17AA589215655151C6011718 = {isa = PBXFileReference; lastKnownFileType = image.png; name = "SaveAs_button_over.png"; path = "../../../../ScopeSync/Resources/image/SaveAs_button_over.png"; sourceTree = "SOURCE_ROOT"; };
		19506CDF8AEF3B6F3D4A1521 = {isa = PBXFileReference; lastKnownFileType = sourcecode.c.h; name = Icons.h; path = ../../../../ScopeSync/Resources/Icons.h; sourceTree = "SOURCE_ROOT"; };
		1A9FCB5303CF10B29B9435AA = {isa = PBXFileReference; lastKnownFileType = file; name = "juce_osc"; path = "../../../JuceLibraryCode/modules/juce_osc"; sourceTree = "SOURCE_ROOT"; };
		1DC71205360FC63B9D19EA8F = {isa = PBXFileReference; lastKnownFileType = sourcecode.cpp.cpp; name = BCMTextButton.cpp; path = ../../../../ScopeSync/Components/BCMTextButton.cpp; sourceTree = "SOURCE_ROOT"; };
		1DDB7ADDFED8090F888582CB = {isa = PBXFileReference; lastKnownFileType = sourcecode.cpp.cpp; name = "include_juce_audio_plugin_client_utils.cpp"; path = "../../../JuceLibraryCode/include_juce_audio_plugin_client_utils.cpp"; sourceTree = "SOURCE_ROOT"; };
		1FDA9DE2F9EEB091AC0279F8 = {isa = PBXFileReference; lastKnownFileType = sourcecode.c.h; name = PresetItem.h; path = ../../../../ScopeSync/Presets/PresetItem.h; sourceTree = "SOURCE_ROOT"; };
		20F910DB21E14D951CA1F76E = {isa = PBXFileReference; lastKnownFileType = sourcecode.c.h; name = PluginProcessor.h; path = ../../../../ScopeSync/Plugin/PluginProcessor.h; sourceTree = "SOURCE_ROOT"; };
		22C4F0061544A523F44C0DE1 = {isa = PBXFileReference; lastKnownFileType = sourcecode.cpp.objcpp; name = "include_juce_graphics.mm"; path = "../../../JuceLibraryCode/include_juce_graphics.mm"; sourceTree = "SOURCE_ROOT"; };
		22F4D82A939F9866736AB9AB = {isa = PBXFileReference; lastKnownFileType = file; name = "juce_events"; path = "../../../JuceLibraryCode/modules/juce_events"; sourceTree = "SOURCE_ROOT"; };
		24FBD2581DFDA4FED9258B81 = {isa = PBXFileReference; lastKnownFileType = sourcecode.c.h; name = PluginGUI.h; path = ../../../../ScopeSync/Plugin/PluginGUI.h; sourceTree = "SOURCE_ROOT"; };
		26A3245B32A46440564FC728 = {isa = PBXFileReference; lastKnownFileType = image.png; name = "Close_button_over.png"; path = "../../../../ScopeSync/Resources/image/Close_button_over.png"; sourceTree = "SOURCE_ROOT"; };
		283947C033EED65FA63656E5 = {isa = PBXFileReference; lastKnownFileType = sourcecode.c.h; name = BCMRectangle.h; path = ../../../../ScopeSync/Components/BCMRectangle.h; sourceTree = "SOURCE_ROOT"; };
		28EDFABBC176A6CA7AAD62E2 = {isa = PBXFileReference; lastKnownFileType = sourcecode.cpp.cpp; name = "include_juce_osc.cpp"; path = "../../../JuceLibraryCode/include_juce_osc.cpp"; sourceTree = "SOURCE_ROOT"; };
		29B4885470049C75A16BA68C = {isa = PBXFileReference; lastKnownFileType = wrapper.framework; name = AudioToolbox.framework; path = System/Library/Frameworks/AudioToolbox.framework; sourceTree = SDKROOT; };
		2A3DC4600DF61928D7138564 = {isa = PBXFileReference; lastKnownFileType = sourcecode.c.h; name = BCMComponentBounds.h; path = ../../../../ScopeSync/Components/BCMComponentBounds.h; sourceTree = "SOURCE_ROOT"; };
		2A872EC29B36154DD55AED85 = {isa = PBXFileReference; lastKnownFileType = sourcecode.c.h; name = Configuration.h; path = ../../../../ScopeSync/Configuration/Configuration.h; sourceTree = "SOURCE_ROOT"; };
		2BABD2A5CC9AAF0DAA894D74 = {isa = PBXFileReference; lastKnownFileType = sourcecode.cpp.cpp; name = OSCServer.cpp; path = ../../../../ScopeSync/Comms/OSCServer.cpp; sourceTree = "SOURCE_ROOT"; };
		2C45D6666703B909DEAD04D8 = {isa = PBXFileReference; lastKnownFileType = file.ttf; name = "erbos_draco_1st_open_nbp.ttf"; path = "../../../../ScopeSync/Resources/font/erbos_draco_1st_open_nbp.ttf"; sourceTree = "SOURCE_ROOT"; };
		2CED3D05C137D1DF3C3FA743 = {isa = PBXFileReference; lastKnownFileType = sourcecode.cpp.cpp; name = TabbedComponentProperties.cpp; path = ../../../../ScopeSync/Properties/TabbedComponentProperties.cpp; sourceTree = "SOURCE_ROOT"; };
		328EAFBDF031E334D2892468 = {isa = PBXFileReference; lastKnownFileType = sourcecode.cpp.objcpp; name = "include_juce_audio_plugin_client_AU_2.mm"; path = "../../../JuceLibraryCode/include_juce_audio_plugin_client_AU_2.mm"; sourceTree = "SOURCE_ROOT"; };
		33137F9DBF353E5B7269E933 = {isa = PBXFileReference; lastKnownFileType = wrapper.framework; name = Accelerate.framework; path = System/Library/Frameworks/Accelerate.framework; sourceTree = SDKROOT; };
		33249B875352378A8898A6E4 = {isa = PBXFileReference; lastKnownFileType = sourcecode.cpp.objcpp; name = "include_juce_audio_basics.mm"; path = "../../../JuceLibraryCode/include_juce_audio_basics.mm"; sourceTree = "SOURCE_ROOT"; };
		34904EAFE05828F78B3DF8CC = {isa = PBXFileReference; lastKnownFileType = sourcecode.cpp.cpp; name = BCMSlider.cpp; path = ../../../../ScopeSync/Components/BCMSlider.cpp; sourceTree = "SOURCE_ROOT"; };
		35B40A83D7A1E57E56025487 = {isa = PBXFileReference; lastKnownFileType = sourcecode.cpp.cpp; name = PluginGUI.cpp; path = ../../../../ScopeSync/Plugin/PluginGUI.cpp; sourceTree = "SOURCE_ROOT"; };
		36057647CECDBA4323985277 = {isa = PBXFileReference; lastKnownFileType = sourcecode.c.h; name = TabProperties.h; path = ../../../../ScopeSync/Properties/TabProperties.h; sourceTree = "SOURCE_ROOT"; };
		39010C0ACCE02417A44E04C1 = {isa = PBXFileReference; lastKnownFileType = image.png; name = "NewConfig_button_over.png"; path = "../../../../ScopeSync/Resources/image/NewConfig_button_over.png"; sourceTree = "SOURCE_ROOT"; };
		3D1BA4DB05761F3EE1C0FDD9 = {isa = PBXFileReference; lastKnownFileType = sourcecode.c.h; name = BCMTreeView.h; path = ../../../../ScopeSync/Utils/BCMTreeView.h; sourceTree = "SOURCE_ROOT"; };
		3D52C4FC9BC7A56B3BAE1EF9 = {isa = PBXFileReference; lastKnownFileType = image.png; name = "FXmono_button_over.png"; path = "../../../../ScopeSync/Resources/image/FXmono_button_over.png"; sourceTree = "SOURCE_ROOT"; };
		3D76E823208905869DEEA0CC = {isa = PBXFileReference; lastKnownFileType = image.png; name = "Perf_Mode_button_off.png"; path = "../../../../ScopeSync/Resources/image/Perf_Mode_button_off.png"; sourceTree = "SOURCE_ROOT"; };
		3EA4D6E1EF562ABF8758E91B = {isa = PBXFileReference; lastKnownFileType = sourcecode.c.h; name = AppConfig.h; path = ../../../JuceLibraryCode/AppConfig.h; sourceTree = "SOURCE_ROOT"; };
		40ABFF1312871E69F077E86D = {isa = PBXFileReference; lastKnownFileType = sourcecode.cpp.cpp; name = BCMRectangle.cpp; path = ../../../../ScopeSync/Components/BCMRectangle.cpp; sourceTree = "SOURCE_ROOT"; };
		41E5D1D438B83C46BAE31512 = {isa = PBXFileReference; lastKnownFileType = image.png; name = "help_button_over.png"; path = "../../../../ScopeSync/Resources/image/help_button_over.png"; sourceTree = "SOURCE_ROOT"; };
		443150BF2CD708001C26EF73 = {isa = PBXFileReference; lastKnownFileType = sourcecode.cpp.cpp; name = LayoutChooser.cpp; path = ../../../../ScopeSync/Windows/LayoutChooser.cpp; sourceTree = "SOURCE_ROOT"; };
		4513769C51914D842AD146BF = {isa = PBXFileReference; lastKnownFileType = sourcecode.c.h; name = LabelProperties.h; path = ../../../../ScopeSync/Properties/LabelProperties.h; sourceTree = "SOURCE_ROOT"; };
		454D934DA70806D7C49C9601 = {isa = PBXFileReference; lastKnownFileType = sourcecode.c.h; name = ScopeSyncGUI.h; path = ../../../../ScopeSync/Core/ScopeSyncGUI.h; sourceTree = "SOURCE_ROOT"; };
		459E7E8F5266115E61CB7DA6 = {isa = PBXFileReference; lastKnownFileType = file.layout; name = standardSliderLnFs.layout; path = ../../../../ScopeSync/Resources/xml/standardSliderLnFs.layout; sourceTree = "SOURCE_ROOT"; };
		45D58F89CB582F51A1F2BE21 = {isa = PBXFileReference; lastKnownFileType = sourcecode.cpp.cpp; name = ConfigurationTreeItem.cpp; path = ../../../../ScopeSync/Configuration/ConfigurationTreeItem.cpp; sourceTree = "SOURCE_ROOT"; };
		4648E21010FC63D656477A08 = {isa = PBXFileReference; lastKnownFileType = sourcecode.c.h; name = BCMMath.h; path = ../../../../ScopeSync/Utils/BCMMath.h; sourceTree = "SOURCE_ROOT"; };
		465BB64EB92240689B8DE6A4 = {isa = PBXFileReference; lastKnownFileType = image.png; name = "ScopeSync_Logo_off.png"; path = "../../../../ScopeSync/Resources/image/ScopeSync_Logo_off.png"; sourceTree = "SOURCE_ROOT"; };
		469C4FCE23C0A5B413004BCE = {isa = PBXFileReference; lastKnownFileType = sourcecode.cpp.cpp; name = PluginProcessor.cpp; path = ../../../../ScopeSync/Plugin/PluginProcessor.cpp; sourceTree = "SOURCE_ROOT"; };
		47A715C08A9599A444A94D46 = {isa = PBXFileReference; lastKnownFileType = file.layout; name = standardFooterContent.layout; path = ../../../../ScopeSync/Resources/xml/standardFooterContent.layout; sourceTree = "SOURCE_ROOT"; };
		4816EB1F9399F26C7B0160DC = {isa = PBXFileReference; lastKnownFileType = image.png; name = "Copy_button_over.png"; path = "../../../../ScopeSync/Resources/image/Copy_button_over.png"; sourceTree = "SOURCE_ROOT"; };
		482BF647E76E544468C3B59B = {isa = PBXFileReference; lastKnownFileType = sourcecode.cpp.objcpp; name = "include_juce_gui_extra.mm"; path = "../../../JuceLibraryCode/include_juce_gui_extra.mm"; sourceTree = "SOURCE_ROOT"; };
		482D583A57CCD8D92D1607E2 = {isa = PBXFileReference; lastKnownFileType = sourcecode.cpp.cpp; name = BCMGraphic.cpp; path = ../../../../ScopeSync/Components/BCMGraphic.cpp; sourceTree = "SOURCE_ROOT"; };
		4965FDE5BB4EDB8E8E38D02D = {isa = PBXFileReference; lastKnownFileType = sourcecode.c.h; name = BCMTextButton.h; path = ../../../../ScopeSync/Components/BCMTextButton.h; sourceTree = "SOURCE_ROOT"; };
		499DE531C3F81EF1A0003686 = {isa = PBXFileReference; lastKnownFileType = file; name = "juce_graphics"; path = "../../../JuceLibraryCode/modules/juce_graphics"; sourceTree = "SOURCE_ROOT"; };
		49B89ACF595824EA4641EB0B = {isa = PBXFileReference; lastKnownFileType = image.png; name = "settings_button_on.png"; path = "../../../../ScopeSync/Resources/image/settings_button_on.png"; sourceTree = "SOURCE_ROOT"; };
		4C10E6A9B4BC04C9B3CAAD3E = {isa = PBXFileReference; lastKnownFileType = sourcecode.cpp.cpp; name = BCMParameter.cpp; path = ../../../../ScopeSync/Core/BCMParameter.cpp; sourceTree = "SOURCE_ROOT"; };
		4C292D961B89B51DB06BD67A = {isa = PBXFileReference; lastKnownFileType = file; name = "juce_gui_basics"; path = "../../../JuceLibraryCode/modules/juce_gui_basics"; sourceTree = "SOURCE_ROOT"; };
		4C94C05A02B219F96F2836B1 = {isa = PBXFileReference; lastKnownFileType = image.png; name = "config_manager_button_over.png"; path = "../../../../ScopeSync/Resources/image/config_manager_button_over.png"; sourceTree = "SOURCE_ROOT"; };
		4CC0728292DB1D300C377E82 = {isa = PBXFileReference; lastKnownFileType = file.lookandfeels; name = system.lookandfeels; path = ../../../../ScopeSync/Resources/xml/system.lookandfeels; sourceTree = "SOURCE_ROOT"; };
		4D899F8AFAEEB5C4AEB61F2E = {isa = PBXFileReference; lastKnownFileType = sourcecode.c.h; name = ConfigurationManager.h; path = ../../../../ScopeSync/Configuration/ConfigurationManager.h; sourceTree = "SOURCE_ROOT"; };
		4E43B1B96541CBCA635489E3 = {isa = PBXFileReference; lastKnownFileType = sourcecode.cpp.cpp; name = ConfigurationPanel.cpp; path = ../../../../ScopeSync/Configuration/ConfigurationPanel.cpp; sourceTree = "SOURCE_ROOT"; };
		4E5878516BE1AF2D39FEBAD6 = {isa = PBXFileReference; lastKnownFileType = wrapper.framework; name = QuartzCore.framework; path = System/Library/Frameworks/QuartzCore.framework; sourceTree = SDKROOT; };
		51EA19BE3AFABD4DBB6BD72E = {isa = PBXFileReference; explicitFileType = wrapper.cfbundle; includeInIndex = 0; path = "ScopeSyncAUFX-Debug_1_0_3.vst"; sourceTree = "BUILT_PRODUCTS_DIR"; };
		535CE88E88749DD9EF6ECFFB = {isa = PBXFileReference; lastKnownFileType = image.png; name = "SaveAs_button_off.png"; path = "../../../../ScopeSync/Resources/image/SaveAs_button_off.png"; sourceTree = "SOURCE_ROOT"; };
		547DAC8E497CDA7C36C21FF9 = {isa = PBXFileReference; lastKnownFileType = image.png; name = "Redo_button_off.png"; path = "../../../../ScopeSync/Resources/image/Redo_button_off.png"; sourceTree = "SOURCE_ROOT"; };
		54D7CBBAC5837BA998807815 = {isa = PBXFileReference; lastKnownFileType = sourcecode.c.h; name = ScopeSync.h; path = ../../../../ScopeSync/Core/ScopeSync.h; sourceTree = "SOURCE_ROOT"; };
		55906A25E2B065A4E16FE5F8 = {isa = PBXFileReference; lastKnownFileType = image.png; name = "Copy_button_off.png"; path = "../../../../ScopeSync/Resources/image/Copy_button_off.png"; sourceTree = "SOURCE_ROOT"; };
		5886244909267B2989E7C7ED = {isa = PBXFileReference; lastKnownFileType = wrapper.framework; name = CoreAudio.framework; path = System/Library/Frameworks/CoreAudio.framework; sourceTree = SDKROOT; };
		591C57EFE4501A64415EC779 = {isa = PBXFileReference; lastKnownFileType = sourcecode.c.h; name = PresetFileChooser.h; path = ../../../../ScopeSync/Windows/PresetFileChooser.h; sourceTree = "SOURCE_ROOT"; };
		5982DD72981551D03441436C = {isa = PBXFileReference; lastKnownFileType = image.png; name = "reload_button_over.png"; path = "../../../../ScopeSync/Resources/image/reload_button_over.png"; sourceTree = "SOURCE_ROOT"; };
		5A887BB834EC0F423FB92016 = {isa = PBXFileReference; lastKnownFileType = sourcecode.cpp.cpp; name = TabProperties.cpp; path = ../../../../ScopeSync/Properties/TabProperties.cpp; sourceTree = "SOURCE_ROOT"; };
		5D167B37172EE70E19FD6438 = {isa = PBXFileReference; lastKnownFileType = image.png; name = "Save_button_off.png"; path = "../../../../ScopeSync/Resources/image/Save_button_off.png"; sourceTree = "SOURCE_ROOT"; };
		5D5D6444CE2A984461DD5CBA = {isa = PBXFileReference; lastKnownFileType = sourcecode.cpp.cpp; name = LabelProperties.cpp; path = ../../../../ScopeSync/Properties/LabelProperties.cpp; sourceTree = "SOURCE_ROOT"; };
		5E599FD8812C42E92CC91564 = {isa = PBXFileReference; lastKnownFileType = sourcecode.cpp.cpp; name = BCMLookAndFeel.cpp; path = ../../../../ScopeSync/Components/BCMLookAndFeel.cpp; sourceTree = "SOURCE_ROOT"; };
		5EDD32CA71470666B0730FA5 = {isa = PBXFileReference; lastKnownFileType = sourcecode.cpp.cpp; name = ComboBoxProperties.cpp; path = ../../../../ScopeSync/Properties/ComboBoxProperties.cpp; sourceTree = "SOURCE_ROOT"; };
		5F631CACB5F309F56C563B5B = {isa = PBXFileReference; lastKnownFileType = image.png; name = "settings_button_off.png"; path = "../../../../ScopeSync/Resources/image/settings_button_off.png"; sourceTree = "SOURCE_ROOT"; };
		61486AB3F701EFE245CF6D1D = {isa = PBXFileReference; lastKnownFileType = image.png; name = "Paste_button_over.png"; path = "../../../../ScopeSync/Resources/image/Paste_button_over.png"; sourceTree = "SOURCE_ROOT"; };
		61787917A72538DC84219B6C = {isa = PBXFileReference; lastKnownFileType = image.png; name = "Snapshot_button_on.png"; path = "../../../../ScopeSync/Resources/image/Snapshot_button_on.png"; sourceTree = "SOURCE_ROOT"; };
		631374364B8414CEC1935F7B = {isa = PBXFileReference; lastKnownFileType = sourcecode.cpp.cpp; name = Clipboard.cpp; path = ../../../../ScopeSync/Core/Clipboard.cpp; sourceTree = "SOURCE_ROOT"; };
		65B46ECF2BD9667C1697D334 = {isa = PBXFileReference; lastKnownFileType = sourcecode.cpp.objcpp; name = "include_juce_data_structures.mm"; path = "../../../JuceLibraryCode/include_juce_data_structures.mm"; sourceTree = "SOURCE_ROOT"; };
		65E0A459F3A1196F0A28FB1D = {isa = PBXFileReference; lastKnownFileType = sourcecode.c.h; name = ImageLoader.h; path = ../../../../ScopeSync/Resources/ImageLoader.h; sourceTree = "SOURCE_ROOT"; };
		674FE16CB726B440009218AC = {isa = PBXFileReference; lastKnownFileType = file; name = "juce_audio_plugin_client"; path = "../../../JuceLibraryCode/modules/juce_audio_plugin_client"; sourceTree = "SOURCE_ROOT"; };
		69136E62B5E6AA23A4B7B2C2 = {isa = PBXFileReference; lastKnownFileType = image.png; name = "Paste_button_on.png"; path = "../../../../ScopeSync/Resources/image/Paste_button_on.png"; sourceTree = "SOURCE_ROOT"; };
		69AB7B68083F8B97EB25A3E8 = {isa = PBXFileReference; lastKnownFileType = sourcecode.cpp.cpp; name = ScopeOSCParameter.cpp; path = ../../../../ScopeSync/Core/ScopeOSCParameter.cpp; sourceTree = "SOURCE_ROOT"; };
		6AC67648C7CDF92DFD6E1D96 = {isa = PBXFileReference; lastKnownFileType = image.png; name = "FXbypass_button_over.png"; path = "../../../../ScopeSync/Resources/image/FXbypass_button_over.png"; sourceTree = "SOURCE_ROOT"; };
		6B689763B343C0E7F443EC95 = {isa = PBXFileReference; lastKnownFileType = file; name = "juce_gui_extra"; path = "../../../JuceLibraryCode/modules/juce_gui_extra"; sourceTree = "SOURCE_ROOT"; };
		6BAF607D6B02D1536A255365 = {isa = PBXFileReference; lastKnownFileType = image.png; name = "remove_button_off.png"; path = "../../../../ScopeSync/Resources/image/remove_button_off.png"; sourceTree = "SOURCE_ROOT"; };
		6BBDA111705C03D81263B044 = {isa = PBXFileReference; lastKnownFileType = sourcecode.cpp.cpp; name = BCMMisc.cpp; path = ../../../../ScopeSync/Utils/BCMMisc.cpp; sourceTree = "SOURCE_ROOT"; };
		6BF8CAC1BD50768F07EDA96C = {isa = PBXFileReference; lastKnownFileType = wrapper.framework; name = WebKit.framework; path = System/Library/Frameworks/WebKit.framework; sourceTree = SDKROOT; };
		6F39CE7F69852275F4EF152A = {isa = PBXFileReference; lastKnownFileType = image.png; name = "reload_button_on.png"; path = "../../../../ScopeSync/Resources/image/reload_button_on.png"; sourceTree = "SOURCE_ROOT"; };
		706424EA28289C83C126EEA9 = {isa = PBXFileReference; lastKnownFileType = image.png; name = "Patch_Window_button_off.png"; path = "../../../../ScopeSync/Resources/image/Patch_Window_button_off.png"; sourceTree = "SOURCE_ROOT"; };
		70743E2B3C323AF12E11A41C = {isa = PBXFileReference; lastKnownFileType = sourcecode.cpp.cpp; name = BCMWidget.cpp; path = ../../../../ScopeSync/Components/BCMWidget.cpp; sourceTree = "SOURCE_ROOT"; };
		7175CA4027E40111CCF5C0FF = {isa = PBXFileReference; lastKnownFileType = image.png; name = "load_config_button_over.png"; path = "../../../../ScopeSync/Resources/image/load_config_button_over.png"; sourceTree = "SOURCE_ROOT"; };
		73825B5105C44855A3704367 = {isa = PBXFileReference; lastKnownFileType = image.png; name = "Save_button_on.png"; path = "../../../../ScopeSync/Resources/image/Save_button_on.png"; sourceTree = "SOURCE_ROOT"; };
		74A154928D2C3EA44D350BA1 = {isa = PBXFileReference; lastKnownFileType = sourcecode.cpp.cpp; name = ScopeSyncApplication.cpp; path = ../../../../ScopeSync/Core/ScopeSyncApplication.cpp; sourceTree = "SOURCE_ROOT"; };
		74B7E91F0775D35792AAEB30 = {isa = PBXFileReference; lastKnownFileType = image.png; name = "Redo_button_on.png"; path = "../../../../ScopeSync/Resources/image/Redo_button_on.png"; sourceTree = "SOURCE_ROOT"; };
		769CAA427FC08DCDA0E32DD4 = {isa = PBXFileReference; lastKnownFileType = sourcecode.cpp.objcpp; name = "include_juce_audio_plugin_client_AU_1.mm"; path = "../../../JuceLibraryCode/include_juce_audio_plugin_client_AU_1.mm"; sourceTree = "SOURCE_ROOT"; };
		7A756F8164651F2A719C17F9 = {isa = PBXFileReference; lastKnownFileType = image.png; name = "confirm_button_over.png"; path = "../../../../ScopeSync/Resources/image/confirm_button_over.png"; sourceTree = "SOURCE_ROOT"; };
		7BF699104EE1A150EA9E79A3 = {isa = PBXFileReference; lastKnownFileType = sourcecode.c.h; name = ComboBoxProperties.h; path = ../../../../ScopeSync/Properties/ComboBoxProperties.h; sourceTree = "SOURCE_ROOT"; };
		7C180E122391249A763E554A = {isa = PBXFileReference; lastKnownFileType = wrapper.framework; name = Cocoa.framework; path = System/Library/Frameworks/Cocoa.framework; sourceTree = SDKROOT; };
		7C1FE2308FC50F28A0B3C7CD = {isa = PBXFileReference; lastKnownFileType = sourcecode.c.h; name = PresetFile.h; path = ../../../../ScopeSync/Presets/PresetFile.h; sourceTree = "SOURCE_ROOT"; };
		7E0ED22A947788BCE8DEAB4F = {isa = PBXFileReference; lastKnownFileType = image.png; name = "help_button_off.png"; path = "../../../../ScopeSync/Resources/image/help_button_off.png"; sourceTree = "SOURCE_ROOT"; };
		7E4EF537D11DD90A0064D393 = {isa = PBXFileReference; lastKnownFileType = image.png; name = "remove_button_on.png"; path = "../../../../ScopeSync/Resources/image/remove_button_on.png"; sourceTree = "SOURCE_ROOT"; };
		7E61868EAB2A7A0247DC5D80 = {isa = PBXFileReference; lastKnownFileType = sourcecode.cpp.cpp; name = ScopeSyncGUI.cpp; path = ../../../../ScopeSync/Core/ScopeSyncGUI.cpp; sourceTree = "SOURCE_ROOT"; };
		7FB585F73D8BC15AEDE856A0 = {isa = PBXFileReference; lastKnownFileType = sourcecode.cpp.cpp; name = PresetFile.cpp; path = ../../../../ScopeSync/Presets/PresetFile.cpp; sourceTree = "SOURCE_ROOT"; };
		7FDA454BD12E490D3E01486F = {isa = PBXFileReference; lastKnownFileType = sourcecode.cpp.cpp; name = BCMLabel.cpp; path = ../../../../ScopeSync/Components/BCMLabel.cpp; sourceTree = "SOURCE_ROOT"; };
		80E83C8BC8C0229427D8CC0A = {isa = PBXFileReference; lastKnownFileType = image.png; name = divider.png; path = ../../../../ScopeSync/Resources/image/divider.png; sourceTree = "SOURCE_ROOT"; };
		81E41A036DC185409CED5B80 = {isa = PBXFileReference; lastKnownFileType = image.png; name = "Snapshot_button_off.png"; path = "../../../../ScopeSync/Resources/image/Snapshot_button_off.png"; sourceTree = "SOURCE_ROOT"; };
		821536F4D6017BAE0C7623F2 = {isa = PBXFileReference; lastKnownFileType = sourcecode.cpp.cpp; name = ImageLoader.cpp; path = ../../../../ScopeSync/Resources/ImageLoader.cpp; sourceTree = "SOURCE_ROOT"; };
		82A26D54D28E6A40A624D067 = {isa = PBXFileReference; lastKnownFileType = text.plist.xml; name = ScopeSyncEffectPlugin.entitlements; path = ScopeSyncEffectPlugin.entitlements; sourceTree = "SOURCE_ROOT"; };
		84144C764839262A0D775B39 = {isa = PBXFileReference; lastKnownFileType = sourcecode.cpp.cpp; name = "include_juce_audio_plugin_client_VST3.cpp"; path = "../../../JuceLibraryCode/include_juce_audio_plugin_client_VST3.cpp"; sourceTree = "SOURCE_ROOT"; };
		841C12BFCA5531A9B43020F0 = {isa = PBXFileReference; lastKnownFileType = sourcecode.c.h; name = ComponentProperties.h; path = ../../../../ScopeSync/Properties/ComponentProperties.h; sourceTree = "SOURCE_ROOT"; };
		857261A9DEB15A1FFA4EBD13 = {isa = PBXFileReference; lastKnownFileType = sourcecode.cpp.cpp; name = SliderProperties.cpp; path = ../../../../ScopeSync/Properties/SliderProperties.cpp; sourceTree = "SOURCE_ROOT"; };
		870CF29151F02B4C98FF3548 = {isa = PBXFileReference; lastKnownFileType = image.png; name = "FXbypass_button_off.png"; path = "../../../../ScopeSync/Resources/image/FXbypass_button_off.png"; sourceTree = "SOURCE_ROOT"; };
		872926744C37FBECD87FADAE = {isa = PBXFileReference; lastKnownFileType = image.png; name = "load_config_button_off.png"; path = "../../../../ScopeSync/Resources/image/load_config_button_off.png"; sourceTree = "SOURCE_ROOT"; };
		87CE0317E43DF90EBC69EB13 = {isa = PBXFileReference; lastKnownFileType = sourcecode.c.h; name = BCMComboBox.h; path = ../../../../ScopeSync/Components/BCMComboBox.h; sourceTree = "SOURCE_ROOT"; };
		886578B56B56706B393199CA = {isa = PBXFileReference; lastKnownFileType = image.png; name = "Perf_Mode_button_on.png"; path = "../../../../ScopeSync/Resources/image/Perf_Mode_button_on.png"; sourceTree = "SOURCE_ROOT"; };
		8B095A47574E626D4A0D1DE8 = {isa = PBXFileReference; lastKnownFileType = sourcecode.c.h; name = ScopeOSCParameter.h; path = ../../../../ScopeSync/Core/ScopeOSCParameter.h; sourceTree = "SOURCE_ROOT"; };
		8B0AD167C4D5B07A474D671F = {isa = PBXFileReference; lastKnownFileType = image.png; name = "FXmono_button_off.png"; path = "../../../../ScopeSync/Resources/image/FXmono_button_off.png"; sourceTree = "SOURCE_ROOT"; };
		8C8D36122A45614B5214D4FD = {isa = PBXFileReference; lastKnownFileType = image.png; name = "load_config_button_on.png"; path = "../../../../ScopeSync/Resources/image/load_config_button_on.png"; sourceTree = "SOURCE_ROOT"; };
		8D068D0F40FC1695B429B0D9 = {isa = PBXFileReference; lastKnownFileType = image.png; name = "FXmono_button_on.png"; path = "../../../../ScopeSync/Resources/image/FXmono_button_on.png"; sourceTree = "SOURCE_ROOT"; };
		8F740DC1A758686D30E38E62 = {isa = PBXFileReference; lastKnownFileType = sourcecode.c.h; name = SettingsTable.h; path = ../../../../ScopeSync/Configuration/SettingsTable.h; sourceTree = "SOURCE_ROOT"; };
		8FB256564E2BCF215EE2F3B5 = {isa = PBXFileReference; lastKnownFileType = sourcecode.cpp.cpp; name = UserSettings.cpp; path = ../../../../ScopeSync/Windows/UserSettings.cpp; sourceTree = "SOURCE_ROOT"; };
		92C0407066DAC54C4B8BE576 = {isa = PBXFileReference; lastKnownFileType = image.png; name = "Presets_button_on.png"; path = "../../../../ScopeSync/Resources/image/Presets_button_on.png"; sourceTree = "SOURCE_ROOT"; };
		9320943F4DAFE552D236D77E = {isa = PBXFileReference; lastKnownFileType = sourcecode.cpp.cpp; name = BCMComboBox.cpp; path = ../../../../ScopeSync/Components/BCMComboBox.cpp; sourceTree = "SOURCE_ROOT"; };
		939E9FF6C63BE3E60974EC29 = {isa = PBXFileReference; lastKnownFileType = sourcecode.c.h; name = Clipboard.h; path = ../../../../ScopeSync/Core/Clipboard.h; sourceTree = "SOURCE_ROOT"; };
		93AA4E746DDDCAF4E0040616 = {isa = PBXFileReference; lastKnownFileType = sourcecode.cpp.cpp; name = PresetFileChooser.cpp; path = ../../../../ScopeSync/Windows/PresetFileChooser.cpp; sourceTree = "SOURCE_ROOT"; };
		948ABE164652C66CF5B2A51B = {isa = PBXFileReference; lastKnownFileType = text.plist.xml; name = "Info-AU.plist"; path = "Info-AU.plist"; sourceTree = "SOURCE_ROOT"; };
		981D09D4F91AF074D3C511BD = {isa = PBXFileReference; lastKnownFileType = sourcecode.cpp.objcpp; name = "include_juce_audio_processors.mm"; path = "../../../JuceLibraryCode/include_juce_audio_processors.mm"; sourceTree = "SOURCE_ROOT"; };
		9841D21E2AC41F2F4CAA775B = {isa = PBXFileReference; lastKnownFileType = sourcecode.c.h; name = BCMXml.h; path = ../../../../ScopeSync/Utils/BCMXml.h; sourceTree = "SOURCE_ROOT"; };
		986F1E5E11A6230FE3B608BB = {isa = PBXFileReference; lastKnownFileType = file.layout; name = standardHeaderContent.layout; path = ../../../../ScopeSync/Resources/xml/standardHeaderContent.layout; sourceTree = "SOURCE_ROOT"; };
		9A591DFA675B7B30DFB9A15D = {isa = PBXFileReference; lastKnownFileType = image.png; name = "Presets_button_off.png"; path = "../../../../ScopeSync/Resources/image/Presets_button_off.png"; sourceTree = "SOURCE_ROOT"; };
		9B1CC6CA0F2A74A4B4B500CF = {isa = PBXFileReference; lastKnownFileType = sourcecode.cpp.cpp; name = BCMImage.cpp; path = ../../../../ScopeSync/Components/BCMImage.cpp; sourceTree = "SOURCE_ROOT"; };
		9B5E4EC1B8129F7E5A3CA32C = {isa = PBXFileReference; lastKnownFileType = text.plist.xml; name = "Info-VST3.plist"; path = "Info-VST3.plist"; sourceTree = "SOURCE_ROOT"; };
		9C0D5B21DD839849F778F97E = {isa = PBXFileReference; lastKnownFileType = text.plist.xml; name = "Info-VST.plist"; path = "Info-VST.plist"; sourceTree = "SOURCE_ROOT"; };
		9D64FC2A2AC15FC2A14C974B = {isa = PBXFileReference; lastKnownFileType = image.png; name = "remove_button_over.png"; path = "../../../../ScopeSync/Resources/image/remove_button_over.png"; sourceTree = "SOURCE_ROOT"; };
		9D6A07CAD2AC307CA5FCA8B1 = {isa = PBXFileReference; lastKnownFileType = sourcecode.cpp.objcpp; name = "include_juce_audio_plugin_client_VST_utils.mm"; path = "../../../JuceLibraryCode/include_juce_audio_plugin_client_VST_utils.mm"; sourceTree = "SOURCE_ROOT"; };
		9E2E48AEA1AE3116F6512461 = {isa = PBXFileReference; lastKnownFileType = file; name = "juce_core"; path = "../../../JuceLibraryCode/modules/juce_core"; sourceTree = "SOURCE_ROOT"; };
		9E5AD9160A16B6753D65AE08 = {isa = PBXFileReference; lastKnownFileType = sourcecode.c.h; name = ConfigurationPanel.h; path = ../../../../ScopeSync/Configuration/ConfigurationPanel.h; sourceTree = "SOURCE_ROOT"; };
		9F3CFD6F04C22E2E01374731 = {isa = PBXFileReference; lastKnownFileType = file; name = "juce_audio_basics"; path = "../../../JuceLibraryCode/modules/juce_audio_basics"; sourceTree = "SOURCE_ROOT"; };
		9FBE9FB37469BB092A875B7B = {isa = PBXFileReference; lastKnownFileType = image.png; name = "Paste_button_off.png"; path = "../../../../ScopeSync/Resources/image/Paste_button_off.png"; sourceTree = "SOURCE_ROOT"; };
		A14A7784F8CE684D40AC7105 = {isa = PBXFileReference; lastKnownFileType = image.png; name = "settings_button_over.png"; path = "../../../../ScopeSync/Resources/image/settings_button_over.png"; sourceTree = "SOURCE_ROOT"; };
		A36B9AD06C6C2F89A9B182CC = {isa = PBXFileReference; lastKnownFileType = image.png; name = "NewConfig_button_off.png"; path = "../../../../ScopeSync/Resources/image/NewConfig_button_off.png"; sourceTree = "SOURCE_ROOT"; };
		A3C3FA95C517F99CCB35AA04 = {isa = PBXFileReference; lastKnownFileType = image.png; name = "toolbar_button_off.png"; path = "../../../../ScopeSync/Resources/image/toolbar_button_off.png"; sourceTree = "SOURCE_ROOT"; };
		A50627911A47BFF4AB6C2649 = {isa = PBXFileReference; lastKnownFileType = file; name = "juce_audio_processors"; path = "../../../JuceLibraryCode/modules/juce_audio_processors"; sourceTree = "SOURCE_ROOT"; };
		A57D792C3F40BC4BFBE361B1 = {isa = PBXFileReference; lastKnownFileType = sourcecode.c.h; name = PresetManager.h; path = ../../../../ScopeSync/Presets/PresetManager.h; sourceTree = "SOURCE_ROOT"; };
		A5B4CBE4B6AEAA528A2BBF44 = {isa = PBXFileReference; lastKnownFileType = image.png; name = "config_manager_button_on.png"; path = "../../../../ScopeSync/Resources/image/config_manager_button_on.png"; sourceTree = "SOURCE_ROOT"; };
		A834F9D67D2BC4EE94935A35 = {isa = PBXFileReference; lastKnownFileType = sourcecode.c.h; name = BCMParameter.h; path = ../../../../ScopeSync/Core/BCMParameter.h; sourceTree = "SOURCE_ROOT"; };
		A8855B46AD4746FBC640F0A8 = {isa = PBXFileReference; lastKnownFileType = file.ttf; name = "Montserrat-Regular.ttf"; path = "../../../../ScopeSync/Resources/font/Montserrat-Regular.ttf"; sourceTree = "SOURCE_ROOT"; };
		A893704FF2731DC209177D35 = {isa = PBXFileReference; lastKnownFileType = file.nib; name = RecentFilesMenuTemplate.nib; path = RecentFilesMenuTemplate.nib; sourceTree = "SOURCE_ROOT"; };
		A90F1D51E251EB751F8E2A87 = {isa = PBXFileReference; lastKnownFileType = sourcecode.c.h; name = BCMLabel.h; path = ../../../../ScopeSync/Components/BCMLabel.h; sourceTree = "SOURCE_ROOT"; };
		AA22B0BCF632646BB91AA8D1 = {isa = PBXFileReference; lastKnownFileType = sourcecode.c.h; name = ConfigurationChooser.h; path = ../../../../ScopeSync/Windows/ConfigurationChooser.h; sourceTree = "SOURCE_ROOT"; };
		ABC9ACB2CBC275B72B1C7151 = {isa = PBXFileReference; lastKnownFileType = image.png; name = "toolbar_button_over.png"; path = "../../../../ScopeSync/Resources/image/toolbar_button_over.png"; sourceTree = "SOURCE_ROOT"; };
		AC919806D835EFCC1AF9910D = {isa = PBXFileReference; lastKnownFileType = sourcecode.c.h; name = BCMTabbedComponent.h; path = ../../../../ScopeSync/Components/BCMTabbedComponent.h; sourceTree = "SOURCE_ROOT"; };
		AC9CA32E9A92D96AC62EEE63 = {isa = PBXFileReference; lastKnownFileType = sourcecode.c.h; name = BCMComponent.h; path = ../../../../ScopeSync/Components/BCMComponent.h; sourceTree = "SOURCE_ROOT"; };
		ACC6E7308B0A4BE3E8754A02 = {isa = PBXFileReference; lastKnownFileType = sourcecode.c.h; name = LayoutChooser.h; path = ../../../../ScopeSync/Windows/LayoutChooser.h; sourceTree = "SOURCE_ROOT"; };
		ADEC65FF4F1BE3C828A3E420 = {isa = PBXFileReference; lastKnownFileType = file.ttf; name = "erbos_draco_1st_nbp.ttf"; path = "../../../../ScopeSync/Resources/font/erbos_draco_1st_nbp.ttf"; sourceTree = "SOURCE_ROOT"; };
		AEEAC4791A47FBCEA96E2D31 = {isa = PBXFileReference; lastKnownFileType = sourcecode.c.h; name = WidgetProperties.h; path = ../../../../ScopeSync/Properties/WidgetProperties.h; sourceTree = "SOURCE_ROOT"; };
		AFC46DBD5B13FB25B31806B2 = {isa = PBXFileReference; lastKnownFileType = sourcecode.c.h; name = PropertiesHelper.h; path = ../../../../ScopeSync/Properties/PropertiesHelper.h; sourceTree = "SOURCE_ROOT"; };
		B0965F5BEF22282184D878F3 = {isa = PBXFileReference; lastKnownFileType = sourcecode.c.h; name = TextButtonProperties.h; path = ../../../../ScopeSync/Properties/TextButtonProperties.h; sourceTree = "SOURCE_ROOT"; };
		B10A213DE8987F306DF904B1 = {isa = PBXFileReference; lastKnownFileType = image.png; name = "SaveAs_button_on.png"; path = "../../../../ScopeSync/Resources/image/SaveAs_button_on.png"; sourceTree = "SOURCE_ROOT"; };
		B2DC3CAB4CFA0DF876B24237 = {isa = PBXFileReference; lastKnownFileType = image.png; name = "Undo_button_off.png"; path = "../../../../ScopeSync/Resources/image/Undo_button_off.png"; sourceTree = "SOURCE_ROOT"; };
		B3520C91A95150BC174A6671 = {isa = PBXFileReference; lastKnownFileType = wrapper.framework; name = AudioUnit.framework; path = System/Library/Frameworks/AudioUnit.framework; sourceTree = SDKROOT; };
		B37138A62D12A87F292C6552 = {isa = PBXFileReference; lastKnownFileType = sourcecode.cpp.cpp; name = Icons.cpp; path = ../../../../ScopeSync/Resources/Icons.cpp; sourceTree = "SOURCE_ROOT"; };
		B495FFD28C172A9642CF038A = {isa = PBXFileReference; lastKnownFileType = sourcecode.cpp.cpp; name = FileLocationEditor.cpp; path = ../../../../ScopeSync/Windows/FileLocationEditor.cpp; sourceTree = "SOURCE_ROOT"; };
		B99AB6B1C80816E4FDD8D0EA = {isa = PBXFileReference; lastKnownFileType = sourcecode.c.h; name = ConfigurationTreeItem.h; path = ../../../../ScopeSync/Configuration/ConfigurationTreeItem.h; sourceTree = "SOURCE_ROOT"; };
		BAAEDC61E534CAE9C7AB6BCF = {isa = PBXFileReference; lastKnownFileType = wrapper.framework; name = IOKit.framework; path = System/Library/Frameworks/IOKit.framework; sourceTree = SDKROOT; };
		BAD82E86CA889722EC260457 = {isa = PBXFileReference; lastKnownFileType = sourcecode.cpp.cpp; name = SettingsTable.cpp; path = ../../../../ScopeSync/Configuration/SettingsTable.cpp; sourceTree = "SOURCE_ROOT"; };
		BB41396B0E32B4C08A7AEC62 = {isa = PBXFileReference; lastKnownFileType = sourcecode.cpp.cpp; name = "include_juce_audio_plugin_client_VST2.cpp"; path = "../../../JuceLibraryCode/include_juce_audio_plugin_client_VST2.cpp"; sourceTree = "SOURCE_ROOT"; };
		BD1D73B58310F20DFB6AC909 = {isa = PBXFileReference; lastKnownFileType = image.png; name = "Redo_button_over.png"; path = "../../../../ScopeSync/Resources/image/Redo_button_over.png"; sourceTree = "SOURCE_ROOT"; };
		BF6D0480168B8D810D8430EE = {isa = PBXFileReference; lastKnownFileType = sourcecode.c.h; name = ScopeSyncApplication.h; path = ../../../../ScopeSync/Core/ScopeSyncApplication.h; sourceTree = "SOURCE_ROOT"; };
		C0134416B96A8F23D0540C82 = {isa = PBXFileReference; lastKnownFileType = image.png; name = "Perf_Mode_button_over.png"; path = "../../../../ScopeSync/Resources/image/Perf_Mode_button_over.png"; sourceTree = "SOURCE_ROOT"; };
		C441CDC65F090A13E6E59F80 = {isa = PBXFileReference; lastKnownFileType = wrapper.framework; name = CoreMIDI.framework; path = System/Library/Frameworks/CoreMIDI.framework; sourceTree = SDKROOT; };
		C4AB77675FD4FA4D2AF01571 = {isa = PBXFileReference; explicitFileType = wrapper.cfbundle; includeInIndex = 0; path = "ScopeSyncAUFX-Debug_1_0_3.vst3"; sourceTree = "BUILT_PRODUCTS_DIR"; };
		4C991533AE649DC6A6124881 = {isa = PBXFileReference; explicitFileType = wrapper.cfbundle; includeInIndex = 0; path = "ScopeSyncAUFX-Debug_1_0_3.component"; sourceTree = "BUILT_PRODUCTS_DIR"; };
		C2A8CC5FDD065C820A2BF923 = {isa = PBXFileReference; lastKnownFileType = image.png; name = "confirm_button_off.png"; path = "../../../../ScopeSync/Resources/image/confirm_button_off.png"; sourceTree = "SOURCE_ROOT"; };
		C2CE116F86F526ED2D45BDE3 = {isa = PBXFileReference; lastKnownFileType = image.png; name = "config_manager_button_off.png"; path = "../../../../ScopeSync/Resources/image/config_manager_button_off.png"; sourceTree = "SOURCE_ROOT"; };
		C483C0D600AE2C347456F84F = {isa = PBXFileReference; lastKnownFileType = sourcecode.c.h; name = Global.h; path = ../../../../ScopeSync/Core/Global.h; sourceTree = "SOURCE_ROOT"; };
		C4FF57592EB1216D6F707256 = {isa = PBXFileReference; lastKnownFileType = image.png; name = "confirm_button_on.png"; path = "../../../../ScopeSync/Resources/image/confirm_button_on.png"; sourceTree = "SOURCE_ROOT"; };
		C53432FDFA0FE6BB87736357 = {isa = PBXFileReference; lastKnownFileType = sourcecode.c.h; name = SliderProperties.h; path = ../../../../ScopeSync/Properties/SliderProperties.h; sourceTree = "SOURCE_ROOT"; };
		C580577F998B72891F353C28 = {isa = PBXFileReference; lastKnownFileType = sourcecode.c.h; name = BCMWidget.h; path = ../../../../ScopeSync/Components/BCMWidget.h; sourceTree = "SOURCE_ROOT"; };
		C5BDEEC9184988834511C499 = {isa = PBXFileReference; lastKnownFileType = sourcecode.c.h; name = PresetChooser.h; path = ../../../../ScopeSync/Windows/PresetChooser.h; sourceTree = "SOURCE_ROOT"; };
		CAE2125A74B94395699BB26F = {isa = PBXFileReference; lastKnownFileType = image.png; name = "toolbar_button_on.png"; path = "../../../../ScopeSync/Resources/image/toolbar_button_on.png"; sourceTree = "SOURCE_ROOT"; };
		CC4E92FCA182ACEEBE855FD6 = {isa = PBXFileReference; lastKnownFileType = sourcecode.cpp.cpp; name = ComponentProperties.cpp; path = ../../../../ScopeSync/Properties/ComponentProperties.cpp; sourceTree = "SOURCE_ROOT"; };
		CCB96073A0641EBFB94006F0 = {isa = PBXFileReference; lastKnownFileType = wrapper.framework; name = Carbon.framework; path = System/Library/Frameworks/Carbon.framework; sourceTree = SDKROOT; };
		CCC797DB9D252921EB9D2208 = {isa = PBXFileReference; lastKnownFileType = image.png; name = "reload_button_off.png"; path = "../../../../ScopeSync/Resources/image/reload_button_off.png"; sourceTree = "SOURCE_ROOT"; };
		CF328C5441B55C1B21363CDC = {isa = PBXFileReference; lastKnownFileType = sourcecode.c.h; name = BCMImage.h; path = ../../../../ScopeSync/Components/BCMImage.h; sourceTree = "SOURCE_ROOT"; };
		CF5711ECBD31DA0D9120C037 = {isa = PBXFileReference; lastKnownFileType = sourcecode.c.h; name = BCMLookAndFeel.h; path = ../../../../ScopeSync/Components/BCMLookAndFeel.h; sourceTree = "SOURCE_ROOT"; };
		D072E82A5F9E5266A41D5808 = {isa = PBXFileReference; lastKnownFileType = sourcecode.cpp.objcpp; name = "include_juce_events.mm"; path = "../../../JuceLibraryCode/include_juce_events.mm"; sourceTree = "SOURCE_ROOT"; };
		D15A81D95E80592EC6C270FE = {isa = PBXFileReference; lastKnownFileType = sourcecode.cpp.cpp; name = BCMComponent.cpp; path = ../../../../ScopeSync/Components/BCMComponent.cpp; sourceTree = "SOURCE_ROOT"; };
		D35D8C51E02D246A927FC724 = {isa = PBXFileReference; lastKnownFileType = image.png; name = "Save_button_over.png"; path = "../../../../ScopeSync/Resources/image/Save_button_over.png"; sourceTree = "SOURCE_ROOT"; };
		D439F615EE04E7B67EEFAD09 = {isa = PBXFileReference; lastKnownFileType = image.png; name = "ScopeSync_Logo.png"; path = "../../../../ScopeSync/Resources/image/ScopeSync_Logo.png"; sourceTree = "SOURCE_ROOT"; };
		D454D68AF6A7E5FFA111DE1E = {isa = PBXFileReference; lastKnownFileType = sourcecode.c.h; name = FileLocationEditor.h; path = ../../../../ScopeSync/Windows/FileLocationEditor.h; sourceTree = "SOURCE_ROOT"; };
		D69E9A5E99E2D0C2589EA9ED = {isa = PBXFileReference; lastKnownFileType = sourcecode.c.h; name = OSCServer.h; path = ../../../../ScopeSync/Comms/OSCServer.h; sourceTree = "SOURCE_ROOT"; };
		D7233B621E8345A84505049E = {isa = PBXFileReference; lastKnownFileType = image.png; name = "Close_button_on.png"; path = "../../../../ScopeSync/Resources/image/Close_button_on.png"; sourceTree = "SOURCE_ROOT"; };
		D7475120D22371F5AD952FDE = {isa = PBXFileReference; lastKnownFileType = sourcecode.cpp.objcpp; name = "include_juce_core.mm"; path = "../../../JuceLibraryCode/include_juce_core.mm"; sourceTree = "SOURCE_ROOT"; };
		DB3536BE3C62DC3C21363C9A = {isa = PBXFileReference; lastKnownFileType = image.png; name = "Undo_button_on.png"; path = "../../../../ScopeSync/Resources/image/Undo_button_on.png"; sourceTree = "SOURCE_ROOT"; };
		DD1659D6457FA71B9878A9F3 = {isa = PBXFileReference; lastKnownFileType = image.png; name = "Close_button_off.png"; path = "../../../../ScopeSync/Resources/image/Close_button_off.png"; sourceTree = "SOURCE_ROOT"; };
		DD3A668B81682C38587CA39B = {isa = PBXFileReference; lastKnownFileType = sourcecode.cpp.cpp; name = PresetItem.cpp; path = ../../../../ScopeSync/Presets/PresetItem.cpp; sourceTree = "SOURCE_ROOT"; };
		DFF34CA7EC11774041DCB060 = {isa = PBXFileReference; lastKnownFileType = image.png; name = "Copy_button_on.png"; path = "../../../../ScopeSync/Resources/image/Copy_button_on.png"; sourceTree = "SOURCE_ROOT"; };
		E164A95BF0C401B40ED62492 = {isa = PBXFileReference; lastKnownFileType = wrapper.framework; name = CoreAudioKit.framework; path = System/Library/Frameworks/CoreAudioKit.framework; sourceTree = SDKROOT; };
		E1BC73B01108AEDA57BEEEA5 = {isa = PBXFileReference; lastKnownFileType = file.r; name = "include_juce_audio_plugin_client_AU.r"; path = "../../../JuceLibraryCode/include_juce_audio_plugin_client_AU.r"; sourceTree = "SOURCE_ROOT"; };
		E46231AFFCE6A38640E22A28 = {isa = PBXFileReference; lastKnownFileType = image.png; name = "Patch_Window_button_over.png"; path = "../../../../ScopeSync/Resources/image/Patch_Window_button_over.png"; sourceTree = "SOURCE_ROOT"; };
		E5258E3BDDB6A36F32D070A0 = {isa = PBXFileReference; lastKnownFileType = image.png; name = "Patch_Window_button_on.png"; path = "../../../../ScopeSync/Resources/image/Patch_Window_button_on.png"; sourceTree = "SOURCE_ROOT"; };
		E681E04690F2CA0EC66D682E = {isa = PBXFileReference; explicitFileType = archive.ar; includeInIndex = 0; path = "libScopeSyncAUFX-Debug_1_0_3.a"; sourceTree = "BUILT_PRODUCTS_DIR"; };
		E80DA7BD2763E5F88907E1D9 = {isa = PBXFileReference; lastKnownFileType = image.png; name = "help_button_on.png"; path = "../../../../ScopeSync/Resources/image/help_button_on.png"; sourceTree = "SOURCE_ROOT"; };
		E8CA81FC0A69C26A4872AE6B = {isa = PBXFileReference; lastKnownFileType = sourcecode.cpp.cpp; name = BinaryData.cpp; path = ../../../JuceLibraryCode/BinaryData.cpp; sourceTree = "SOURCE_ROOT"; };
		EB431C04F8DB9A2789969D21 = {isa = PBXFileReference; lastKnownFileType = file.layout; name = loader.layout; path = ../../../../ScopeSync/Resources/xml/loader.layout; sourceTree = "SOURCE_ROOT"; };
		EBFBC18B49DA3317497BCE21 = {isa = PBXFileReference; lastKnownFileType = sourcecode.c.h; name = BCMParameterController.h; path = ../../../../ScopeSync/Core/BCMParameterController.h; sourceTree = "SOURCE_ROOT"; };
		EEB0C21532EB5771E9E1884E = {isa = PBXFileReference; lastKnownFileType = image.png; name = "NewConfig_button_on.png"; path = "../../../../ScopeSync/Resources/image/NewConfig_button_on.png"; sourceTree = "SOURCE_ROOT"; };
		F20774AD9DE888ADB3177443 = {isa = PBXFileReference; lastKnownFileType = sourcecode.c.h; name = BCMMisc.h; path = ../../../../ScopeSync/Utils/BCMMisc.h; sourceTree = "SOURCE_ROOT"; };
		F282D2490ADB877D77364F21 = {isa = PBXFileReference; lastKnownFileType = sourcecode.cpp.cpp; name = BCMParameterController.cpp; path = ../../../../ScopeSync/Core/BCMParameterController.cpp; sourceTree = "SOURCE_ROOT"; };
		F2D2DF4DB6B997392CE406B8 = {isa = PBXFileReference; lastKnownFileType = sourcecode.cpp.cpp; name = BCMTreeView.cpp; path = ../../../../ScopeSync/Utils/BCMTreeView.cpp; sourceTree = "SOURCE_ROOT"; };
		F348A9563C3B8D2952DB87DF = {isa = PBXFileReference; lastKnownFileType = sourcecode.c.h; name = BCMGraphic.h; path = ../../../../ScopeSync/Components/BCMGraphic.h; sourceTree = "SOURCE_ROOT"; };
		F4568D8D9BFDD3756B4C1623 = {isa = PBXFileReference; lastKnownFileType = file; name = "juce_data_structures"; path = "../../../JuceLibraryCode/modules/juce_data_structures"; sourceTree = "SOURCE_ROOT"; };
		F4BFF8D96E593CE88CB2A96B = {isa = PBXFileReference; lastKnownFileType = sourcecode.c.h; name = BCMSlider.h; path = ../../../../ScopeSync/Components/BCMSlider.h; sourceTree = "SOURCE_ROOT"; };
		F5744373E81BB12D12F2A36C = {isa = PBXFileReference; lastKnownFileType = sourcecode.cpp.cpp; name = ScopeIDs.cpp; path = ../../../../ScopeSync/Core/ScopeIDs.cpp; sourceTree = "SOURCE_ROOT"; };
		F5B2824013A1565FB858EB35 = {isa = PBXFileReference; lastKnownFileType = file.configuration; name = empty.configuration; path = ../../../../ScopeSync/Resources/xml/empty.configuration; sourceTree = "SOURCE_ROOT"; };
		F5EC2849111949A112883269 = {isa = PBXFileReference; lastKnownFileType = sourcecode.cpp.cpp; name = ConfigurationManager.cpp; path = ../../../../ScopeSync/Configuration/ConfigurationManager.cpp; sourceTree = "SOURCE_ROOT"; };
		F6C366EFA0B1042D3553C7E8 = {isa = PBXFileReference; lastKnownFileType = image.png; name = "toolbar_bevel.png"; path = "../../../../ScopeSync/Resources/image/toolbar_bevel.png"; sourceTree = "SOURCE_ROOT"; };
		F93B8BEC190EC8932196AB23 = {isa = PBXFileReference; lastKnownFileType = file.ttf; name = "Montserrat-Bold.ttf"; path = "../../../../ScopeSync/Resources/font/Montserrat-Bold.ttf"; sourceTree = "SOURCE_ROOT"; };
		FD458CBDACA1D68B95F7FD97 = {isa = PBXFileReference; lastKnownFileType = image.png; name = "ScopeSync_Logo_on.png"; path = "../../../../ScopeSync/Resources/image/ScopeSync_Logo_on.png"; sourceTree = "SOURCE_ROOT"; };
		FE5780DE4AAABC6458C3C89E = {isa = PBXFileReference; lastKnownFileType = sourcecode.cpp.cpp; name = BCMTabbedComponent.cpp; path = ../../../../ScopeSync/Components/BCMTabbedComponent.cpp; sourceTree = "SOURCE_ROOT"; };
		FFF75D4CAB2E90A24387A6C4 = {isa = PBXFileReference; lastKnownFileType = sourcecode.cpp.cpp; name = ScopeSync.cpp; path = ../../../../ScopeSync/Core/ScopeSync.cpp; sourceTree = "SOURCE_ROOT"; };
		21D050D202D9410C9E638456 = {isa = PBXGroup; children = (
					7FB585F73D8BC15AEDE856A0,
					7C1FE2308FC50F28A0B3C7CD,
					DD3A668B81682C38587CA39B,
					1FDA9DE2F9EEB091AC0279F8,
					04D945B9257B8075CCB02E4D,
					A57D792C3F40BC4BFBE361B1, ); name = Presets; sourceTree = "<group>"; };
		A93AC7615D0A4607EB2CCE50 = {isa = PBXGroup; children = (
					097E602E270F362FCF345987,
					AA22B0BCF632646BB91AA8D1,
					B495FFD28C172A9642CF038A,
					D454D68AF6A7E5FFA111DE1E,
					443150BF2CD708001C26EF73,
					ACC6E7308B0A4BE3E8754A02,
					0EBB296417ACB21D72E5A44D,
					C5BDEEC9184988834511C499,
					93AA4E746DDDCAF4E0040616,
					591C57EFE4501A64415EC779,
					8FB256564E2BCF215EE2F3B5,
					008E8CB2854704D9912672AA, ); name = Windows; sourceTree = "<group>"; };
		874B22AA7C20B68D35AF043D = {isa = PBXGroup; children = (
					06F26D23D38A71E5804A09CE,
					2A872EC29B36154DD55AED85,
					F5EC2849111949A112883269,
					4D899F8AFAEEB5C4AEB61F2E,
					4E43B1B96541CBCA635489E3,
					9E5AD9160A16B6753D65AE08,
					45D58F89CB582F51A1F2BE21,
					B99AB6B1C80816E4FDD8D0EA,
					BAD82E86CA889722EC260457,
					8F740DC1A758686D30E38E62, ); name = Configuration; sourceTree = "<group>"; };
		8DA5DFE0D563485965F3D646 = {isa = PBXGroup; children = (
					ADEC65FF4F1BE3C828A3E420,
					2C45D6666703B909DEAD04D8,
					F93B8BEC190EC8932196AB23,
					A8855B46AD4746FBC640F0A8, ); name = font; sourceTree = "<group>"; };
		3FEFBFAE821DF5E5851EE941 = {isa = PBXGroup; children = (
					DD1659D6457FA71B9878A9F3,
					D7233B621E8345A84505049E,
					26A3245B32A46440564FC728,
					C2CE116F86F526ED2D45BDE3,
					A5B4CBE4B6AEAA528A2BBF44,
					4C94C05A02B219F96F2836B1,
					C2A8CC5FDD065C820A2BF923,
					C4FF57592EB1216D6F707256,
					7A756F8164651F2A719C17F9,
					55906A25E2B065A4E16FE5F8,
					DFF34CA7EC11774041DCB060,
					4816EB1F9399F26C7B0160DC,
					80E83C8BC8C0229427D8CC0A,
					870CF29151F02B4C98FF3548,
					037317EE36591AEE06EA0981,
					6AC67648C7CDF92DFD6E1D96,
					8B0AD167C4D5B07A474D671F,
					8D068D0F40FC1695B429B0D9,
					3D52C4FC9BC7A56B3BAE1EF9,
					7E0ED22A947788BCE8DEAB4F,
					E80DA7BD2763E5F88907E1D9,
					41E5D1D438B83C46BAE31512,
					872926744C37FBECD87FADAE,
					8C8D36122A45614B5214D4FD,
					7175CA4027E40111CCF5C0FF,
					A36B9AD06C6C2F89A9B182CC,
					EEB0C21532EB5771E9E1884E,
					39010C0ACCE02417A44E04C1,
					9FBE9FB37469BB092A875B7B,
					69136E62B5E6AA23A4B7B2C2,
					61486AB3F701EFE245CF6D1D,
					706424EA28289C83C126EEA9,
					E5258E3BDDB6A36F32D070A0,
					E46231AFFCE6A38640E22A28,
					3D76E823208905869DEEA0CC,
					886578B56B56706B393199CA,
					C0134416B96A8F23D0540C82,
					9A591DFA675B7B30DFB9A15D,
					92C0407066DAC54C4B8BE576,
					0FE902CFE80BC7FA559E937D,
					547DAC8E497CDA7C36C21FF9,
					74B7E91F0775D35792AAEB30,
					BD1D73B58310F20DFB6AC909,
					CCC797DB9D252921EB9D2208,
					6F39CE7F69852275F4EF152A,
					5982DD72981551D03441436C,
					6BAF607D6B02D1536A255365,
					7E4EF537D11DD90A0064D393,
					9D64FC2A2AC15FC2A14C974B,
					5D167B37172EE70E19FD6438,
					73825B5105C44855A3704367,
					D35D8C51E02D246A927FC724,
					535CE88E88749DD9EF6ECFFB,
					B10A213DE8987F306DF904B1,
					17AA589215655151C6011718,
					D439F615EE04E7B67EEFAD09,
					465BB64EB92240689B8DE6A4,
					FD458CBDACA1D68B95F7FD97,
					5F631CACB5F309F56C563B5B,
					49B89ACF595824EA4641EB0B,
					A14A7784F8CE684D40AC7105,
					81E41A036DC185409CED5B80,
					61787917A72538DC84219B6C,
					0B7988D0A39180C0F93E775C,
					F6C366EFA0B1042D3553C7E8,
					A3C3FA95C517F99CCB35AA04,
					CAE2125A74B94395699BB26F,
					ABC9ACB2CBC275B72B1C7151,
					B2DC3CAB4CFA0DF876B24237,
					DB3536BE3C62DC3C21363C9A,
					02564528861C5F659ED9B95D, ); name = image; sourceTree = "<group>"; };
		CCB6534274A3577606E1827E = {isa = PBXGroup; children = (
					F5B2824013A1565FB858EB35,
					EB431C04F8DB9A2789969D21,
					47A715C08A9599A444A94D46,
					986F1E5E11A6230FE3B608BB,
					459E7E8F5266115E61CB7DA6,
					4CC0728292DB1D300C377E82, ); name = xml; sourceTree = "<group>"; };
		DB52E3D3FD0ABC5087315421 = {isa = PBXGroup; children = (
					8DA5DFE0D563485965F3D646,
					3FEFBFAE821DF5E5851EE941,
					CCB6534274A3577606E1827E,
					B37138A62D12A87F292C6552,
					19506CDF8AEF3B6F3D4A1521,
					821536F4D6017BAE0C7623F2,
					65E0A459F3A1196F0A28FB1D, ); name = Resources; sourceTree = "<group>"; };
		D4154695F46F68AF6D26EBEC = {isa = PBXGroup; children = (
					4648E21010FC63D656477A08,
					6BBDA111705C03D81263B044,
					F20774AD9DE888ADB3177443,
					F2D2DF4DB6B997392CE406B8,
					3D1BA4DB05761F3EE1C0FDD9,
					9841D21E2AC41F2F4CAA775B, ); name = Utils; sourceTree = "<group>"; };
		106979B8640366A8F4CEF090 = {isa = PBXGroup; children = (
					5EDD32CA71470666B0730FA5,
					7BF699104EE1A150EA9E79A3,
					CC4E92FCA182ACEEBE855FD6,
					841C12BFCA5531A9B43020F0,
					5D5D6444CE2A984461DD5CBA,
					4513769C51914D842AD146BF,
					AFC46DBD5B13FB25B31806B2,
					857261A9DEB15A1FFA4EBD13,
					C53432FDFA0FE6BB87736357,
					2CED3D05C137D1DF3C3FA743,
					0801E39F70AC4D2F9A67551E,
					5A887BB834EC0F423FB92016,
					36057647CECDBA4323985277,
					052EB3C6C9C6A8D3453C4804,
					B0965F5BEF22282184D878F3,
					090D9767E49CA6E538B5AD8B,
					AEEAC4791A47FBCEA96E2D31, ); name = Properties; sourceTree = "<group>"; };
		B371227CAE8940E0069B6FD2 = {isa = PBXGroup; children = (
					4C10E6A9B4BC04C9B3CAAD3E,
					A834F9D67D2BC4EE94935A35,
					F282D2490ADB877D77364F21,
					EBFBC18B49DA3317497BCE21,
					631374364B8414CEC1935F7B,
					939E9FF6C63BE3E60974EC29,
					C483C0D600AE2C347456F84F,
					F5744373E81BB12D12F2A36C,
					69AB7B68083F8B97EB25A3E8,
					8B095A47574E626D4A0D1DE8,
					FFF75D4CAB2E90A24387A6C4,
					54D7CBBAC5837BA998807815,
					74A154928D2C3EA44D350BA1,
					BF6D0480168B8D810D8430EE,
					7E61868EAB2A7A0247DC5D80,
					454D934DA70806D7C49C9601, ); name = Core; sourceTree = "<group>"; };
		9F20C3C5B3B565488E1D3DD4 = {isa = PBXGroup; children = (
					9320943F4DAFE552D236D77E,
					87CE0317E43DF90EBC69EB13,
					D15A81D95E80592EC6C270FE,
					AC9CA32E9A92D96AC62EEE63,
					2A3DC4600DF61928D7138564,
					482D583A57CCD8D92D1607E2,
					F348A9563C3B8D2952DB87DF,
					9B1CC6CA0F2A74A4B4B500CF,
					CF328C5441B55C1B21363CDC,
					7FDA454BD12E490D3E01486F,
					A90F1D51E251EB751F8E2A87,
					5E599FD8812C42E92CC91564,
					CF5711ECBD31DA0D9120C037,
					40ABFF1312871E69F077E86D,
					283947C033EED65FA63656E5,
					34904EAFE05828F78B3DF8CC,
					F4BFF8D96E593CE88CB2A96B,
					FE5780DE4AAABC6458C3C89E,
					AC919806D835EFCC1AF9910D,
					1DC71205360FC63B9D19EA8F,
					4965FDE5BB4EDB8E8E38D02D,
					70743E2B3C323AF12E11A41C,
					C580577F998B72891F353C28, ); name = Components; sourceTree = "<group>"; };
		D708B0711C10AA1E26A5B39D = {isa = PBXGroup; children = (
					2BABD2A5CC9AAF0DAA894D74,
					D69E9A5E99E2D0C2589EA9ED, ); name = Comms; sourceTree = "<group>"; };
		771507E2E518EA82F68FAD4E = {isa = PBXGroup; children = (
					35B40A83D7A1E57E56025487,
					24FBD2581DFDA4FED9258B81,
					469C4FCE23C0A5B413004BCE,
					20F910DB21E14D951CA1F76E, ); name = Plugin; sourceTree = "<group>"; };
		4AD6D221EA8881B7B78A546F = {isa = PBXGroup; children = (
					21D050D202D9410C9E638456,
					A93AC7615D0A4607EB2CCE50,
					874B22AA7C20B68D35AF043D,
					DB52E3D3FD0ABC5087315421,
					D4154695F46F68AF6D26EBEC,
					106979B8640366A8F4CEF090,
					B371227CAE8940E0069B6FD2,
					9F20C3C5B3B565488E1D3DD4,
					D708B0711C10AA1E26A5B39D,
					771507E2E518EA82F68FAD4E, ); name = ScopeSyncEffectPlugin; sourceTree = "<group>"; };
		3BE62C254A50988E7284E61D = {isa = PBXGroup; children = (
					9F3CFD6F04C22E2E01374731,
					674FE16CB726B440009218AC,
					A50627911A47BFF4AB6C2649,
					9E2E48AEA1AE3116F6512461,
					F4568D8D9BFDD3756B4C1623,
					22F4D82A939F9866736AB9AB,
					499DE531C3F81EF1A0003686,
					4C292D961B89B51DB06BD67A,
					6B689763B343C0E7F443EC95,
					1A9FCB5303CF10B29B9435AA, ); name = "JUCE Modules"; sourceTree = "<group>"; };
		C9C085A53E579DBC8BC0E7B8 = {isa = PBXGroup; children = (
					3EA4D6E1EF562ABF8758E91B,
					E8CA81FC0A69C26A4872AE6B,
					1693F543BC3B7F3E395206E3,
					33249B875352378A8898A6E4,
					E1BC73B01108AEDA57BEEEA5,
					769CAA427FC08DCDA0E32DD4,
					328EAFBDF031E334D2892468,
					1DDB7ADDFED8090F888582CB,
					9D6A07CAD2AC307CA5FCA8B1,
					BB41396B0E32B4C08A7AEC62,
					84144C764839262A0D775B39,
					981D09D4F91AF074D3C511BD,
					D7475120D22371F5AD952FDE,
					65B46ECF2BD9667C1697D334,
					D072E82A5F9E5266A41D5808,
					22C4F0061544A523F44C0DE1,
					0B12E2E132006B1A201A4631,
					482BF647E76E544468C3B59B,
					28EDFABBC176A6CA7AAD62E2,
					0A61ABE24DBF5BEE7CD15006, ); name = "JUCE Library Code"; sourceTree = "<group>"; };
		2299243DB50FDFFBD39E9D33 = {isa = PBXGroup; children = (
					9C0D5B21DD839849F778F97E,
					9B5E4EC1B8129F7E5A3CA32C,
					948ABE164652C66CF5B2A51B,
					A893704FF2731DC209177D35, ); name = Resources; sourceTree = "<group>"; };
		F6432DAA94CEBE2A32D73837 = {isa = PBXGroup; children = (
					33137F9DBF353E5B7269E933,
					29B4885470049C75A16BA68C,
					B3520C91A95150BC174A6671,
					CCB96073A0641EBFB94006F0,
					7C180E122391249A763E554A,
					5886244909267B2989E7C7ED,
					E164A95BF0C401B40ED62492,
					C441CDC65F090A13E6E59F80,
					BAAEDC61E534CAE9C7AB6BCF,
					4E5878516BE1AF2D39FEBAD6,
					6BF8CAC1BD50768F07EDA96C, ); name = Frameworks; sourceTree = "<group>"; };
		A1384607410443A9ED17A32D = {isa = PBXGroup; children = (
					51EA19BE3AFABD4DBB6BD72E,
					C4AB77675FD4FA4D2AF01571,
					4C991533AE649DC6A6124881,
					E681E04690F2CA0EC66D682E, ); name = Products; sourceTree = "<group>"; };
		B8F92F13D5E0415F030D5607 = {isa = PBXGroup; children = (
					82A26D54D28E6A40A624D067,
					4AD6D221EA8881B7B78A546F,
					3BE62C254A50988E7284E61D,
					C9C085A53E579DBC8BC0E7B8,
					2299243DB50FDFFBD39E9D33,
					F6432DAA94CEBE2A32D73837,
					A1384607410443A9ED17A32D, ); name = Source; sourceTree = "<group>"; };
		DFED0041321609B7B73636EA = {isa = XCBuildConfiguration; buildSettings = {
				MACOSX_DEPLOYMENT_TARGET = 10.11; }; name = Debug; };
		3C82379F80CAEA65642ADAD1 = {isa = XCBuildConfiguration; buildSettings = {
				MACOSX_DEPLOYMENT_TARGET = 10.11; }; name = Release; };
		A08081E8C09F62CE8BD40D96 = {isa = XCBuildConfiguration; buildSettings = {
				ARCHS = "$(ARCHS_STANDARD_32_64_BIT)";
				CLANG_CXX_LANGUAGE_STANDARD = "c++14";
				CLANG_LINK_OBJC_RUNTIME = NO;
				COMBINE_HIDPI_IMAGES = YES;
				CONFIGURATION_BUILD_DIR = "$(PROJECT_DIR)/build/$(CONFIGURATION)";
				COPY_PHASE_STRIP = NO;
				DEPLOYMENT_LOCATION = YES;
				DSTROOT = /;
				GCC_DYNAMIC_NO_PIC = NO;
				GCC_OPTIMIZATION_LEVEL = 0;
				GCC_PREPROCESSOR_DEFINITIONS = (
					"_DEBUG=1",
					"DEBUG=1",
					"JUCER_XCODE_MAC_5A755C5E=1",
					"JUCE_APP_VERSION=1.0.3",
					"JUCE_APP_VERSION_HEX=0x10003",
					"JucePlugin_Build_VST=1",
					"JucePlugin_Build_VST3=0",
					"JucePlugin_Build_AU=0",
					"JucePlugin_Build_AUv3=0",
					"JucePlugin_Build_RTAS=0",
					"JucePlugin_Build_AAX=0",
					"JucePlugin_Build_Standalone=0", );
				GCC_VERSION = com.apple.compilers.llvm.clang.1_0;
				GENERATE_PKGINFO_FILE = YES;
				HEADER_SEARCH_PATHS = ("../../../../../../../SDKs/VST_SDK/VST3_SDK", "../../../JuceLibraryCode", "../../../JuceLibraryCode/modules", "../../../JuceLibraryCode/modules/juce_audio_plugin_client", "$(inherited)");
				INFOPLIST_FILE = Info-VST.plist;
				INFOPLIST_PREPROCESS = NO;
				INSTALL_PATH = "$(HOME)/Library/Audio/Plug-Ins/VST/";
				LIBRARY_STYLE = Bundle;
				MACOSX_DEPLOYMENT_TARGET = 10.11;
				MACOSX_DEPLOYMENT_TARGET_ppc = 10.4;
				OTHER_LDFLAGS = "-bundle -lScopeSyncAUFX-Debug_1_0_3";
				PRODUCT_BUNDLE_IDENTIFIER = uk.co.bcmodular.scopesync;
				SDKROOT_ppc = macosx10.5;
				USE_HEADERMAP = NO;
				WRAPPER_EXTENSION = vst; }; name = Debug; };
		0839E9756FD3819EA5EC4BAE = {isa = XCBuildConfiguration; buildSettings = {
				ARCHS = "$(ARCHS_STANDARD_32_64_BIT)";
				CLANG_CXX_LANGUAGE_STANDARD = "c++14";
				CLANG_LINK_OBJC_RUNTIME = NO;
				COMBINE_HIDPI_IMAGES = YES;
				CONFIGURATION_BUILD_DIR = "$(PROJECT_DIR)/build/$(CONFIGURATION)";
				DEAD_CODE_STRIPPING = YES;
				DEPLOYMENT_LOCATION = YES;
				DSTROOT = /;
				GCC_GENERATE_DEBUGGING_SYMBOLS = NO;
				GCC_OPTIMIZATION_LEVEL = 3;
				GCC_PREPROCESSOR_DEFINITIONS = (
					"_NDEBUG=1",
					"NDEBUG=1",
					"JUCER_XCODE_MAC_5A755C5E=1",
					"JUCE_APP_VERSION=1.0.3",
					"JUCE_APP_VERSION_HEX=0x10003",
					"JucePlugin_Build_VST=1",
					"JucePlugin_Build_VST3=0",
					"JucePlugin_Build_AU=0",
					"JucePlugin_Build_AUv3=0",
					"JucePlugin_Build_RTAS=0",
					"JucePlugin_Build_AAX=0",
					"JucePlugin_Build_Standalone=0", );
				GCC_SYMBOLS_PRIVATE_EXTERN = YES;
				GCC_VERSION = com.apple.compilers.llvm.clang.1_0;
				GENERATE_PKGINFO_FILE = YES;
				HEADER_SEARCH_PATHS = ("../../../../../../../SDKs/VST_SDK/VST3_SDK", "../../../JuceLibraryCode", "../../../JuceLibraryCode/modules", "../../../JuceLibraryCode/modules/juce_audio_plugin_client", "$(inherited)");
				INFOPLIST_FILE = Info-VST.plist;
				INFOPLIST_PREPROCESS = NO;
				INSTALL_PATH = "$(HOME)/Library/Audio/Plug-Ins/VST/";
				LIBRARY_STYLE = Bundle;
				LLVM_LTO = YES;
				MACOSX_DEPLOYMENT_TARGET = 10.11;
				MACOSX_DEPLOYMENT_TARGET_ppc = 10.4;
				OTHER_LDFLAGS = "-bundle -lScopeSyncAUFX_1_0_3";
				PRODUCT_BUNDLE_IDENTIFIER = uk.co.bcmodular.scopesync;
				SDKROOT_ppc = macosx10.5;
				USE_HEADERMAP = NO;
				WRAPPER_EXTENSION = vst; }; name = Release; };
		E51A565CC79526E9388918E3 = {isa = XCBuildConfiguration; buildSettings = {
				ARCHS = "$(ARCHS_STANDARD_32_64_BIT)";
				CLANG_CXX_LANGUAGE_STANDARD = "c++14";
				CLANG_LINK_OBJC_RUNTIME = NO;
				COMBINE_HIDPI_IMAGES = YES;
				CONFIGURATION_BUILD_DIR = "$(PROJECT_DIR)/build/$(CONFIGURATION)";
				COPY_PHASE_STRIP = NO;
				DEPLOYMENT_LOCATION = YES;
				DSTROOT = /;
				GCC_DYNAMIC_NO_PIC = NO;
				GCC_OPTIMIZATION_LEVEL = 0;
				GCC_PREPROCESSOR_DEFINITIONS = (
					"_DEBUG=1",
					"DEBUG=1",
					"JUCER_XCODE_MAC_5A755C5E=1",
					"JUCE_APP_VERSION=1.0.3",
					"JUCE_APP_VERSION_HEX=0x10003",
					"JucePlugin_Build_VST=0",
					"JucePlugin_Build_VST3=1",
					"JucePlugin_Build_AU=0",
					"JucePlugin_Build_AUv3=0",
					"JucePlugin_Build_RTAS=0",
					"JucePlugin_Build_AAX=0",
					"JucePlugin_Build_Standalone=0", );
				GCC_VERSION = com.apple.compilers.llvm.clang.1_0;
				GENERATE_PKGINFO_FILE = YES;
				HEADER_SEARCH_PATHS = ("../../../../../../../SDKs/VST_SDK/VST3_SDK", "../../../JuceLibraryCode", "../../../JuceLibraryCode/modules", "../../../JuceLibraryCode/modules/juce_audio_plugin_client", "$(inherited)");
				INFOPLIST_FILE = Info-VST3.plist;
				INFOPLIST_PREPROCESS = NO;
				INSTALL_PATH = "$(HOME)/Library/Audio/Plug-Ins/VST3/";
				LIBRARY_STYLE = Bundle;
				MACOSX_DEPLOYMENT_TARGET = 10.11;
				MACOSX_DEPLOYMENT_TARGET_ppc = 10.4;
				OTHER_LDFLAGS = "-bundle -lScopeSyncAUFX-Debug_1_0_3";
				PRODUCT_BUNDLE_IDENTIFIER = uk.co.bcmodular.scopesync;
				SDKROOT_ppc = macosx10.5;
				USE_HEADERMAP = NO;
				WRAPPER_EXTENSION = vst3; }; name = Debug; };
		8A1CBB20F506D4B0C75D6E72 = {isa = XCBuildConfiguration; buildSettings = {
				ARCHS = "$(ARCHS_STANDARD_32_64_BIT)";
				CLANG_CXX_LANGUAGE_STANDARD = "c++14";
				CLANG_LINK_OBJC_RUNTIME = NO;
				COMBINE_HIDPI_IMAGES = YES;
				CONFIGURATION_BUILD_DIR = "$(PROJECT_DIR)/build/$(CONFIGURATION)";
				DEAD_CODE_STRIPPING = YES;
				DEPLOYMENT_LOCATION = YES;
				DSTROOT = /;
				GCC_GENERATE_DEBUGGING_SYMBOLS = NO;
				GCC_OPTIMIZATION_LEVEL = 3;
				GCC_PREPROCESSOR_DEFINITIONS = (
					"_NDEBUG=1",
					"NDEBUG=1",
					"JUCER_XCODE_MAC_5A755C5E=1",
					"JUCE_APP_VERSION=1.0.3",
					"JUCE_APP_VERSION_HEX=0x10003",
					"JucePlugin_Build_VST=0",
					"JucePlugin_Build_VST3=1",
					"JucePlugin_Build_AU=0",
					"JucePlugin_Build_AUv3=0",
					"JucePlugin_Build_RTAS=0",
					"JucePlugin_Build_AAX=0",
					"JucePlugin_Build_Standalone=0", );
				GCC_SYMBOLS_PRIVATE_EXTERN = YES;
				GCC_VERSION = com.apple.compilers.llvm.clang.1_0;
				GENERATE_PKGINFO_FILE = YES;
				HEADER_SEARCH_PATHS = ("../../../../../../../SDKs/VST_SDK/VST3_SDK", "../../../JuceLibraryCode", "../../../JuceLibraryCode/modules", "../../../JuceLibraryCode/modules/juce_audio_plugin_client", "$(inherited)");
				INFOPLIST_FILE = Info-VST3.plist;
				INFOPLIST_PREPROCESS = NO;
				INSTALL_PATH = "$(HOME)/Library/Audio/Plug-Ins/VST3/";
				LIBRARY_STYLE = Bundle;
				LLVM_LTO = YES;
				MACOSX_DEPLOYMENT_TARGET = 10.11;
				MACOSX_DEPLOYMENT_TARGET_ppc = 10.4;
				OTHER_LDFLAGS = "-bundle -lScopeSyncAUFX_1_0_3";
				PRODUCT_BUNDLE_IDENTIFIER = uk.co.bcmodular.scopesync;
				SDKROOT_ppc = macosx10.5;
				USE_HEADERMAP = NO;
				WRAPPER_EXTENSION = vst3; }; name = Release; };
		4F4AA3815BDB744DBB89D005 = {isa = XCBuildConfiguration; buildSettings = {
				ARCHS = "$(ARCHS_STANDARD_32_64_BIT)";
				CLANG_CXX_LANGUAGE_STANDARD = "c++14";
				CLANG_LINK_OBJC_RUNTIME = NO;
				COMBINE_HIDPI_IMAGES = YES;
				CONFIGURATION_BUILD_DIR = "$(PROJECT_DIR)/build/$(CONFIGURATION)";
				COPY_PHASE_STRIP = NO;
				DEPLOYMENT_LOCATION = YES;
				DSTROOT = /;
				GCC_DYNAMIC_NO_PIC = NO;
				GCC_OPTIMIZATION_LEVEL = 0;
				GCC_PREPROCESSOR_DEFINITIONS = (
					"_DEBUG=1",
					"DEBUG=1",
					"JUCER_XCODE_MAC_5A755C5E=1",
					"JUCE_APP_VERSION=1.0.3",
					"JUCE_APP_VERSION_HEX=0x10003",
					"JucePlugin_Build_VST=0",
					"JucePlugin_Build_VST3=0",
					"JucePlugin_Build_AU=1",
					"JucePlugin_Build_AUv3=0",
					"JucePlugin_Build_RTAS=0",
					"JucePlugin_Build_AAX=0",
					"JucePlugin_Build_Standalone=0", );
				GCC_VERSION = com.apple.compilers.llvm.clang.1_0;
				GENERATE_PKGINFO_FILE = YES;
				HEADER_SEARCH_PATHS = ("../../../../../../../SDKs/VST_SDK/VST3_SDK", "../../../JuceLibraryCode", "../../../JuceLibraryCode/modules", "../../../JuceLibraryCode/modules/juce_audio_plugin_client", "$(inherited)");
				INFOPLIST_FILE = Info-AU.plist;
				INFOPLIST_PREPROCESS = NO;
				INSTALL_PATH = "$(HOME)/Library/Audio/Plug-Ins/Components/";
				LIBRARY_STYLE = Bundle;
				MACOSX_DEPLOYMENT_TARGET = 10.11;
				MACOSX_DEPLOYMENT_TARGET_ppc = 10.4;
				OTHER_LDFLAGS = "-bundle -lScopeSyncAUFX-Debug_1_0_3";
				OTHER_REZFLAGS = "-d ppc_$ppc -d i386_$i386 -d ppc64_$ppc64 -d x86_64_$x86_64 -I /System/Library/Frameworks/CoreServices.framework/Frameworks/CarbonCore.framework/Versions/A/Headers -I \"$(DEVELOPER_DIR)/Extras/CoreAudio/AudioUnits/AUPublic/AUBase\"";
				PRODUCT_BUNDLE_IDENTIFIER = uk.co.bcmodular.scopesync;
				SDKROOT_ppc = macosx10.5;
				USE_HEADERMAP = NO;
				WRAPPER_EXTENSION = component; }; name = Debug; };
		EAB90790110F18E6779C8170 = {isa = XCBuildConfiguration; buildSettings = {
				ARCHS = "$(ARCHS_STANDARD_32_64_BIT)";
				CLANG_CXX_LANGUAGE_STANDARD = "c++14";
				CLANG_LINK_OBJC_RUNTIME = NO;
				COMBINE_HIDPI_IMAGES = YES;
				CONFIGURATION_BUILD_DIR = "$(PROJECT_DIR)/build/$(CONFIGURATION)";
				DEAD_CODE_STRIPPING = YES;
				DEPLOYMENT_LOCATION = YES;
				DSTROOT = /;
				GCC_GENERATE_DEBUGGING_SYMBOLS = NO;
				GCC_OPTIMIZATION_LEVEL = 3;
				GCC_PREPROCESSOR_DEFINITIONS = (
					"_NDEBUG=1",
					"NDEBUG=1",
					"JUCER_XCODE_MAC_5A755C5E=1",
					"JUCE_APP_VERSION=1.0.3",
					"JUCE_APP_VERSION_HEX=0x10003",
					"JucePlugin_Build_VST=0",
					"JucePlugin_Build_VST3=0",
					"JucePlugin_Build_AU=1",
					"JucePlugin_Build_AUv3=0",
					"JucePlugin_Build_RTAS=0",
					"JucePlugin_Build_AAX=0",
					"JucePlugin_Build_Standalone=0", );
				GCC_SYMBOLS_PRIVATE_EXTERN = YES;
				GCC_VERSION = com.apple.compilers.llvm.clang.1_0;
				GENERATE_PKGINFO_FILE = YES;
				HEADER_SEARCH_PATHS = ("../../../../../../../SDKs/VST_SDK/VST3_SDK", "../../../JuceLibraryCode", "../../../JuceLibraryCode/modules", "../../../JuceLibraryCode/modules/juce_audio_plugin_client", "$(inherited)");
				INFOPLIST_FILE = Info-AU.plist;
				INFOPLIST_PREPROCESS = NO;
				INSTALL_PATH = "$(HOME)/Library/Audio/Plug-Ins/Components/";
				LIBRARY_STYLE = Bundle;
				LLVM_LTO = YES;
				MACOSX_DEPLOYMENT_TARGET = 10.11;
				MACOSX_DEPLOYMENT_TARGET_ppc = 10.4;
				OTHER_LDFLAGS = "-bundle -lScopeSyncAUFX_1_0_3";
				OTHER_REZFLAGS = "-d ppc_$ppc -d i386_$i386 -d ppc64_$ppc64 -d x86_64_$x86_64 -I /System/Library/Frameworks/CoreServices.framework/Frameworks/CarbonCore.framework/Versions/A/Headers -I \"$(DEVELOPER_DIR)/Extras/CoreAudio/AudioUnits/AUPublic/AUBase\"";
				PRODUCT_BUNDLE_IDENTIFIER = uk.co.bcmodular.scopesync;
				SDKROOT_ppc = macosx10.5;
				USE_HEADERMAP = NO;
				WRAPPER_EXTENSION = component; }; name = Release; };
		96037738D815402CE9DC52C1 = {isa = XCBuildConfiguration; buildSettings = {
				ARCHS = "$(ARCHS_STANDARD_32_64_BIT)";
				CLANG_CXX_LANGUAGE_STANDARD = "c++14";
				CLANG_LINK_OBJC_RUNTIME = NO;
				COMBINE_HIDPI_IMAGES = YES;
				CONFIGURATION_BUILD_DIR = "$(PROJECT_DIR)/build/$(CONFIGURATION)";
				COPY_PHASE_STRIP = NO;
				GCC_DYNAMIC_NO_PIC = NO;
				GCC_OPTIMIZATION_LEVEL = 0;
				GCC_PREPROCESSOR_DEFINITIONS = (
					"_DEBUG=1",
					"DEBUG=1",
					"JUCER_XCODE_MAC_5A755C5E=1",
					"JUCE_APP_VERSION=1.0.3",
					"JUCE_APP_VERSION_HEX=0x10003",
					"JucePlugin_Build_VST=1",
					"JucePlugin_Build_VST3=1",
					"JucePlugin_Build_AU=1",
					"JucePlugin_Build_AUv3=0",
					"JucePlugin_Build_RTAS=0",
					"JucePlugin_Build_AAX=0",
					"JucePlugin_Build_Standalone=0",
					"JUCE_SHARED_CODE=1", );
				GCC_VERSION = com.apple.compilers.llvm.clang.1_0;
				HEADER_SEARCH_PATHS = ("../../../../../../../SDKs/VST_SDK/VST3_SDK", "../../../JuceLibraryCode", "../../../JuceLibraryCode/modules", "../../../JuceLibraryCode/modules/juce_audio_plugin_client", "$(inherited)");
				INSTALL_PATH = "@executable_path/../Frameworks";
				MACOSX_DEPLOYMENT_TARGET = 10.11;
				MACOSX_DEPLOYMENT_TARGET_ppc = 10.4;
				PRODUCT_BUNDLE_IDENTIFIER = uk.co.bcmodular.scopesync;
				SDKROOT_ppc = macosx10.5;
				USE_HEADERMAP = NO; }; name = Debug; };
		50444FDB528DB135CFD684EA = {isa = XCBuildConfiguration; buildSettings = {
				ARCHS = "$(ARCHS_STANDARD_32_64_BIT)";
				CLANG_CXX_LANGUAGE_STANDARD = "c++14";
				CLANG_LINK_OBJC_RUNTIME = NO;
				COMBINE_HIDPI_IMAGES = YES;
				CONFIGURATION_BUILD_DIR = "$(PROJECT_DIR)/build/$(CONFIGURATION)";
				DEAD_CODE_STRIPPING = YES;
				GCC_GENERATE_DEBUGGING_SYMBOLS = NO;
				GCC_OPTIMIZATION_LEVEL = 3;
				GCC_PREPROCESSOR_DEFINITIONS = (
					"_NDEBUG=1",
					"NDEBUG=1",
					"JUCER_XCODE_MAC_5A755C5E=1",
					"JUCE_APP_VERSION=1.0.3",
					"JUCE_APP_VERSION_HEX=0x10003",
					"JucePlugin_Build_VST=1",
					"JucePlugin_Build_VST3=1",
					"JucePlugin_Build_AU=1",
					"JucePlugin_Build_AUv3=0",
					"JucePlugin_Build_RTAS=0",
					"JucePlugin_Build_AAX=0",
					"JucePlugin_Build_Standalone=0",
					"JUCE_SHARED_CODE=1", );
				GCC_SYMBOLS_PRIVATE_EXTERN = YES;
				GCC_VERSION = com.apple.compilers.llvm.clang.1_0;
				HEADER_SEARCH_PATHS = ("../../../../../../../SDKs/VST_SDK/VST3_SDK", "../../../JuceLibraryCode", "../../../JuceLibraryCode/modules", "../../../JuceLibraryCode/modules/juce_audio_plugin_client", "$(inherited)");
				INSTALL_PATH = "@executable_path/../Frameworks";
				LLVM_LTO = YES;
				MACOSX_DEPLOYMENT_TARGET = 10.11;
				MACOSX_DEPLOYMENT_TARGET_ppc = 10.4;
				PRODUCT_BUNDLE_IDENTIFIER = uk.co.bcmodular.scopesync;
				SDKROOT_ppc = macosx10.5;
				USE_HEADERMAP = NO; }; name = Release; };
		3BE494BB8D3E453E12EF391E = {isa = XCBuildConfiguration; buildSettings = {
				ALWAYS_SEARCH_USER_PATHS = NO;
				CLANG_WARN_BLOCK_CAPTURE_AUTORELEASING = YES;
				CLANG_WARN_BOOL_CONVERSION = YES;
				CLANG_WARN_COMMA = YES;
				CLANG_WARN_CONSTANT_CONVERSION = YES;
				CLANG_WARN_EMPTY_BODY = YES;
				CLANG_WARN_ENUM_CONVERSION = YES;
				CLANG_WARN_INFINITE_RECURSION = YES;
				CLANG_WARN_INT_CONVERSION = YES;
				CLANG_WARN_NON_LITERAL_NULL_CONVERSION = YES;
				CLANG_WARN_OBJC_LITERAL_CONVERSION = YES;
				CLANG_WARN_RANGE_LOOP_ANALYSIS = YES;
				CLANG_WARN_STRICT_PROTOTYPES = YES;
				CLANG_WARN_SUSPICIOUS_MOVE = YES;
				CLANG_WARN_UNREACHABLE_CODE = YES;
				CLANG_WARN__DUPLICATE_METHOD_MATCH = YES;
				DEBUG_INFORMATION_FORMAT = "dwarf";
				ENABLE_STRICT_OBJC_MSGSEND = YES;
				ENABLE_TESTABILITY = YES;
				GCC_C_LANGUAGE_STANDARD = c11;
				GCC_INLINES_ARE_PRIVATE_EXTERN = YES;
				GCC_MODEL_TUNING = G5;
				GCC_NO_COMMON_BLOCKS = YES;
				GCC_WARN_64_TO_32_BIT_CONVERSION = YES;
				GCC_WARN_ABOUT_RETURN_TYPE = YES;
				GCC_WARN_CHECK_SWITCH_STATEMENTS = YES;
				GCC_WARN_MISSING_PARENTHESES = YES;
				GCC_WARN_NON_VIRTUAL_DESTRUCTOR = YES;
				GCC_WARN_TYPECHECK_CALLS_TO_PRINTF = YES;
				GCC_WARN_UNDECLARED_SELECTOR = YES;
				GCC_WARN_UNINITIALIZED_AUTOS = YES;
				GCC_WARN_UNUSED_FUNCTION = YES;
				GCC_WARN_UNUSED_VARIABLE = YES;
				PRODUCT_NAME = "ScopeSyncAUFX-Debug_1_0_3";
				WARNING_CFLAGS = -Wreorder;
				ZERO_LINK = NO; }; name = Debug; };
		90721DBF468C94849CE40BAF = {isa = XCBuildConfiguration; buildSettings = {
				ALWAYS_SEARCH_USER_PATHS = NO;
				CLANG_WARN_BLOCK_CAPTURE_AUTORELEASING = YES;
				CLANG_WARN_BOOL_CONVERSION = YES;
				CLANG_WARN_COMMA = YES;
				CLANG_WARN_CONSTANT_CONVERSION = YES;
				CLANG_WARN_EMPTY_BODY = YES;
				CLANG_WARN_ENUM_CONVERSION = YES;
				CLANG_WARN_INFINITE_RECURSION = YES;
				CLANG_WARN_INT_CONVERSION = YES;
				CLANG_WARN_NON_LITERAL_NULL_CONVERSION = YES;
				CLANG_WARN_OBJC_LITERAL_CONVERSION = YES;
				CLANG_WARN_RANGE_LOOP_ANALYSIS = YES;
				CLANG_WARN_STRICT_PROTOTYPES = YES;
				CLANG_WARN_SUSPICIOUS_MOVE = YES;
				CLANG_WARN_UNREACHABLE_CODE = YES;
				CLANG_WARN__DUPLICATE_METHOD_MATCH = YES;
				DEBUG_INFORMATION_FORMAT = "dwarf";
				ENABLE_STRICT_OBJC_MSGSEND = YES;
				GCC_C_LANGUAGE_STANDARD = c11;
				GCC_INLINES_ARE_PRIVATE_EXTERN = YES;
				GCC_MODEL_TUNING = G5;
				GCC_NO_COMMON_BLOCKS = YES;
				GCC_WARN_64_TO_32_BIT_CONVERSION = YES;
				GCC_WARN_ABOUT_RETURN_TYPE = YES;
				GCC_WARN_CHECK_SWITCH_STATEMENTS = YES;
				GCC_WARN_MISSING_PARENTHESES = YES;
				GCC_WARN_NON_VIRTUAL_DESTRUCTOR = YES;
				GCC_WARN_TYPECHECK_CALLS_TO_PRINTF = YES;
				GCC_WARN_UNDECLARED_SELECTOR = YES;
				GCC_WARN_UNINITIALIZED_AUTOS = YES;
				GCC_WARN_UNUSED_FUNCTION = YES;
				GCC_WARN_UNUSED_VARIABLE = YES;
				PRODUCT_NAME = "ScopeSyncAUFX_1_0_3";
				WARNING_CFLAGS = -Wreorder;
				ZERO_LINK = NO; }; name = Release; };
		7F7F8AA1AFE086E7DF9BE175 = {isa = PBXTargetDependency; target = A77BD4A7B2FC979B8872929B; };
		8218F46ADBFA114579253D64 = {isa = PBXTargetDependency; target = 1A9EB072CB3049305CAABFB3; };
		F614470DA04CC1D33C11B89A = {isa = PBXTargetDependency; target = 9D560354E09A801581BD397C; };
		E9AA905667F8698B5D346EC0 = {isa = PBXTargetDependency; target = A6B16C78B04727B7EAB11A65; };
		CB4040D3F3340EDC2FE88700 = {isa = XCConfigurationList; buildConfigurations = (
					3BE494BB8D3E453E12EF391E,
					90721DBF468C94849CE40BAF, ); defaultConfigurationIsVisible = 0; defaultConfigurationName = Debug; };
		B915F4985D49EF816A7EFF10 = {isa = XCConfigurationList; buildConfigurations = (
					DFED0041321609B7B73636EA,
					3C82379F80CAEA65642ADAD1, ); defaultConfigurationIsVisible = 0; defaultConfigurationName = Debug; };
		458981E46325D7EBA34483DD = {isa = PBXAggregateTarget; buildConfigurationList = B915F4985D49EF816A7EFF10; buildPhases = (  ); buildRules = ( ); dependencies = (
					7F7F8AA1AFE086E7DF9BE175,
					8218F46ADBFA114579253D64,
					F614470DA04CC1D33C11B89A,
					E9AA905667F8698B5D346EC0, ); name = "ScopeSyncEffectPlugin - All"; productName = ScopeSyncEffectPlugin; };
		864AC0E9CDBAC7ACBF008661 = {isa = XCConfigurationList; buildConfigurations = (
					A08081E8C09F62CE8BD40D96,
					0839E9756FD3819EA5EC4BAE, ); defaultConfigurationIsVisible = 0; defaultConfigurationName = Debug; };
		F779214DACAB0B5E65C90604 = {isa = PBXResourcesBuildPhase; buildActionMask = 2147483647; files = (
					808FF2EF3A334B244F957F97, ); runOnlyForDeploymentPostprocessing = 0; };
		DC44EEB51416F7AF91C69F7A = {isa = PBXSourcesBuildPhase; buildActionMask = 2147483647; files = (
					B5FACC9AFE837BE01CA5AFC4, ); runOnlyForDeploymentPostprocessing = 0; };
		7D5384ABBAE883E09E4B669A = {isa = PBXFrameworksBuildPhase; buildActionMask = 2147483647; files = (
					B5943C8C987EF7D134D5DF4A,
					E0322FCAE0E55A875B6FE2DE,
					54E33F5CC4156F701808A066,
					DF642A2843A38E5378EEDF9F,
					4AF8FD6073D887A6A2B4BF7F,
					D0F6698A31D265831B04E509,
					1EE238543E688C8D17C8DBBF,
					5A1B2CBAA7D0BC05A557ED59,
					33B529EAEC284DF43589CC38, ); runOnlyForDeploymentPostprocessing = 0; };
		A77BD4A7B2FC979B8872929B = {isa = PBXNativeTarget; buildConfigurationList = 864AC0E9CDBAC7ACBF008661; buildPhases = (
					F779214DACAB0B5E65C90604,
					DC44EEB51416F7AF91C69F7A,
					7D5384ABBAE883E09E4B669A, ); buildRules = ( ); dependencies = (
					E9AA905667F8698B5D346EC0, ); name = "ScopeSyncEffectPlugin - VST"; productName = ScopeSyncEffectPlugin; productReference = 51EA19BE3AFABD4DBB6BD72E; productType = "com.apple.product-type.bundle"; };
		23BF0355DEC479DD84069D17 = {isa = XCConfigurationList; buildConfigurations = (
					E51A565CC79526E9388918E3,
					8A1CBB20F506D4B0C75D6E72, ); defaultConfigurationIsVisible = 0; defaultConfigurationName = Debug; };
		754FCE9FBE9B43C511F0E8A0 = {isa = PBXResourcesBuildPhase; buildActionMask = 2147483647; files = (
					808FF2EF3A334B244F957F97, ); runOnlyForDeploymentPostprocessing = 0; };
		AB384B362B1FF626AF396A79 = {isa = PBXSourcesBuildPhase; buildActionMask = 2147483647; files = (
					8393F275A014CDD1824EFE0B, ); runOnlyForDeploymentPostprocessing = 0; };
		3A9146B2034DDD678EFEF864 = {isa = PBXFrameworksBuildPhase; buildActionMask = 2147483647; files = (
					B5943C8C987EF7D134D5DF4A,
					E0322FCAE0E55A875B6FE2DE,
					54E33F5CC4156F701808A066,
					DF642A2843A38E5378EEDF9F,
					4AF8FD6073D887A6A2B4BF7F,
					D0F6698A31D265831B04E509,
					1EE238543E688C8D17C8DBBF,
					5A1B2CBAA7D0BC05A557ED59,
					33B529EAEC284DF43589CC38, ); runOnlyForDeploymentPostprocessing = 0; };
		1A9EB072CB3049305CAABFB3 = {isa = PBXNativeTarget; buildConfigurationList = 23BF0355DEC479DD84069D17; buildPhases = (
					754FCE9FBE9B43C511F0E8A0,
					AB384B362B1FF626AF396A79,
					3A9146B2034DDD678EFEF864, ); buildRules = ( ); dependencies = (
					E9AA905667F8698B5D346EC0, ); name = "ScopeSyncEffectPlugin - VST3"; productName = ScopeSyncEffectPlugin; productReference = C4AB77675FD4FA4D2AF01571; productType = "com.apple.product-type.bundle"; };
		4A0D8AF7B0B2C3B054DFDC4A = {isa = XCConfigurationList; buildConfigurations = (
					4F4AA3815BDB744DBB89D005,
					EAB90790110F18E6779C8170, ); defaultConfigurationIsVisible = 0; defaultConfigurationName = Debug; };
		9EF84306575658C3CEF0A3D2 = {isa = PBXResourcesBuildPhase; buildActionMask = 2147483647; files = (
					808FF2EF3A334B244F957F97, ); runOnlyForDeploymentPostprocessing = 0; };
		1788FAE384E1B7B9CD663AB6 = {isa = PBXRezBuildPhase; buildActionMask = 2147483647; files = (
					0D2CCFFE1C141D5FF71E621D, ); runOnlyForDeploymentPostprocessing = 0; };
		DA7C7AAC4795EDAD7FA8FA66 = {isa = PBXSourcesBuildPhase; buildActionMask = 2147483647; files = (
					A22C23A85B9C34231D17BD92,
					136DAB0821432640427F7D63, ); runOnlyForDeploymentPostprocessing = 0; };
		71321387BE584F2AE21708DF = {isa = PBXFrameworksBuildPhase; buildActionMask = 2147483647; files = (
					B5943C8C987EF7D134D5DF4A,
					E0322FCAE0E55A875B6FE2DE,
					7FE32BD1BA0F6E9BF2B9E6B6,
					54E33F5CC4156F701808A066,
					DF642A2843A38E5378EEDF9F,
					4AF8FD6073D887A6A2B4BF7F,
					508AC361B1E8B48E088F9D43,
					D0F6698A31D265831B04E509,
					1EE238543E688C8D17C8DBBF,
					5A1B2CBAA7D0BC05A557ED59,
					33B529EAEC284DF43589CC38, ); runOnlyForDeploymentPostprocessing = 0; };
		9D560354E09A801581BD397C = {isa = PBXNativeTarget; buildConfigurationList = 4A0D8AF7B0B2C3B054DFDC4A; buildPhases = (
					9EF84306575658C3CEF0A3D2,
					1788FAE384E1B7B9CD663AB6,
					DA7C7AAC4795EDAD7FA8FA66,
					71321387BE584F2AE21708DF, ); buildRules = ( ); dependencies = (
					E9AA905667F8698B5D346EC0, ); name = "ScopeSyncEffectPlugin - AU"; productName = ScopeSyncEffectPlugin; productReference = 4C991533AE649DC6A6124881; productType = "com.apple.product-type.bundle"; };
		4069565A9BD5CFC3EC239045 = {isa = XCConfigurationList; buildConfigurations = (
					96037738D815402CE9DC52C1,
					50444FDB528DB135CFD684EA, ); defaultConfigurationIsVisible = 0; defaultConfigurationName = Debug; };
		B969F2C35187F9BB88F47273 = {isa = PBXSourcesBuildPhase; buildActionMask = 2147483647; files = (
					F7A63BB8A3757AECA1C522A8,
					4B37A842DD2610F3520A76E5,
					5898ED01F3D03CD81A3CA050,
					F2FB1E72020333586C360AAB,
					A7C4F9A5697BA981AB439592,
					0F8086C60903BCE8724BA287,
					95C0DDAEAD4392562831489D,
					3E1B1940DA9D2205777D33DC,
					6FCCB55E5FED2FF1C85596D1,
					2F03255A0971D965DA2643F6,
					E0C1379C91B2242C599CCAD3,
					6CA7AFB222CCBC1243C09C9D,
					E85971000A9AE3D1DFB0D529,
					64BE946B0DBD01E742B6D9B2,
					F8DB981611879B176FE31833,
					C40D8975A49A79F82301D1CB,
					E5AB3556849C3D4C1A445086,
					96D453457979A2EC591C9A9B,
					D667C9FA5070AE5D2D60122D,
					360C1C0067E137D03BEFEBA6,
					03F0376016B53A0FD2779A58,
					E2B4A1B35165376F41712335,
					5E8281CDA789F6DC95BBF679,
					F397028ED7B18BEAE2A27B55,
					A6D8A931CAD7B0F24EA18360,
					D6FE72C411162F7F8B91695D,
					076373DD6FD9720CFF6E1896,
					C6F8F73FFA4C2E9B71B202A3,
					C5C9D374549C490239FD784E,
					8ABB93ECDF46774B8A03B11A,
					7E359B631F18D739E20A434E,
					DEC1B242FB1AF7D03B1E717E,
					B4F9B16A7C5298E55A040D69,
					84109F75B763BC11673AFBE3,
					E1BF6DED421E607D67682F6D,
					9AB3A164F92B45DA74F9C000,
					E22B44B34A97537694B966CB,
					0BDC1407526408F886CBB7FE,
					2F53603A3056E31919333B91,
					2441D61E25E819FE221F1475,
					BB55B299B4CF74FD77FD5FB1,
					C06DFC1F827A6346ED62CA3E,
					3BD568692D5BA5FC8B82AE6A,
					C7553FFC0898DB04365DD02E,
					E19C6C1DF016022B7205FD19,
					D8E4146E939036CE3112A160,
					169D1FA5A9F489BDD6E54B95,
					C91236283C4B6E78559F7734,
					7FACA8E7F82394551E992681,
					0C75D2C1376CE20F7121555E,
					7027FFEB81B6B23C5CC94A0A,
					FA945DEE83C8711F7AA93C07,
					0D67DE2ED514D001716592E7,
					87C8D6EADD24B552859A60FA,
					F0FE9D644B42F2A588854EC6,
					EA0255CC17BF14B4DB4EA571,
					F842F32956D11A2F24946F63,
					9A8DDC0E102B3AA9F2902191,
					943E6E5C1F52B54B4CE8CD45,
					F6A43FDC4A7B6FF09C2334E8, ); runOnlyForDeploymentPostprocessing = 0; };
		A6B16C78B04727B7EAB11A65 = {isa = PBXNativeTarget; buildConfigurationList = 4069565A9BD5CFC3EC239045; buildPhases = (
					B969F2C35187F9BB88F47273, ); buildRules = ( ); dependencies = (  ); name = "ScopeSyncEffectPlugin - Shared Code"; productName = ScopeSyncEffectPlugin; productReference = E681E04690F2CA0EC66D682E; productType = "com.apple.product-type.library.static"; };
		4095045EB1BE3A51656709E7 = {isa = PBXProject; buildConfigurationList = CB4040D3F3340EDC2FE88700; attributes = { LastUpgradeCheck = 0830; ORGANIZATIONNAME = "BC Modular"; TargetAttributes = { 458981E46325D7EBA34483DD = { SystemCapabilities = {com.apple.ApplicationGroups.iOS = { enabled = 0; }; com.apple.InAppPurchase = { enabled = 0; }; com.apple.InterAppAudio = { enabled = 0; }; com.apple.Push = { enabled = 0; }; com.apple.Sandbox = { enabled = 0; }; }; };A77BD4A7B2FC979B8872929B = { SystemCapabilities = {com.apple.ApplicationGroups.iOS = { enabled = 0; }; com.apple.InAppPurchase = { enabled = 0; }; com.apple.InterAppAudio = { enabled = 0; }; com.apple.Push = { enabled = 0; }; com.apple.Sandbox = { enabled = 0; }; }; };1A9EB072CB3049305CAABFB3 = { SystemCapabilities = {com.apple.ApplicationGroups.iOS = { enabled = 0; }; com.apple.InAppPurchase = { enabled = 0; }; com.apple.InterAppAudio = { enabled = 0; }; com.apple.Push = { enabled = 0; }; com.apple.Sandbox = { enabled = 0; }; }; };9D560354E09A801581BD397C = { SystemCapabilities = {com.apple.ApplicationGroups.iOS = { enabled = 0; }; com.apple.InAppPurchase = { enabled = 0; }; com.apple.InterAppAudio = { enabled = 0; }; com.apple.Push = { enabled = 0; }; com.apple.Sandbox = { enabled = 0; }; }; };A6B16C78B04727B7EAB11A65 = { SystemCapabilities = {com.apple.ApplicationGroups.iOS = { enabled = 0; }; com.apple.InAppPurchase = { enabled = 0; }; com.apple.InterAppAudio = { enabled = 0; }; com.apple.Push = { enabled = 0; }; com.apple.Sandbox = { enabled = 0; }; }; }; }; }; compatibilityVersion = "Xcode 3.2"; hasScannedForEncodings = 0; mainGroup = B8F92F13D5E0415F030D5607; projectDirPath = ""; projectRoot = ""; targets = (458981E46325D7EBA34483DD, A77BD4A7B2FC979B8872929B, 1A9EB072CB3049305CAABFB3, 9D560354E09A801581BD397C, A6B16C78B04727B7EAB11A65); };
	};
	rootObject = 4095045EB1BE3A51656709E7;
}
