// !$*UTF8*$!
{
	archiveVersion = 1;
	classes = {
	};
	objectVersion = 46;
	objects = {

		34CAEFED22A4723A8D65B2F6 = {isa = PBXBuildFile; fileRef = 51EA19BE3AFABD4DBB6BD72E; };
		EA56C75D4E728DD61CFACA60 = {isa = PBXBuildFile; fileRef = 4C991533AE649DC6A6124881; };
		7D841C6BCB2742C0F468D1D1 = {isa = PBXBuildFile; fileRef = C95E4361CF7E42BB718C7CA5; };
		3269C604FE7F6C7EF7211274 = {isa = PBXBuildFile; fileRef = E681E04690F2CA0EC66D682E; };
		B5943C8C987EF7D134D5DF4A = {isa = PBXBuildFile; fileRef = 33137F9DBF353E5B7269E933; };
		E0322FCAE0E55A875B6FE2DE = {isa = PBXBuildFile; fileRef = 29B4885470049C75A16BA68C; };
		7FE32BD1BA0F6E9BF2B9E6B6 = {isa = PBXBuildFile; fileRef = B3520C91A95150BC174A6671; };
		54E33F5CC4156F701808A066 = {isa = PBXBuildFile; fileRef = CCB96073A0641EBFB94006F0; };
		DF642A2843A38E5378EEDF9F = {isa = PBXBuildFile; fileRef = 7C180E122391249A763E554A; };
		4AF8FD6073D887A6A2B4BF7F = {isa = PBXBuildFile; fileRef = 5886244909267B2989E7C7ED; };
		508AC361B1E8B48E088F9D43 = {isa = PBXBuildFile; fileRef = E164A95BF0C401B40ED62492; };
		D0F6698A31D265831B04E509 = {isa = PBXBuildFile; fileRef = C441CDC65F090A13E6E59F80; };
		91F8D394D1DC6B65480E21EC = {isa = PBXBuildFile; fileRef = 5F8F6302FB48FE72BD0400CA; };
		1EE238543E688C8D17C8DBBF = {isa = PBXBuildFile; fileRef = BAAEDC61E534CAE9C7AB6BCF; };
		5A1B2CBAA7D0BC05A557ED59 = {isa = PBXBuildFile; fileRef = 4E5878516BE1AF2D39FEBAD6; };
		33B529EAEC284DF43589CC38 = {isa = PBXBuildFile; fileRef = 6BF8CAC1BD50768F07EDA96C; };
		808FF2EF3A334B244F957F97 = {isa = PBXBuildFile; fileRef = A893704FF2731DC209177D35; };
		9084134A038BF8F0C067F8F2 = {isa = PBXBuildFile; fileRef = 9138934AE3A37FD08D7A549F; };
		423515C92A592D770D69C9D4 = {isa = PBXBuildFile; fileRef = 646C3513BA733A1299AAE101; };
		65D496E5F18D659142E5AB56 = {isa = PBXBuildFile; fileRef = 4A6BE20A821A6B78DDEA0BA1; };
		3F7EDE3763902CD42005E644 = {isa = PBXBuildFile; fileRef = 4CF8942840CE9B0DB0A9CE95; };
		BFA527586F01A8F772718D34 = {isa = PBXBuildFile; fileRef = 49AF87FF9E902C043C2DE882; };
		B3BCD5CD208F6A4A10C285FD = {isa = PBXBuildFile; fileRef = 8ECED8755486D680321530BA; };
		14D2F97663F6A386C4584FF8 = {isa = PBXBuildFile; fileRef = 518D892660E879A58B763212; };
		3D97FF498E847BFE55224844 = {isa = PBXBuildFile; fileRef = F97C8228C5E895517686AD1D; };
		43B49A0212522D84BD7C7E7D = {isa = PBXBuildFile; fileRef = B73A2C8B1AEAB58C24C09187; };
		24A686A55D8013EE3889C427 = {isa = PBXBuildFile; fileRef = 4C08E8162168EA91D65E18A8; };
		C4F1C4F53916344020AF7855 = {isa = PBXBuildFile; fileRef = 2588D166813BC510868B2D96; };
		CA1474BE134A1B639478080C = {isa = PBXBuildFile; fileRef = 3D40109C7484BBD2254330CC; };
		97A1ADD0D9DD12E9340E2B69 = {isa = PBXBuildFile; fileRef = FF6EB9ACFB0667739D78E881; };
		F1F0FF364E67AA3722E9AFF6 = {isa = PBXBuildFile; fileRef = 0C9B0A92674F24F2A34A582C; };
		C9EEDD61CEF845BC5E5D2D47 = {isa = PBXBuildFile; fileRef = 4C0C0D19702A91CC4641AFB1; };
		0273E8151C3D71463FE69075 = {isa = PBXBuildFile; fileRef = 93921EA9BF79E489EDCAF096; };
		A9C75151EEFB2CE17ACB3357 = {isa = PBXBuildFile; fileRef = 2304CE6E550F910FA0E13DB1; };
		A233C50CB412E6E541A4ED33 = {isa = PBXBuildFile; fileRef = 9DBEA4E05AEB38BB7338602D; };
		5D99A691C9470F4852F04A37 = {isa = PBXBuildFile; fileRef = 0A1A2536CCBBDEA126866763; };
		08E98201A2EB266FF4675255 = {isa = PBXBuildFile; fileRef = B3F88902FF97C03E0A8655BA; };
		1AE830E2D596B410001CD80E = {isa = PBXBuildFile; fileRef = 28C3593E13BF3BF9AF9BA49D; };
		3A2AF4B86B92D440AB374ED4 = {isa = PBXBuildFile; fileRef = 110C172987C795CE0587939F; };
		0D1A2235BBBDE13FFE3CB671 = {isa = PBXBuildFile; fileRef = B1A181F28A335E7B4936CBA3; };
		2D6CBAF4C11A48DA8062CE37 = {isa = PBXBuildFile; fileRef = 441469573A29604F49C747DF; };
		C68AD5227DBF2164C6944463 = {isa = PBXBuildFile; fileRef = 9D2B614342456FB759CDE4E1; };
		9DE1C5A57A07C2E21503D92E = {isa = PBXBuildFile; fileRef = 497B61DAFFC7A3216DBAB9FB; };
		090561BE2A4D4722AC4B6583 = {isa = PBXBuildFile; fileRef = 5AC65991F235A7B416DD05AD; };
		721156E1963FE840731CC75A = {isa = PBXBuildFile; fileRef = C9F692C6DF10BEAFDF12C151; };
		B5087941BB9A442845CBB18C = {isa = PBXBuildFile; fileRef = DDAD967591653BC02AAFE90E; };
		E56C8D77C6FE0A00371D1812 = {isa = PBXBuildFile; fileRef = 7BD511D395604DBBCB3A6B10; };
		93D6A7E8C32FD8F802CAEB80 = {isa = PBXBuildFile; fileRef = DE09F24F153BAF5E0B35E365; };
		704B3AF84A7E5F68456F9E3E = {isa = PBXBuildFile; fileRef = B42EC68EE1AF25AC3DEC7EF1; };
		1A4E7E1954DDCCE3362A8DA0 = {isa = PBXBuildFile; fileRef = BFD2FB0770AFF435E34E2D7A; };
		2D964BC63B1513EE9B925124 = {isa = PBXBuildFile; fileRef = 1E69FE1C909E517E82607E6B; };
		17DAE3BC4FD5D5C1AFB92C25 = {isa = PBXBuildFile; fileRef = 5A14B2B9CFDFEEE0D62D7543; };
		17253FD511FA41726436644C = {isa = PBXBuildFile; fileRef = 22D316AE418A60E637E8F00E; };
		4961207C8D6D6FAA72BC1572 = {isa = PBXBuildFile; fileRef = D42AC9759CF2693FB678A8E3; };
		3E2A3F7258A373D3D23DC982 = {isa = PBXBuildFile; fileRef = F0BB5579584DDA760CD9B21C; };
		A8E7B2660785D002A9D4C8AE = {isa = PBXBuildFile; fileRef = 853A6EBB80D94C0AF6187797; };
		9B1262253C9436F46ACDDD7B = {isa = PBXBuildFile; fileRef = F005E16BF961A3D93F05B859; };
		0B308AF56C7CCDEC748C7B9E = {isa = PBXBuildFile; fileRef = 219FC20D8E29F1EBF83716D6; };
		E28FEB374A7BBF6355FB9B66 = {isa = PBXBuildFile; fileRef = 7DD82A23F97107711EACA759; };
		9C3B7D876FD7F651B3A6DF0C = {isa = PBXBuildFile; fileRef = C2045775298B9AC06CED7BA7; };
		74D59A7BA84DF8CE0FDEAFC9 = {isa = PBXBuildFile; fileRef = BE70D5FBD7F49F17C66F5C69; };
		821CC89F56DA9D257A4DF0F5 = {isa = PBXBuildFile; fileRef = B7260B4E9A1550C7EECEF98F; };
		0CC438F68718A38FDDD2987B = {isa = PBXBuildFile; fileRef = 4E60EA950729797632882788; };
		C213E9F06A90CC1203FDFC7D = {isa = PBXBuildFile; fileRef = BC6540836530999C6389F2C9; };
		1A0F7157CD8FA5A388E77A59 = {isa = PBXBuildFile; fileRef = A33F5D3DA210FB9C1C2CAA7F; };
		F259A39C8BC5AA14B7F27B03 = {isa = PBXBuildFile; fileRef = 7FBF66E4598C955BB9296B40; };
		FDD93A94A6CCD9684B1E8449 = {isa = PBXBuildFile; fileRef = 8FEA2C4A271C78F7B5841286; };
		F47746C1B6694C336E6AF6A4 = {isa = PBXBuildFile; fileRef = 487B13350CFE588C322875A8; };
		FAD610F2EF80393FF01EC338 = {isa = PBXBuildFile; fileRef = 5C357D6669E365DED3621156; };
		F371D1BCE2BFDFD5BDA339B4 = {isa = PBXBuildFile; fileRef = 741B36E5F1CA6D5E55744458; };
		CB308F60C1337FDEC776AF6E = {isa = PBXBuildFile; fileRef = A5EA87E3CF40B4B70859A75D; };
		CEE0FFCCDF0DBACEDD2216FC = {isa = PBXBuildFile; fileRef = 77B7977F9AF7C7FEBD95B744; };
		21D6AC43B44B53E0FF8061A9 = {isa = PBXBuildFile; fileRef = 986C2A3031A97A7D90153ECD; };
		94F013DE49A9C9A396D8C2BC = {isa = PBXBuildFile; fileRef = D40E85FE8BA36A89E251F7B3; };
		C23835570042A6B37A017D00 = {isa = PBXBuildFile; fileRef = 8497C681285104D200119F9D; };
		665B2A920188099F512B945B = {isa = PBXBuildFile; fileRef = EB030617A3168E1BFB2B56C7; };
		9FD2EF44235F56EB861AB96A = {isa = PBXBuildFile; fileRef = 4ACF554DBD623E630F34C795; };
		E72CBBE07C42126D5AC20EE5 = {isa = PBXBuildFile; fileRef = 377D71D735C5121F88530532; };
		EFF526FFBE2180CFBD9E85D6 = {isa = PBXBuildFile; fileRef = DDCEE1D87BD4523A578CEE7D; };
		B2141AF12DFADE986576F551 = {isa = PBXBuildFile; fileRef = 8C060E355FA168C57BA1A749; };
		37A611107EBF8902D95EAE70 = {isa = PBXBuildFile; fileRef = 3A79BC7085B8ED2D7DD7AF28; };
		3AE20BA9AF251AFAC49290A1 = {isa = PBXBuildFile; fileRef = 838B644E8A5893F0BBD5DD47; };
		3015062A78D7FCB30106F276 = {isa = PBXBuildFile; fileRef = 1F1C224D7C1F8C5AD578A859; };
		EBDCAA8DF7464B10169C9377 = {isa = PBXBuildFile; fileRef = DEB91D4F3167560EA87C408C; };
		6ED26E4EAD4FEF33FD075A00 = {isa = PBXBuildFile; fileRef = AF2221E56BFCCA55BFA4E5A2; };
		609CA97CEFA016AC5083786F = {isa = PBXBuildFile; fileRef = D2A282A372C74A340CAD5230; };
		0112731D48E377B37691B2A8 = {isa = PBXFileReference; lastKnownFileType = image.png; name = divider.png; path = ../../../ScopeSync/Resources/image/divider.png; sourceTree = "SOURCE_ROOT"; };
		068D32D26A01FE9B0EC50712 = {isa = PBXFileReference; lastKnownFileType = image.png; name = "help_button_off.png"; path = "../../../ScopeSync/Resources/image/help_button_off.png"; sourceTree = "SOURCE_ROOT"; };
		078C935938B04D9B3ABDA725 = {isa = PBXFileReference; lastKnownFileType = image.png; name = "FXmono_button_over.png"; path = "../../../ScopeSync/Resources/image/FXmono_button_over.png"; sourceTree = "SOURCE_ROOT"; };
		07C5ABFCCD0223D8AC5D1A19 = {isa = PBXFileReference; lastKnownFileType = sourcecode.c.h; name = BCMComponentBounds.h; path = ../../../ScopeSync/Components/BCMComponentBounds.h; sourceTree = "SOURCE_ROOT"; };
		084722FBE8539A1D100A5185 = {isa = PBXFileReference; lastKnownFileType = sourcecode.c.h; name = ConfigurationPanel.h; path = ../../../ScopeSync/Configuration/ConfigurationPanel.h; sourceTree = "SOURCE_ROOT"; };
		0A1A2536CCBBDEA126866763 = {isa = PBXFileReference; lastKnownFileType = sourcecode.cpp.cpp; name = ScopeSync.cpp; path = ../../../ScopeSync/Core/ScopeSync.cpp; sourceTree = "SOURCE_ROOT"; };
		0C3F16B06937A078C96576B7 = {isa = PBXFileReference; lastKnownFileType = image.png; name = "Snapshot_button_on.png"; path = "../../../ScopeSync/Resources/image/Snapshot_button_on.png"; sourceTree = "SOURCE_ROOT"; };
		0C9B0A92674F24F2A34A582C = {isa = PBXFileReference; lastKnownFileType = sourcecode.cpp.cpp; name = ConfigurationManager.cpp; path = ../../../ScopeSync/Configuration/ConfigurationManager.cpp; sourceTree = "SOURCE_ROOT"; };
		0CC9735A85635DE0F6A61875 = {isa = PBXFileReference; lastKnownFileType = file.layout; name = standardSliderLnFs.layout; path = ../../../ScopeSync/Resources/xml/standardSliderLnFs.layout; sourceTree = "SOURCE_ROOT"; };
		0D62BFA250BDFFDE4278C871 = {isa = PBXFileReference; lastKnownFileType = sourcecode.c.h; name = LabelProperties.h; path = ../../../ScopeSync/Properties/LabelProperties.h; sourceTree = "SOURCE_ROOT"; };
		0E2049150418A5EA6B9A111D = {isa = PBXFileReference; lastKnownFileType = sourcecode.c.h; name = ConfigurationChooser.h; path = ../../../ScopeSync/Windows/ConfigurationChooser.h; sourceTree = "SOURCE_ROOT"; };
		10C3194BBEF01329B0A0CE41 = {isa = PBXFileReference; lastKnownFileType = sourcecode.c.h; name = BCMRectangle.h; path = ../../../ScopeSync/Components/BCMRectangle.h; sourceTree = "SOURCE_ROOT"; };
		110C172987C795CE0587939F = {isa = PBXFileReference; lastKnownFileType = sourcecode.cpp.cpp; name = BCMParameter.cpp; path = ../../../ScopeSync/Parameters/BCMParameter.cpp; sourceTree = "SOURCE_ROOT"; };
		11131D4673D8AD4C2AA3779F = {isa = PBXFileReference; lastKnownFileType = sourcecode.c.h; name = PresetChooser.h; path = ../../../ScopeSync/Windows/PresetChooser.h; sourceTree = "SOURCE_ROOT"; };
		1165BB20ECA3C6B524B843A5 = {isa = PBXFileReference; lastKnownFileType = image.png; name = "confirm_button_off.png"; path = "../../../ScopeSync/Resources/image/confirm_button_off.png"; sourceTree = "SOURCE_ROOT"; };
		18030A1E88C09C3935A24C4E = {isa = PBXFileReference; lastKnownFileType = sourcecode.c.h; name = BCMTabbedComponent.h; path = ../../../ScopeSync/Components/BCMTabbedComponent.h; sourceTree = "SOURCE_ROOT"; };
		1B4E574DCC012272289DB25F = {isa = PBXFileReference; lastKnownFileType = image.png; name = "FXmono_button_off.png"; path = "../../../ScopeSync/Resources/image/FXmono_button_off.png"; sourceTree = "SOURCE_ROOT"; };
		1DFE0B3950835D9449438E41 = {isa = PBXFileReference; lastKnownFileType = image.png; name = "NewConfig_button_on.png"; path = "../../../ScopeSync/Resources/image/NewConfig_button_on.png"; sourceTree = "SOURCE_ROOT"; };
		1E69FE1C909E517E82607E6B = {isa = PBXFileReference; lastKnownFileType = sourcecode.cpp.cpp; name = LabelProperties.cpp; path = ../../../ScopeSync/Properties/LabelProperties.cpp; sourceTree = "SOURCE_ROOT"; };
		1EFA51E31DDB6AEC5E574245 = {isa = PBXFileReference; lastKnownFileType = image.png; name = "NewConfig_button_off.png"; path = "../../../ScopeSync/Resources/image/NewConfig_button_off.png"; sourceTree = "SOURCE_ROOT"; };
		1F1C224D7C1F8C5AD578A859 = {isa = PBXFileReference; lastKnownFileType = sourcecode.cpp.objcpp; name = "include_juce_graphics.mm"; path = "../../JuceLibraryCode/include_juce_graphics.mm"; sourceTree = "SOURCE_ROOT"; };
		1FAC3F680EFB3DDC5727CC10 = {isa = PBXFileReference; lastKnownFileType = image.png; name = "toolbar_button_off.png"; path = "../../../ScopeSync/Resources/image/toolbar_button_off.png"; sourceTree = "SOURCE_ROOT"; };
		200482718173D3AC0C0CD423 = {isa = PBXFileReference; lastKnownFileType = image.png; name = "config_manager_button_off.png"; path = "../../../ScopeSync/Resources/image/config_manager_button_off.png"; sourceTree = "SOURCE_ROOT"; };
		20C26694B279CE942B839F6E = {isa = PBXFileReference; lastKnownFileType = sourcecode.c.h; name = SettingsTable.h; path = ../../../ScopeSync/Configuration/SettingsTable.h; sourceTree = "SOURCE_ROOT"; };
		219FC20D8E29F1EBF83716D6 = {isa = PBXFileReference; lastKnownFileType = sourcecode.cpp.cpp; name = ImageLoader.cpp; path = ../../../ScopeSync/Resources/ImageLoader.cpp; sourceTree = "SOURCE_ROOT"; };
		224F816A8A815E5F60942E69 = {isa = PBXFileReference; lastKnownFileType = sourcecode.c.h; name = ComponentProperties.h; path = ../../../ScopeSync/Properties/ComponentProperties.h; sourceTree = "SOURCE_ROOT"; };
		22D316AE418A60E637E8F00E = {isa = PBXFileReference; lastKnownFileType = sourcecode.cpp.cpp; name = TabbedComponentProperties.cpp; path = ../../../ScopeSync/Properties/TabbedComponentProperties.cpp; sourceTree = "SOURCE_ROOT"; };
		2304CE6E550F910FA0E13DB1 = {isa = PBXFileReference; lastKnownFileType = sourcecode.cpp.cpp; name = SettingsTable.cpp; path = ../../../ScopeSync/Configuration/SettingsTable.cpp; sourceTree = "SOURCE_ROOT"; };
		241D352521E8D2FF6D823282 = {isa = PBXFileReference; lastKnownFileType = image.png; name = "toolbar_button_on.png"; path = "../../../ScopeSync/Resources/image/toolbar_button_on.png"; sourceTree = "SOURCE_ROOT"; };
		242713E6982E3C6BB679E78A = {isa = PBXFileReference; lastKnownFileType = image.png; name = "config_manager_button_on.png"; path = "../../../ScopeSync/Resources/image/config_manager_button_on.png"; sourceTree = "SOURCE_ROOT"; };
		248FBC1D66E5EA355064BDBC = {isa = PBXFileReference; lastKnownFileType = image.png; name = "Undo_button_over.png"; path = "../../../ScopeSync/Resources/image/Undo_button_over.png"; sourceTree = "SOURCE_ROOT"; };
		2588D166813BC510868B2D96 = {isa = PBXFileReference; lastKnownFileType = sourcecode.cpp.cpp; name = BCMTextButton.cpp; path = ../../../ScopeSync/Components/BCMTextButton.cpp; sourceTree = "SOURCE_ROOT"; };
		271E8B45D40A1F5159706C61 = {isa = PBXFileReference; lastKnownFileType = sourcecode.c.h; name = BCMComboBox.h; path = ../../../ScopeSync/Components/BCMComboBox.h; sourceTree = "SOURCE_ROOT"; };
		27F51F1EDA8246ED807C480C = {isa = PBXFileReference; lastKnownFileType = image.png; name = "Save_button_off.png"; path = "../../../ScopeSync/Resources/image/Save_button_off.png"; sourceTree = "SOURCE_ROOT"; };
		28C3593E13BF3BF9AF9BA49D = {isa = PBXFileReference; lastKnownFileType = sourcecode.cpp.cpp; name = ScopeSyncGUI.cpp; path = ../../../ScopeSync/Core/ScopeSyncGUI.cpp; sourceTree = "SOURCE_ROOT"; };
		28C8555CB5E1A59BDB8F8DDE = {isa = PBXFileReference; lastKnownFileType = image.png; name = "FXbypass_button_off.png"; path = "../../../ScopeSync/Resources/image/FXbypass_button_off.png"; sourceTree = "SOURCE_ROOT"; };
		29B4885470049C75A16BA68C = {isa = PBXFileReference; lastKnownFileType = wrapper.framework; name = AudioToolbox.framework; path = System/Library/Frameworks/AudioToolbox.framework; sourceTree = SDKROOT; };
		2A18001F385CA77550659A3E = {isa = PBXFileReference; lastKnownFileType = image.png; name = "load_config_button_on.png"; path = "../../../ScopeSync/Resources/image/load_config_button_on.png"; sourceTree = "SOURCE_ROOT"; };
		2A81D857AB8160AFDCF2AF58 = {isa = PBXFileReference; lastKnownFileType = sourcecode.c.h; name = PluginProcessor.h; path = ../../../ScopeSync/Plugin/PluginProcessor.h; sourceTree = "SOURCE_ROOT"; };
		2B018C0886D3E885FB5BBD9A = {isa = PBXFileReference; lastKnownFileType = image.png; name = "Snapshot_button_over.png"; path = "../../../ScopeSync/Resources/image/Snapshot_button_over.png"; sourceTree = "SOURCE_ROOT"; };
		2BF6786C4EAA40AC0EE8E396 = {isa = PBXFileReference; lastKnownFileType = sourcecode.c.h; name = TabProperties.h; path = ../../../ScopeSync/Properties/TabProperties.h; sourceTree = "SOURCE_ROOT"; };
		2CD4BCA72BDB1C68FD7D5A1B = {isa = PBXFileReference; lastKnownFileType = image.png; name = "Copy_button_off.png"; path = "../../../ScopeSync/Resources/image/Copy_button_off.png"; sourceTree = "SOURCE_ROOT"; };
		2DF7A86660C9FD6F6548874C = {isa = PBXFileReference; lastKnownFileType = sourcecode.c.h; name = ImageLoader.h; path = ../../../ScopeSync/Resources/ImageLoader.h; sourceTree = "SOURCE_ROOT"; };
		3090AE409123AF316FDE5FE4 = {isa = PBXFileReference; lastKnownFileType = image.png; name = "Copy_button_on.png"; path = "../../../ScopeSync/Resources/image/Copy_button_on.png"; sourceTree = "SOURCE_ROOT"; };
		31F30C47EAF4E7D1CF9DDE34 = {isa = PBXFileReference; lastKnownFileType = image.png; name = "Snapshot_button_off.png"; path = "../../../ScopeSync/Resources/image/Snapshot_button_off.png"; sourceTree = "SOURCE_ROOT"; };
		32B1CC50D28E07C049966BCD = {isa = PBXFileReference; lastKnownFileType = text.plist.xml; name = ScopeSyncInstPlugin.entitlements; path = ScopeSyncInstPlugin.entitlements; sourceTree = "SOURCE_ROOT"; };
		33137F9DBF353E5B7269E933 = {isa = PBXFileReference; lastKnownFileType = wrapper.framework; name = Accelerate.framework; path = System/Library/Frameworks/Accelerate.framework; sourceTree = SDKROOT; };
		377D71D735C5121F88530532 = {isa = PBXFileReference; lastKnownFileType = sourcecode.cpp.objcpp; name = "include_juce_audio_processors.mm"; path = "../../JuceLibraryCode/include_juce_audio_processors.mm"; sourceTree = "SOURCE_ROOT"; };
		380CE21276701648C590668D = {isa = PBXFileReference; lastKnownFileType = image.png; name = "Perf_Mode_button_over.png"; path = "../../../ScopeSync/Resources/image/Perf_Mode_button_over.png"; sourceTree = "SOURCE_ROOT"; };
		392019356A4A7CFD6673E144 = {isa = PBXFileReference; lastKnownFileType = image.png; name = "FXbypass_button_on.png"; path = "../../../ScopeSync/Resources/image/FXbypass_button_on.png"; sourceTree = "SOURCE_ROOT"; };
		3927E452661D7ED070ACBCC4 = {isa = PBXFileReference; lastKnownFileType = image.png; name = "Close_button_over.png"; path = "../../../ScopeSync/Resources/image/Close_button_over.png"; sourceTree = "SOURCE_ROOT"; };
		3A79BC7085B8ED2D7DD7AF28 = {isa = PBXFileReference; lastKnownFileType = sourcecode.cpp.objcpp; name = "include_juce_data_structures.mm"; path = "../../JuceLibraryCode/include_juce_data_structures.mm"; sourceTree = "SOURCE_ROOT"; };
		3B83F41A22989EF749865E8B = {isa = PBXFileReference; lastKnownFileType = image.png; name = "ScopeSync_Logo_off.png"; path = "../../../ScopeSync/Resources/image/ScopeSync_Logo_off.png"; sourceTree = "SOURCE_ROOT"; };
		3B9B3D15E580BB8658E14C02 = {isa = PBXFileReference; lastKnownFileType = file; name = "juce_gui_basics"; path = "../../../../../JUCE/modules/juce_gui_basics"; sourceTree = "SOURCE_ROOT"; };
		3C00207A200B05A9220CDF35 = {isa = PBXFileReference; lastKnownFileType = file; name = "juce_osc"; path = "../../../../../JUCE/modules/juce_osc"; sourceTree = "SOURCE_ROOT"; };
		3D40109C7484BBD2254330CC = {isa = PBXFileReference; lastKnownFileType = sourcecode.cpp.cpp; name = BCMWidget.cpp; path = ../../../ScopeSync/Components/BCMWidget.cpp; sourceTree = "SOURCE_ROOT"; };
		3DBA7ADF940AF3F9507D8E3D = {isa = PBXFileReference; lastKnownFileType = image.png; name = "settings_button_over.png"; path = "../../../ScopeSync/Resources/image/settings_button_over.png"; sourceTree = "SOURCE_ROOT"; };
		408600F8151FC96BB5A7369B = {isa = PBXFileReference; lastKnownFileType = image.png; name = "reload_button_over.png"; path = "../../../ScopeSync/Resources/image/reload_button_over.png"; sourceTree = "SOURCE_ROOT"; };
		40E6E3FCF9EE47C0F4993078 = {isa = PBXFileReference; lastKnownFileType = image.png; name = "reload_button_on.png"; path = "../../../ScopeSync/Resources/image/reload_button_on.png"; sourceTree = "SOURCE_ROOT"; };
		42DD797B63E2BDBDC45FB094 = {isa = PBXFileReference; lastKnownFileType = image.png; name = "load_config_button_over.png"; path = "../../../ScopeSync/Resources/image/load_config_button_over.png"; sourceTree = "SOURCE_ROOT"; };
		441469573A29604F49C747DF = {isa = PBXFileReference; lastKnownFileType = sourcecode.cpp.cpp; name = HostParameter.cpp; path = ../../../ScopeSync/Parameters/HostParameter.cpp; sourceTree = "SOURCE_ROOT"; };
		4649AABE2AE5005BAC9CFFF3 = {isa = PBXFileReference; lastKnownFileType = image.png; name = "Paste_button_off.png"; path = "../../../ScopeSync/Resources/image/Paste_button_off.png"; sourceTree = "SOURCE_ROOT"; };
		487B13350CFE588C322875A8 = {isa = PBXFileReference; lastKnownFileType = sourcecode.cpp.objcpp; name = "include_juce_audio_basics.mm"; path = "../../JuceLibraryCode/include_juce_audio_basics.mm"; sourceTree = "SOURCE_ROOT"; };
		4886006D3619A03747C25049 = {isa = PBXFileReference; lastKnownFileType = sourcecode.c.h; name = TextButtonProperties.h; path = ../../../ScopeSync/Properties/TextButtonProperties.h; sourceTree = "SOURCE_ROOT"; };
		493B7153A35C1817611940B6 = {isa = PBXFileReference; lastKnownFileType = image.png; name = "Presets_button_on.png"; path = "../../../ScopeSync/Resources/image/Presets_button_on.png"; sourceTree = "SOURCE_ROOT"; };
		497B61DAFFC7A3216DBAB9FB = {isa = PBXFileReference; lastKnownFileType = sourcecode.cpp.cpp; name = ScopeOSCParameter.cpp; path = ../../../ScopeSync/Parameters/ScopeOSCParameter.cpp; sourceTree = "SOURCE_ROOT"; };
		49AF87FF9E902C043C2DE882 = {isa = PBXFileReference; lastKnownFileType = sourcecode.cpp.cpp; name = BCMImage.cpp; path = ../../../ScopeSync/Components/BCMImage.cpp; sourceTree = "SOURCE_ROOT"; };
		4A6BE20A821A6B78DDEA0BA1 = {isa = PBXFileReference; lastKnownFileType = sourcecode.cpp.cpp; name = BCMComponent.cpp; path = ../../../ScopeSync/Components/BCMComponent.cpp; sourceTree = "SOURCE_ROOT"; };
		4ACF554DBD623E630F34C795 = {isa = PBXFileReference; lastKnownFileType = sourcecode.cpp.cpp; name = "include_juce_audio_plugin_client_VST2.cpp"; path = "../../JuceLibraryCode/include_juce_audio_plugin_client_VST2.cpp"; sourceTree = "SOURCE_ROOT"; };
		4C08E8162168EA91D65E18A8 = {isa = PBXFileReference; lastKnownFileType = sourcecode.cpp.cpp; name = BCMTabbedComponent.cpp; path = ../../../ScopeSync/Components/BCMTabbedComponent.cpp; sourceTree = "SOURCE_ROOT"; };
		4C0C0D19702A91CC4641AFB1 = {isa = PBXFileReference; lastKnownFileType = sourcecode.cpp.cpp; name = ConfigurationPanel.cpp; path = ../../../ScopeSync/Configuration/ConfigurationPanel.cpp; sourceTree = "SOURCE_ROOT"; };
		51EA19BE3AFABD4DBB6BD72E = {isa = PBXFileReference; explicitFileType = wrapper.cfbundle; includeInIndex = 0; path = "ScopeSyncAUInst-Debug_1_0_3.vst"; sourceTree = "BUILT_PRODUCTS_DIR"; };
		4C991533AE649DC6A6124881 = {isa = PBXFileReference; explicitFileType = wrapper.cfbundle; includeInIndex = 0; path = "ScopeSyncAUInst-Debug_1_0_3.component"; sourceTree = "BUILT_PRODUCTS_DIR"; };
		4CF8942840CE9B0DB0A9CE95 = {isa = PBXFileReference; lastKnownFileType = sourcecode.cpp.cpp; name = BCMGraphic.cpp; path = ../../../ScopeSync/Components/BCMGraphic.cpp; sourceTree = "SOURCE_ROOT"; };
		4E5878516BE1AF2D39FEBAD6 = {isa = PBXFileReference; lastKnownFileType = wrapper.framework; name = QuartzCore.framework; path = System/Library/Frameworks/QuartzCore.framework; sourceTree = SDKROOT; };
		4E60EA950729797632882788 = {isa = PBXFileReference; lastKnownFileType = sourcecode.cpp.cpp; name = LayoutChooser.cpp; path = ../../../ScopeSync/Windows/LayoutChooser.cpp; sourceTree = "SOURCE_ROOT"; };
		518D892660E879A58B763212 = {isa = PBXFileReference; lastKnownFileType = sourcecode.cpp.cpp; name = BCMLookAndFeel.cpp; path = ../../../ScopeSync/Components/BCMLookAndFeel.cpp; sourceTree = "SOURCE_ROOT"; };
		53888E649C2EB492C1050B2F = {isa = PBXFileReference; lastKnownFileType = image.png; name = "remove_button_off.png"; path = "../../../ScopeSync/Resources/image/remove_button_off.png"; sourceTree = "SOURCE_ROOT"; };
		5474F10038E48684C73734D5 = {isa = PBXFileReference; lastKnownFileType = image.png; name = "confirm_button_over.png"; path = "../../../ScopeSync/Resources/image/confirm_button_over.png"; sourceTree = "SOURCE_ROOT"; };
		560E14970990309910B3CD0D = {isa = PBXFileReference; lastKnownFileType = sourcecode.c.h; name = BCMTreeView.h; path = ../../../ScopeSync/Utils/BCMTreeView.h; sourceTree = "SOURCE_ROOT"; };
		5886244909267B2989E7C7ED = {isa = PBXFileReference; lastKnownFileType = wrapper.framework; name = CoreAudio.framework; path = System/Library/Frameworks/CoreAudio.framework; sourceTree = SDKROOT; };
		59B05F98D9F22EBE31CDD292 = {isa = PBXFileReference; lastKnownFileType = image.png; name = "Save_button_on.png"; path = "../../../ScopeSync/Resources/image/Save_button_on.png"; sourceTree = "SOURCE_ROOT"; };
		5A14B2B9CFDFEEE0D62D7543 = {isa = PBXFileReference; lastKnownFileType = sourcecode.cpp.cpp; name = SliderProperties.cpp; path = ../../../ScopeSync/Properties/SliderProperties.cpp; sourceTree = "SOURCE_ROOT"; };
		5A4F3FDDDE1F2783FF340676 = {isa = PBXFileReference; lastKnownFileType = sourcecode.c.h; name = OSCServer.h; path = ../../../ScopeSync/Comms/OSCServer.h; sourceTree = "SOURCE_ROOT"; };
		5AC65991F235A7B416DD05AD = {isa = PBXFileReference; lastKnownFileType = sourcecode.cpp.cpp; name = PluginGUI.cpp; path = ../../../ScopeSync/Plugin/PluginGUI.cpp; sourceTree = "SOURCE_ROOT"; };
		5BEDD41D9BFF29BC317B8F4F = {isa = PBXFileReference; lastKnownFileType = sourcecode.c.h; name = ConfigurationTreeItem.h; path = ../../../ScopeSync/Configuration/ConfigurationTreeItem.h; sourceTree = "SOURCE_ROOT"; };
		5C1A7B9CFBC5D3A3B2AF038F = {isa = PBXFileReference; lastKnownFileType = image.png; name = "Patch_Window_button_on.png"; path = "../../../ScopeSync/Resources/image/Patch_Window_button_on.png"; sourceTree = "SOURCE_ROOT"; };
		5C357D6669E365DED3621156 = {isa = PBXFileReference; lastKnownFileType = sourcecode.cpp.objcpp; name = "include_juce_audio_devices.mm"; path = "../../JuceLibraryCode/include_juce_audio_devices.mm"; sourceTree = "SOURCE_ROOT"; };
		5D141CDB8757AC9A80BD62C5 = {isa = PBXFileReference; lastKnownFileType = file.configuration; name = empty.configuration; path = ../../../ScopeSync/Resources/xml/empty.configuration; sourceTree = "SOURCE_ROOT"; };
		5DCFA9354E4C513397F80F6D = {isa = PBXFileReference; lastKnownFileType = file.lookandfeels; name = system.lookandfeels; path = ../../../ScopeSync/Resources/xml/system.lookandfeels; sourceTree = "SOURCE_ROOT"; };
		5E09DD6B9B34011F765B4BE3 = {isa = PBXFileReference; lastKnownFileType = image.png; name = "remove_button_over.png"; path = "../../../ScopeSync/Resources/image/remove_button_over.png"; sourceTree = "SOURCE_ROOT"; };
		5F8F6302FB48FE72BD0400CA = {isa = PBXFileReference; lastKnownFileType = wrapper.framework; name = DiscRecording.framework; path = System/Library/Frameworks/DiscRecording.framework; sourceTree = SDKROOT; };
		6323A0B6CC30AA50D48D4FD7 = {isa = PBXFileReference; lastKnownFileType = file.ttf; name = "erbos_draco_1st_open_nbp.ttf"; path = "../../../ScopeSync/Resources/font/erbos_draco_1st_open_nbp.ttf"; sourceTree = "SOURCE_ROOT"; };
		6446C1F7EA9502ACD0DC563D = {isa = PBXFileReference; lastKnownFileType = sourcecode.c.h; name = ScopeSyncGUI.h; path = ../../../ScopeSync/Core/ScopeSyncGUI.h; sourceTree = "SOURCE_ROOT"; };
		646C3513BA733A1299AAE101 = {isa = PBXFileReference; lastKnownFileType = sourcecode.cpp.cpp; name = BCMComboBox.cpp; path = ../../../ScopeSync/Components/BCMComboBox.cpp; sourceTree = "SOURCE_ROOT"; };
		663725F531B5485C4CE93D22 = {isa = PBXFileReference; lastKnownFileType = file; name = "juce_core"; path = "../../../../../JUCE/modules/juce_core"; sourceTree = "SOURCE_ROOT"; };
		669838705B4D89155D40EBD0 = {isa = PBXFileReference; lastKnownFileType = image.png; name = "Presets_button_over.png"; path = "../../../ScopeSync/Resources/image/Presets_button_over.png"; sourceTree = "SOURCE_ROOT"; };
		670BDE2DA0006CC58E76C3C6 = {isa = PBXFileReference; lastKnownFileType = file; name = "juce_data_structures"; path = "../../../../../JUCE/modules/juce_data_structures"; sourceTree = "SOURCE_ROOT"; };
		678A9F980CA12F368476E0DD = {isa = PBXFileReference; lastKnownFileType = image.png; name = "SaveAs_button_over.png"; path = "../../../ScopeSync/Resources/image/SaveAs_button_over.png"; sourceTree = "SOURCE_ROOT"; };
		67ABFA56C77B0F7A908C8161 = {isa = PBXFileReference; lastKnownFileType = image.png; name = "Redo_button_off.png"; path = "../../../ScopeSync/Resources/image/Redo_button_off.png"; sourceTree = "SOURCE_ROOT"; };
		68940639EA89AFB61E052A78 = {isa = PBXFileReference; lastKnownFileType = sourcecode.c.h; name = PresetFileChooser.h; path = ../../../ScopeSync/Windows/PresetFileChooser.h; sourceTree = "SOURCE_ROOT"; };
		68FDBA5D6248FA042566B2CB = {isa = PBXFileReference; lastKnownFileType = image.png; name = "load_config_button_off.png"; path = "../../../ScopeSync/Resources/image/load_config_button_off.png"; sourceTree = "SOURCE_ROOT"; };
		6A321217822761DA5A908E4A = {isa = PBXFileReference; lastKnownFileType = image.png; name = "Close_button_off.png"; path = "../../../ScopeSync/Resources/image/Close_button_off.png"; sourceTree = "SOURCE_ROOT"; };
		6BF8CAC1BD50768F07EDA96C = {isa = PBXFileReference; lastKnownFileType = wrapper.framework; name = WebKit.framework; path = System/Library/Frameworks/WebKit.framework; sourceTree = SDKROOT; };
		6C8C0D0360B43FF4FFBB44CA = {isa = PBXFileReference; lastKnownFileType = sourcecode.c.h; name = BCMSlider.h; path = ../../../ScopeSync/Components/BCMSlider.h; sourceTree = "SOURCE_ROOT"; };
		6EB094F0F1E7E1EDFB7AF5EA = {isa = PBXFileReference; lastKnownFileType = image.png; name = "Redo_button_over.png"; path = "../../../ScopeSync/Resources/image/Redo_button_over.png"; sourceTree = "SOURCE_ROOT"; };
		7161C53B136E05C427865E38 = {isa = PBXFileReference; lastKnownFileType = sourcecode.c.h; name = LayoutChooser.h; path = ../../../ScopeSync/Windows/LayoutChooser.h; sourceTree = "SOURCE_ROOT"; };
		73865ECB8718084DEAC1EF60 = {isa = PBXFileReference; lastKnownFileType = file.layout; name = loader.layout; path = ../../../ScopeSync/Resources/xml/loader.layout; sourceTree = "SOURCE_ROOT"; };
		741B36E5F1CA6D5E55744458 = {isa = PBXFileReference; lastKnownFileType = sourcecode.cpp.objcpp; name = "include_juce_audio_formats.mm"; path = "../../JuceLibraryCode/include_juce_audio_formats.mm"; sourceTree = "SOURCE_ROOT"; };
		74F0F10DD861D343178931CF = {isa = PBXFileReference; lastKnownFileType = image.png; name = "help_button_on.png"; path = "../../../ScopeSync/Resources/image/help_button_on.png"; sourceTree = "SOURCE_ROOT"; };
		76E545BEC50CE759FAB4D44C = {isa = PBXFileReference; lastKnownFileType = image.png; name = "help_button_over.png"; path = "../../../ScopeSync/Resources/image/help_button_over.png"; sourceTree = "SOURCE_ROOT"; };
		777BF7D35F0405109A4FD968 = {isa = PBXFileReference; lastKnownFileType = image.png; name = "FXbypass_button_over.png"; path = "../../../ScopeSync/Resources/image/FXbypass_button_over.png"; sourceTree = "SOURCE_ROOT"; };
		77B7977F9AF7C7FEBD95B744 = {isa = PBXFileReference; lastKnownFileType = sourcecode.cpp.objcpp; name = "include_juce_audio_plugin_client_AU_1.mm"; path = "../../JuceLibraryCode/include_juce_audio_plugin_client_AU_1.mm"; sourceTree = "SOURCE_ROOT"; };
		7874E023E6E7088712F2CF22 = {isa = PBXFileReference; lastKnownFileType = image.png; name = "Perf_Mode_button_off.png"; path = "../../../ScopeSync/Resources/image/Perf_Mode_button_off.png"; sourceTree = "SOURCE_ROOT"; };
		79A3F9E3FDB5680EAF65E5F3 = {isa = PBXFileReference; lastKnownFileType = sourcecode.c.h; name = BCMXml.h; path = ../../../ScopeSync/Utils/BCMXml.h; sourceTree = "SOURCE_ROOT"; };
		7BD511D395604DBBCB3A6B10 = {isa = PBXFileReference; lastKnownFileType = sourcecode.cpp.cpp; name = PresetItem.cpp; path = ../../../ScopeSync/Presets/PresetItem.cpp; sourceTree = "SOURCE_ROOT"; };
		7C180E122391249A763E554A = {isa = PBXFileReference; lastKnownFileType = wrapper.framework; name = Cocoa.framework; path = System/Library/Frameworks/Cocoa.framework; sourceTree = SDKROOT; };
		7DD82A23F97107711EACA759 = {isa = PBXFileReference; lastKnownFileType = sourcecode.cpp.cpp; name = BCMMisc.cpp; path = ../../../ScopeSync/Utils/BCMMisc.cpp; sourceTree = "SOURCE_ROOT"; };
		7FBF66E4598C955BB9296B40 = {isa = PBXFileReference; lastKnownFileType = sourcecode.cpp.cpp; name = UserSettings.cpp; path = ../../../ScopeSync/Windows/UserSettings.cpp; sourceTree = "SOURCE_ROOT"; };
		7FEA1DB17E1D779431E62552 = {isa = PBXFileReference; lastKnownFileType = sourcecode.c.h; name = ScopeIDs.h; path = ../../../ScopeSync/Parameters/ScopeIDs.h; sourceTree = "SOURCE_ROOT"; };
		80BAC55B64088F3AD598BDC8 = {isa = PBXFileReference; lastKnownFileType = image.png; name = "settings_button_on.png"; path = "../../../ScopeSync/Resources/image/settings_button_on.png"; sourceTree = "SOURCE_ROOT"; };
		80CC95548F03B7B18EB04D5B = {isa = PBXFileReference; lastKnownFileType = sourcecode.c.h; name = ScopeOSCParameter.h; path = ../../../ScopeSync/Parameters/ScopeOSCParameter.h; sourceTree = "SOURCE_ROOT"; };
		825B9BF454878A087A14FBA8 = {isa = PBXFileReference; lastKnownFileType = sourcecode.c.h; name = PresetManager.h; path = ../../../ScopeSync/Presets/PresetManager.h; sourceTree = "SOURCE_ROOT"; };
		833E0AE7B7353A5C95D2479F = {isa = PBXFileReference; lastKnownFileType = image.png; name = "toolbar_bevel.png"; path = "../../../ScopeSync/Resources/image/toolbar_bevel.png"; sourceTree = "SOURCE_ROOT"; };
		838B644E8A5893F0BBD5DD47 = {isa = PBXFileReference; lastKnownFileType = sourcecode.cpp.objcpp; name = "include_juce_events.mm"; path = "../../JuceLibraryCode/include_juce_events.mm"; sourceTree = "SOURCE_ROOT"; };
		843CB5D887B0222722B164FE = {isa = PBXFileReference; lastKnownFileType = image.png; name = "SaveAs_button_off.png"; path = "../../../ScopeSync/Resources/image/SaveAs_button_off.png"; sourceTree = "SOURCE_ROOT"; };
		8497C681285104D200119F9D = {isa = PBXFileReference; lastKnownFileType = sourcecode.cpp.cpp; name = "include_juce_audio_plugin_client_utils.cpp"; path = "../../JuceLibraryCode/include_juce_audio_plugin_client_utils.cpp"; sourceTree = "SOURCE_ROOT"; };
		84EC600D8524B6887E59B520 = {isa = PBXFileReference; lastKnownFileType = sourcecode.c.h; name = UserSettings.h; path = ../../../ScopeSync/Windows/UserSettings.h; sourceTree = "SOURCE_ROOT"; };
		853A6EBB80D94C0AF6187797 = {isa = PBXFileReference; lastKnownFileType = sourcecode.cpp.cpp; name = WidgetProperties.cpp; path = ../../../ScopeSync/Properties/WidgetProperties.cpp; sourceTree = "SOURCE_ROOT"; };
		857B9601968ECCF77A4F3949 = {isa = PBXFileReference; lastKnownFileType = sourcecode.c.h; name = PluginGUI.h; path = ../../../ScopeSync/Plugin/PluginGUI.h; sourceTree = "SOURCE_ROOT"; };
		88F7C0D89D1D63601D74618D = {isa = PBXFileReference; lastKnownFileType = image.png; name = "Close_button_on.png"; path = "../../../ScopeSync/Resources/image/Close_button_on.png"; sourceTree = "SOURCE_ROOT"; };
		8BB02F3A014A0492D01011AA = {isa = PBXFileReference; lastKnownFileType = sourcecode.c.h; name = PresetItem.h; path = ../../../ScopeSync/Presets/PresetItem.h; sourceTree = "SOURCE_ROOT"; };
		8C060E355FA168C57BA1A749 = {isa = PBXFileReference; lastKnownFileType = sourcecode.cpp.objcpp; name = "include_juce_core.mm"; path = "../../JuceLibraryCode/include_juce_core.mm"; sourceTree = "SOURCE_ROOT"; };
		8D6FF5274AB2434C81273CE7 = {isa = PBXFileReference; lastKnownFileType = sourcecode.c.h; name = WidgetProperties.h; path = ../../../ScopeSync/Properties/WidgetProperties.h; sourceTree = "SOURCE_ROOT"; };
		8DC33682484051942372012E = {isa = PBXFileReference; lastKnownFileType = file; name = "juce_audio_processors"; path = "../../../../../JUCE/modules/juce_audio_processors"; sourceTree = "SOURCE_ROOT"; };
		8E41A3BB22F09FAF3A3CC506 = {isa = PBXFileReference; lastKnownFileType = sourcecode.c.h; name = Clipboard.h; path = ../../../ScopeSync/Core/Clipboard.h; sourceTree = "SOURCE_ROOT"; };
		8ECED8755486D680321530BA = {isa = PBXFileReference; lastKnownFileType = sourcecode.cpp.cpp; name = BCMLabel.cpp; path = ../../../ScopeSync/Components/BCMLabel.cpp; sourceTree = "SOURCE_ROOT"; };
		8FEA2C4A271C78F7B5841286 = {isa = PBXFileReference; lastKnownFileType = sourcecode.cpp.cpp; name = BinaryData.cpp; path = ../../JuceLibraryCode/BinaryData.cpp; sourceTree = "SOURCE_ROOT"; };
		9138934AE3A37FD08D7A549F = {isa = PBXFileReference; lastKnownFileType = sourcecode.cpp.cpp; name = OSCServer.cpp; path = ../../../ScopeSync/Comms/OSCServer.cpp; sourceTree = "SOURCE_ROOT"; };
		9279E05F2603718E29E2AC6E = {isa = PBXFileReference; lastKnownFileType = image.png; name = "config_manager_button_over.png"; path = "../../../ScopeSync/Resources/image/config_manager_button_over.png"; sourceTree = "SOURCE_ROOT"; };
		92ABC39F63D7D6F93E0E26F9 = {isa = PBXFileReference; lastKnownFileType = sourcecode.c.h; name = BCMMath.h; path = ../../../ScopeSync/Utils/BCMMath.h; sourceTree = "SOURCE_ROOT"; };
		93921EA9BF79E489EDCAF096 = {isa = PBXFileReference; lastKnownFileType = sourcecode.cpp.cpp; name = ConfigurationTreeItem.cpp; path = ../../../ScopeSync/Configuration/ConfigurationTreeItem.cpp; sourceTree = "SOURCE_ROOT"; };
		948ABE164652C66CF5B2A51B = {isa = PBXFileReference; lastKnownFileType = text.plist.xml; name = "Info-AU.plist"; path = "Info-AU.plist"; sourceTree = "SOURCE_ROOT"; };
		9521725ECAA31B2FEE1867E1 = {isa = PBXFileReference; lastKnownFileType = sourcecode.c.h; name = BCMParameter.h; path = ../../../ScopeSync/Parameters/BCMParameter.h; sourceTree = "SOURCE_ROOT"; };
		96CBA0CA7B24B2032BB5C7D3 = {isa = PBXFileReference; lastKnownFileType = image.png; name = "Paste_button_over.png"; path = "../../../ScopeSync/Resources/image/Paste_button_over.png"; sourceTree = "SOURCE_ROOT"; };
		973469D2FEB0AADAD3C4A9A2 = {isa = PBXFileReference; lastKnownFileType = sourcecode.c.h; name = BCMLookAndFeel.h; path = ../../../ScopeSync/Components/BCMLookAndFeel.h; sourceTree = "SOURCE_ROOT"; };
		986C2A3031A97A7D90153ECD = {isa = PBXFileReference; lastKnownFileType = sourcecode.cpp.objcpp; name = "include_juce_audio_plugin_client_AU_2.mm"; path = "../../JuceLibraryCode/include_juce_audio_plugin_client_AU_2.mm"; sourceTree = "SOURCE_ROOT"; };
		99F2373EE280C147FF510011 = {isa = PBXFileReference; lastKnownFileType = sourcecode.c.h; name = Global.h; path = ../../../ScopeSync/Core/Global.h; sourceTree = "SOURCE_ROOT"; };
		9C0D5B21DD839849F778F97E = {isa = PBXFileReference; lastKnownFileType = text.plist.xml; name = "Info-VST.plist"; path = "Info-VST.plist"; sourceTree = "SOURCE_ROOT"; };
		9CE47F32C27CA74AA38023C5 = {isa = PBXFileReference; lastKnownFileType = file.ttf; name = "Montserrat-Bold.ttf"; path = "../../../ScopeSync/Resources/font/Montserrat-Bold.ttf"; sourceTree = "SOURCE_ROOT"; };
		9D2B614342456FB759CDE4E1 = {isa = PBXFileReference; lastKnownFileType = sourcecode.cpp.cpp; name = ScopeIDs.cpp; path = ../../../ScopeSync/Parameters/ScopeIDs.cpp; sourceTree = "SOURCE_ROOT"; };
		9DBEA4E05AEB38BB7338602D = {isa = PBXFileReference; lastKnownFileType = sourcecode.cpp.cpp; name = Clipboard.cpp; path = ../../../ScopeSync/Core/Clipboard.cpp; sourceTree = "SOURCE_ROOT"; };
		9DE52E3C0586170C7FCE382C = {isa = PBXFileReference; lastKnownFileType = image.png; name = "Save_button_over.png"; path = "../../../ScopeSync/Resources/image/Save_button_over.png"; sourceTree = "SOURCE_ROOT"; };
		9FF68BE00EA3156B241D2DF8 = {isa = PBXFileReference; lastKnownFileType = sourcecode.c.h; name = SliderProperties.h; path = ../../../ScopeSync/Properties/SliderProperties.h; sourceTree = "SOURCE_ROOT"; };
		A1D310159BF5069FF6FB38F6 = {isa = PBXFileReference; lastKnownFileType = sourcecode.c.h; name = Icons.h; path = ../../../ScopeSync/Resources/Icons.h; sourceTree = "SOURCE_ROOT"; };
		A33F5D3DA210FB9C1C2CAA7F = {isa = PBXFileReference; lastKnownFileType = sourcecode.cpp.cpp; name = PresetFileChooser.cpp; path = ../../../ScopeSync/Windows/PresetFileChooser.cpp; sourceTree = "SOURCE_ROOT"; };
		A5A18EDBA20E38E82C8D6F41 = {isa = PBXFileReference; lastKnownFileType = image.png; name = "remove_button_on.png"; path = "../../../ScopeSync/Resources/image/remove_button_on.png"; sourceTree = "SOURCE_ROOT"; };
		A5EA87E3CF40B4B70859A75D = {isa = PBXFileReference; lastKnownFileType = file.r; name = "include_juce_audio_plugin_client_AU.r"; path = "../../JuceLibraryCode/include_juce_audio_plugin_client_AU.r"; sourceTree = "SOURCE_ROOT"; };
		A893704FF2731DC209177D35 = {isa = PBXFileReference; lastKnownFileType = file.nib; name = RecentFilesMenuTemplate.nib; path = RecentFilesMenuTemplate.nib; sourceTree = "SOURCE_ROOT"; };
		A9F0D4ACCA30E6241A900E3D = {isa = PBXFileReference; lastKnownFileType = image.png; name = "NewConfig_button_over.png"; path = "../../../ScopeSync/Resources/image/NewConfig_button_over.png"; sourceTree = "SOURCE_ROOT"; };
		ACD588A5756FBEB756E31E7D = {isa = PBXFileReference; lastKnownFileType = image.png; name = "toolbar_button_over.png"; path = "../../../ScopeSync/Resources/image/toolbar_button_over.png"; sourceTree = "SOURCE_ROOT"; };
		ADB9758DA54FA5BE9BD2CA26 = {isa = PBXFileReference; lastKnownFileType = file.ttf; name = "Montserrat-Regular.ttf"; path = "../../../ScopeSync/Resources/font/Montserrat-Regular.ttf"; sourceTree = "SOURCE_ROOT"; };
		AF2221E56BFCCA55BFA4E5A2 = {isa = PBXFileReference; lastKnownFileType = sourcecode.cpp.objcpp; name = "include_juce_gui_extra.mm"; path = "../../JuceLibraryCode/include_juce_gui_extra.mm"; sourceTree = "SOURCE_ROOT"; };
		B11F8BC13B50D675405C5FAF = {isa = PBXFileReference; lastKnownFileType = sourcecode.c.h; name = PresetFile.h; path = ../../../ScopeSync/Presets/PresetFile.h; sourceTree = "SOURCE_ROOT"; };
		B1A181F28A335E7B4936CBA3 = {isa = PBXFileReference; lastKnownFileType = sourcecode.cpp.cpp; name = BCMParameterController.cpp; path = ../../../ScopeSync/Parameters/BCMParameterController.cpp; sourceTree = "SOURCE_ROOT"; };
		B3520C91A95150BC174A6671 = {isa = PBXFileReference; lastKnownFileType = wrapper.framework; name = AudioUnit.framework; path = System/Library/Frameworks/AudioUnit.framework; sourceTree = SDKROOT; };
		B377A36D2FAFE7B04EB8298E = {isa = PBXFileReference; lastKnownFileType = sourcecode.c.h; name = BinaryData.h; path = ../../JuceLibraryCode/BinaryData.h; sourceTree = "SOURCE_ROOT"; };
		B394A1BF47104FC5C2B87DC5 = {isa = PBXFileReference; lastKnownFileType = image.png; name = "reload_button_off.png"; path = "../../../ScopeSync/Resources/image/reload_button_off.png"; sourceTree = "SOURCE_ROOT"; };
		B3F88902FF97C03E0A8655BA = {isa = PBXFileReference; lastKnownFileType = sourcecode.cpp.cpp; name = ScopeSyncApplication.cpp; path = ../../../ScopeSync/Core/ScopeSyncApplication.cpp; sourceTree = "SOURCE_ROOT"; };
		B42EC68EE1AF25AC3DEC7EF1 = {isa = PBXFileReference; lastKnownFileType = sourcecode.cpp.cpp; name = ComboBoxProperties.cpp; path = ../../../ScopeSync/Properties/ComboBoxProperties.cpp; sourceTree = "SOURCE_ROOT"; };
		B604C161F59FDE571B53E6D9 = {isa = PBXFileReference; lastKnownFileType = file; name = "juce_gui_extra"; path = "../../../../../JUCE/modules/juce_gui_extra"; sourceTree = "SOURCE_ROOT"; };
		B7260B4E9A1550C7EECEF98F = {isa = PBXFileReference; lastKnownFileType = sourcecode.cpp.cpp; name = FileLocationEditor.cpp; path = ../../../ScopeSync/Windows/FileLocationEditor.cpp; sourceTree = "SOURCE_ROOT"; };
		B73A2C8B1AEAB58C24C09187 = {isa = PBXFileReference; lastKnownFileType = sourcecode.cpp.cpp; name = BCMSlider.cpp; path = ../../../ScopeSync/Components/BCMSlider.cpp; sourceTree = "SOURCE_ROOT"; };
		B9534BC61F8A29B1E9424980 = {isa = PBXFileReference; lastKnownFileType = image.png; name = "Undo_button_off.png"; path = "../../../ScopeSync/Resources/image/Undo_button_off.png"; sourceTree = "SOURCE_ROOT"; };
		BAAEDC61E534CAE9C7AB6BCF = {isa = PBXFileReference; lastKnownFileType = wrapper.framework; name = IOKit.framework; path = System/Library/Frameworks/IOKit.framework; sourceTree = SDKROOT; };
		BC6540836530999C6389F2C9 = {isa = PBXFileReference; lastKnownFileType = sourcecode.cpp.cpp; name = PresetChooser.cpp; path = ../../../ScopeSync/Windows/PresetChooser.cpp; sourceTree = "SOURCE_ROOT"; };
		BE70D5FBD7F49F17C66F5C69 = {isa = PBXFileReference; lastKnownFileType = sourcecode.cpp.cpp; name = ConfigurationChooser.cpp; path = ../../../ScopeSync/Windows/ConfigurationChooser.cpp; sourceTree = "SOURCE_ROOT"; };
		BF6E212D82CAD26AFB4AC3AB = {isa = PBXFileReference; lastKnownFileType = image.png; name = "Perf_Mode_button_on.png"; path = "../../../ScopeSync/Resources/image/Perf_Mode_button_on.png"; sourceTree = "SOURCE_ROOT"; };
		BFD2FB0770AFF435E34E2D7A = {isa = PBXFileReference; lastKnownFileType = sourcecode.cpp.cpp; name = ComponentProperties.cpp; path = ../../../ScopeSync/Properties/ComponentProperties.cpp; sourceTree = "SOURCE_ROOT"; };
		C2045775298B9AC06CED7BA7 = {isa = PBXFileReference; lastKnownFileType = sourcecode.cpp.cpp; name = BCMTreeView.cpp; path = ../../../ScopeSync/Utils/BCMTreeView.cpp; sourceTree = "SOURCE_ROOT"; };
		C441CDC65F090A13E6E59F80 = {isa = PBXFileReference; lastKnownFileType = wrapper.framework; name = CoreMIDI.framework; path = System/Library/Frameworks/CoreMIDI.framework; sourceTree = SDKROOT; };
		C4DE709CA3AEDBC297BE89B0 = {isa = PBXFileReference; lastKnownFileType = file; name = "juce_events"; path = "../../../../../JUCE/modules/juce_events"; sourceTree = "SOURCE_ROOT"; };
		C73756BCA5D4E77B45B8B607 = {isa = PBXFileReference; lastKnownFileType = image.png; name = "Patch_Window_button_over.png"; path = "../../../ScopeSync/Resources/image/Patch_Window_button_over.png"; sourceTree = "SOURCE_ROOT"; };
		C7D645C87B0C595B38E496BA = {isa = PBXFileReference; lastKnownFileType = sourcecode.c.h; name = BCMImage.h; path = ../../../ScopeSync/Components/BCMImage.h; sourceTree = "SOURCE_ROOT"; };
		C952F13EBD15D10600ABD076 = {isa = PBXFileReference; lastKnownFileType = text.plist.xml; name = "Info-Standalone_Plugin.plist"; path = "Info-Standalone_Plugin.plist"; sourceTree = "SOURCE_ROOT"; };
		C95E4361CF7E42BB718C7CA5 = {isa = PBXFileReference; explicitFileType = wrapper.application; includeInIndex = 0; path = "ScopeSyncAUInst-Debug_1_0_3.app"; sourceTree = "BUILT_PRODUCTS_DIR"; };
		C9D62852C69CD38F9BA3A667 = {isa = PBXFileReference; lastKnownFileType = sourcecode.c.h; name = JuceHeader.h; path = ../../JuceLibraryCode/JuceHeader.h; sourceTree = "SOURCE_ROOT"; };
		C9F692C6DF10BEAFDF12C151 = {isa = PBXFileReference; lastKnownFileType = sourcecode.cpp.cpp; name = PluginProcessor.cpp; path = ../../../ScopeSync/Plugin/PluginProcessor.cpp; sourceTree = "SOURCE_ROOT"; };
		CCB96073A0641EBFB94006F0 = {isa = PBXFileReference; lastKnownFileType = wrapper.framework; name = Carbon.framework; path = System/Library/Frameworks/Carbon.framework; sourceTree = SDKROOT; };
		CCE1D87FE807CAAE45A7E636 = {isa = PBXFileReference; lastKnownFileType = sourcecode.c.h; name = ScopeSyncApplication.h; path = ../../../ScopeSync/Core/ScopeSyncApplication.h; sourceTree = "SOURCE_ROOT"; };
		CD203149E606B43F3D92B162 = {isa = PBXFileReference; lastKnownFileType = image.png; name = "Redo_button_on.png"; path = "../../../ScopeSync/Resources/image/Redo_button_on.png"; sourceTree = "SOURCE_ROOT"; };
		D055BF9801EBFD5191FF45D8 = {isa = PBXFileReference; lastKnownFileType = file; name = "juce_audio_devices"; path = "../../../../../JUCE/modules/juce_audio_devices"; sourceTree = "SOURCE_ROOT"; };
		D13D79C7B6629DDEBEDBC5B1 = {isa = PBXFileReference; lastKnownFileType = image.png; name = "ScopeSync_Logo.png"; path = "../../../ScopeSync/Resources/image/ScopeSync_Logo.png"; sourceTree = "SOURCE_ROOT"; };
		D1B9EFBCF9121D464CC29609 = {isa = PBXFileReference; lastKnownFileType = sourcecode.c.h; name = ScopeSync.h; path = ../../../ScopeSync/Core/ScopeSync.h; sourceTree = "SOURCE_ROOT"; };
		D2A282A372C74A340CAD5230 = {isa = PBXFileReference; lastKnownFileType = sourcecode.cpp.cpp; name = "include_juce_osc.cpp"; path = "../../JuceLibraryCode/include_juce_osc.cpp"; sourceTree = "SOURCE_ROOT"; };
		D35676F5633D0F320863C37B = {isa = PBXFileReference; lastKnownFileType = sourcecode.c.h; name = PropertiesHelper.h; path = ../../../ScopeSync/Properties/PropertiesHelper.h; sourceTree = "SOURCE_ROOT"; };
		D40E85FE8BA36A89E251F7B3 = {isa = PBXFileReference; lastKnownFileType = sourcecode.cpp.cpp; name = "include_juce_audio_plugin_client_Standalone.cpp"; path = "../../JuceLibraryCode/include_juce_audio_plugin_client_Standalone.cpp"; sourceTree = "SOURCE_ROOT"; };
		D42AC9759CF2693FB678A8E3 = {isa = PBXFileReference; lastKnownFileType = sourcecode.cpp.cpp; name = TabProperties.cpp; path = ../../../ScopeSync/Properties/TabProperties.cpp; sourceTree = "SOURCE_ROOT"; };
		D46B601AEDCF28A64810ABF9 = {isa = PBXFileReference; lastKnownFileType = sourcecode.c.h; name = Configuration.h; path = ../../../ScopeSync/Configuration/Configuration.h; sourceTree = "SOURCE_ROOT"; };
		D62B247CB42142930988EFF9 = {isa = PBXFileReference; lastKnownFileType = image.png; name = "Undo_button_on.png"; path = "../../../ScopeSync/Resources/image/Undo_button_on.png"; sourceTree = "SOURCE_ROOT"; };
		D65583437F2BB404893E932E = {isa = PBXFileReference; lastKnownFileType = sourcecode.c.h; name = ComboBoxProperties.h; path = ../../../ScopeSync/Properties/ComboBoxProperties.h; sourceTree = "SOURCE_ROOT"; };
		D6A7F5C10A9C1086A2703799 = {isa = PBXFileReference; lastKnownFileType = sourcecode.c.h; name = BCMComponent.h; path = ../../../ScopeSync/Components/BCMComponent.h; sourceTree = "SOURCE_ROOT"; };
		D96D4D245E2F23079DD14E93 = {isa = PBXFileReference; lastKnownFileType = sourcecode.c.h; name = BCMWidget.h; path = ../../../ScopeSync/Components/BCMWidget.h; sourceTree = "SOURCE_ROOT"; };
		DA636E7E60CC35A9D91CE634 = {isa = PBXFileReference; lastKnownFileType = file.layout; name = standardHeaderContent.layout; path = ../../../ScopeSync/Resources/xml/standardHeaderContent.layout; sourceTree = "SOURCE_ROOT"; };
		DDA2148BCA8CBC37E10518E8 = {isa = PBXFileReference; lastKnownFileType = sourcecode.c.h; name = BCMLabel.h; path = ../../../ScopeSync/Components/BCMLabel.h; sourceTree = "SOURCE_ROOT"; };
		DDAD967591653BC02AAFE90E = {isa = PBXFileReference; lastKnownFileType = sourcecode.cpp.cpp; name = PresetFile.cpp; path = ../../../ScopeSync/Presets/PresetFile.cpp; sourceTree = "SOURCE_ROOT"; };
		DDCEE1D87BD4523A578CEE7D = {isa = PBXFileReference; lastKnownFileType = sourcecode.cpp.objcpp; name = "include_juce_audio_utils.mm"; path = "../../JuceLibraryCode/include_juce_audio_utils.mm"; sourceTree = "SOURCE_ROOT"; };
		DE09F24F153BAF5E0B35E365 = {isa = PBXFileReference; lastKnownFileType = sourcecode.cpp.cpp; name = PresetManager.cpp; path = ../../../ScopeSync/Presets/PresetManager.cpp; sourceTree = "SOURCE_ROOT"; };
		DEB91D4F3167560EA87C408C = {isa = PBXFileReference; lastKnownFileType = sourcecode.cpp.objcpp; name = "include_juce_gui_basics.mm"; path = "../../JuceLibraryCode/include_juce_gui_basics.mm"; sourceTree = "SOURCE_ROOT"; };
		E08C85C8F3B3AE5C7A61A94E = {isa = PBXFileReference; lastKnownFileType = file; name = "juce_graphics"; path = "../../../../../JUCE/modules/juce_graphics"; sourceTree = "SOURCE_ROOT"; };
		E164A95BF0C401B40ED62492 = {isa = PBXFileReference; lastKnownFileType = wrapper.framework; name = CoreAudioKit.framework; path = System/Library/Frameworks/CoreAudioKit.framework; sourceTree = SDKROOT; };
		E5439033947BB627EC0BE521 = {isa = PBXFileReference; lastKnownFileType = image.png; name = "SaveAs_button_on.png"; path = "../../../ScopeSync/Resources/image/SaveAs_button_on.png"; sourceTree = "SOURCE_ROOT"; };
		E57446AEACF9A6DA93D12834 = {isa = PBXFileReference; lastKnownFileType = image.png; name = "ScopeSync_Logo_on.png"; path = "../../../ScopeSync/Resources/image/ScopeSync_Logo_on.png"; sourceTree = "SOURCE_ROOT"; };
		E681E04690F2CA0EC66D682E = {isa = PBXFileReference; explicitFileType = archive.ar; includeInIndex = 0; path = "libScopeSyncAUInst-Debug_1_0_3.a"; sourceTree = "BUILT_PRODUCTS_DIR"; };
		E689B9D4B6CFA4A9898EB6B6 = {isa = PBXFileReference; lastKnownFileType = sourcecode.c.h; name = ConfigurationManager.h; path = ../../../ScopeSync/Configuration/ConfigurationManager.h; sourceTree = "SOURCE_ROOT"; };
		E6F10A96E4B8CD330E641D5B = {isa = PBXFileReference; lastKnownFileType = sourcecode.c.h; name = BCMGraphic.h; path = ../../../ScopeSync/Components/BCMGraphic.h; sourceTree = "SOURCE_ROOT"; };
		E742D996BECDDAAFC09B378D = {isa = PBXFileReference; lastKnownFileType = image.png; name = "Presets_button_off.png"; path = "../../../ScopeSync/Resources/image/Presets_button_off.png"; sourceTree = "SOURCE_ROOT"; };
		E91E5C4E627749A7C0E7633C = {isa = PBXFileReference; lastKnownFileType = image.png; name = "Copy_button_over.png"; path = "../../../ScopeSync/Resources/image/Copy_button_over.png"; sourceTree = "SOURCE_ROOT"; };
		EB030617A3168E1BFB2B56C7 = {isa = PBXFileReference; lastKnownFileType = sourcecode.cpp.objcpp; name = "include_juce_audio_plugin_client_VST_utils.mm"; path = "../../JuceLibraryCode/include_juce_audio_plugin_client_VST_utils.mm"; sourceTree = "SOURCE_ROOT"; };
		ECB154F7FA5FD9C3500EE04A = {isa = PBXFileReference; lastKnownFileType = file; name = "juce_audio_basics"; path = "../../../../../JUCE/modules/juce_audio_basics"; sourceTree = "SOURCE_ROOT"; };
		EE274B2CA379A84DE8E27AFC = {isa = PBXFileReference; lastKnownFileType = image.png; name = "Paste_button_on.png"; path = "../../../ScopeSync/Resources/image/Paste_button_on.png"; sourceTree = "SOURCE_ROOT"; };
		EF421A676E1286A57AEBA0BC = {isa = PBXFileReference; lastKnownFileType = image.png; name = "Patch_Window_button_off.png"; path = "../../../ScopeSync/Resources/image/Patch_Window_button_off.png"; sourceTree = "SOURCE_ROOT"; };
		F005E16BF961A3D93F05B859 = {isa = PBXFileReference; lastKnownFileType = sourcecode.cpp.cpp; name = Icons.cpp; path = ../../../ScopeSync/Resources/Icons.cpp; sourceTree = "SOURCE_ROOT"; };
		F0BB5579584DDA760CD9B21C = {isa = PBXFileReference; lastKnownFileType = sourcecode.cpp.cpp; name = TextButtonProperties.cpp; path = ../../../ScopeSync/Properties/TextButtonProperties.cpp; sourceTree = "SOURCE_ROOT"; };
		F1C356F2E5110D3FE4D44C9E = {isa = PBXFileReference; lastKnownFileType = file.ttf; name = "erbos_draco_1st_nbp.ttf"; path = "../../../ScopeSync/Resources/font/erbos_draco_1st_nbp.ttf"; sourceTree = "SOURCE_ROOT"; };
		F44AD612A18DC49DCF18B577 = {isa = PBXFileReference; lastKnownFileType = sourcecode.c.h; name = BCMParameterController.h; path = ../../../ScopeSync/Parameters/BCMParameterController.h; sourceTree = "SOURCE_ROOT"; };
		F5798D7349948F9DADBBFA4A = {isa = PBXFileReference; lastKnownFileType = sourcecode.c.h; name = FileLocationEditor.h; path = ../../../ScopeSync/Windows/FileLocationEditor.h; sourceTree = "SOURCE_ROOT"; };
		F5DCFDDFBB0E7C88D04B51DA = {isa = PBXFileReference; lastKnownFileType = file; name = "juce_audio_formats"; path = "../../../../../JUCE/modules/juce_audio_formats"; sourceTree = "SOURCE_ROOT"; };
		F7D34E05BDFCBD8B0A342F31 = {isa = PBXFileReference; lastKnownFileType = image.png; name = "FXmono_button_on.png"; path = "../../../ScopeSync/Resources/image/FXmono_button_on.png"; sourceTree = "SOURCE_ROOT"; };
		F97C8228C5E895517686AD1D = {isa = PBXFileReference; lastKnownFileType = sourcecode.cpp.cpp; name = BCMRectangle.cpp; path = ../../../ScopeSync/Components/BCMRectangle.cpp; sourceTree = "SOURCE_ROOT"; };
		F97DA37BB1C33F3F2D19CC41 = {isa = PBXFileReference; lastKnownFileType = sourcecode.c.h; name = BCMMisc.h; path = ../../../ScopeSync/Utils/BCMMisc.h; sourceTree = "SOURCE_ROOT"; };
		F9FFB4F17E0D7E2FBA5BA20D = {isa = PBXFileReference; lastKnownFileType = file; name = "juce_audio_utils"; path = "../../../../../JUCE/modules/juce_audio_utils"; sourceTree = "SOURCE_ROOT"; };
		FA7ECCF267BD5C0ADD234605 = {isa = PBXFileReference; lastKnownFileType = image.png; name = "settings_button_off.png"; path = "../../../ScopeSync/Resources/image/settings_button_off.png"; sourceTree = "SOURCE_ROOT"; };
		FB2FB4240720BBBC726B2333 = {isa = PBXFileReference; lastKnownFileType = sourcecode.c.h; name = TabbedComponentProperties.h; path = ../../../ScopeSync/Properties/TabbedComponentProperties.h; sourceTree = "SOURCE_ROOT"; };
		FB921C6AFF8888379A60B8B7 = {isa = PBXFileReference; lastKnownFileType = file; name = "juce_audio_plugin_client"; path = "../../../../../JUCE/modules/juce_audio_plugin_client"; sourceTree = "SOURCE_ROOT"; };
		FC4212B55A1B4EFF3BC1E543 = {isa = PBXFileReference; lastKnownFileType = image.png; name = "confirm_button_on.png"; path = "../../../ScopeSync/Resources/image/confirm_button_on.png"; sourceTree = "SOURCE_ROOT"; };
		FC78C56B403A588897D38A7D = {isa = PBXFileReference; lastKnownFileType = sourcecode.c.h; name = BCMTextButton.h; path = ../../../ScopeSync/Components/BCMTextButton.h; sourceTree = "SOURCE_ROOT"; };
		FD1A0A2B7031409DBA988DB3 = {isa = PBXFileReference; lastKnownFileType = file.layout; name = standardFooterContent.layout; path = ../../../ScopeSync/Resources/xml/standardFooterContent.layout; sourceTree = "SOURCE_ROOT"; };
		FD8BA202FBB2F6C2E0D7B1AA = {isa = PBXFileReference; lastKnownFileType = sourcecode.c.h; name = AppConfig.h; path = ../../JuceLibraryCode/AppConfig.h; sourceTree = "SOURCE_ROOT"; };
		FE70A544D05049E6EDB0C3DD = {isa = PBXFileReference; lastKnownFileType = sourcecode.c.h; name = HostParameter.h; path = ../../../ScopeSync/Parameters/HostParameter.h; sourceTree = "SOURCE_ROOT"; };
		FF6EB9ACFB0667739D78E881 = {isa = PBXFileReference; lastKnownFileType = sourcecode.cpp.cpp; name = Configuration.cpp; path = ../../../ScopeSync/Configuration/Configuration.cpp; sourceTree = "SOURCE_ROOT"; };
		D708B0711C10AA1E26A5B39D = {isa = PBXGroup; children = (
					9138934AE3A37FD08D7A549F,
					5A4F3FDDDE1F2783FF340676, ); name = Comms; sourceTree = "<group>"; };
		9F20C3C5B3B565488E1D3DD4 = {isa = PBXGroup; children = (
					646C3513BA733A1299AAE101,
					271E8B45D40A1F5159706C61,
					4A6BE20A821A6B78DDEA0BA1,
					D6A7F5C10A9C1086A2703799,
					07C5ABFCCD0223D8AC5D1A19,
					4CF8942840CE9B0DB0A9CE95,
					E6F10A96E4B8CD330E641D5B,
					49AF87FF9E902C043C2DE882,
					C7D645C87B0C595B38E496BA,
					8ECED8755486D680321530BA,
					DDA2148BCA8CBC37E10518E8,
					518D892660E879A58B763212,
					973469D2FEB0AADAD3C4A9A2,
					F97C8228C5E895517686AD1D,
					10C3194BBEF01329B0A0CE41,
					B73A2C8B1AEAB58C24C09187,
					6C8C0D0360B43FF4FFBB44CA,
					4C08E8162168EA91D65E18A8,
					18030A1E88C09C3935A24C4E,
					2588D166813BC510868B2D96,
					FC78C56B403A588897D38A7D,
					3D40109C7484BBD2254330CC,
					D96D4D245E2F23079DD14E93, ); name = Components; sourceTree = "<group>"; };
		874B22AA7C20B68D35AF043D = {isa = PBXGroup; children = (
					FF6EB9ACFB0667739D78E881,
					D46B601AEDCF28A64810ABF9,
					0C9B0A92674F24F2A34A582C,
					E689B9D4B6CFA4A9898EB6B6,
					4C0C0D19702A91CC4641AFB1,
					084722FBE8539A1D100A5185,
					93921EA9BF79E489EDCAF096,
					5BEDD41D9BFF29BC317B8F4F,
					2304CE6E550F910FA0E13DB1,
					20C26694B279CE942B839F6E, ); name = Configuration; sourceTree = "<group>"; };
		B371227CAE8940E0069B6FD2 = {isa = PBXGroup; children = (
					9DBEA4E05AEB38BB7338602D,
					8E41A3BB22F09FAF3A3CC506,
					99F2373EE280C147FF510011,
					0A1A2536CCBBDEA126866763,
					D1B9EFBCF9121D464CC29609,
					B3F88902FF97C03E0A8655BA,
					CCE1D87FE807CAAE45A7E636,
					28C3593E13BF3BF9AF9BA49D,
					6446C1F7EA9502ACD0DC563D, ); name = Core; sourceTree = "<group>"; };
		2A85ED5E2F3354C8218F1CCE = {isa = PBXGroup; children = (
					110C172987C795CE0587939F,
					9521725ECAA31B2FEE1867E1,
					B1A181F28A335E7B4936CBA3,
					F44AD612A18DC49DCF18B577,
					441469573A29604F49C747DF,
					FE70A544D05049E6EDB0C3DD,
					9D2B614342456FB759CDE4E1,
					7FEA1DB17E1D779431E62552,
					497B61DAFFC7A3216DBAB9FB,
					80CC95548F03B7B18EB04D5B, ); name = Parameters; sourceTree = "<group>"; };
		771507E2E518EA82F68FAD4E = {isa = PBXGroup; children = (
					5AC65991F235A7B416DD05AD,
					857B9601968ECCF77A4F3949,
					C9F692C6DF10BEAFDF12C151,
					2A81D857AB8160AFDCF2AF58, ); name = Plugin; sourceTree = "<group>"; };
		21D050D202D9410C9E638456 = {isa = PBXGroup; children = (
					DDAD967591653BC02AAFE90E,
					B11F8BC13B50D675405C5FAF,
					7BD511D395604DBBCB3A6B10,
					8BB02F3A014A0492D01011AA,
					DE09F24F153BAF5E0B35E365,
					825B9BF454878A087A14FBA8, ); name = Presets; sourceTree = "<group>"; };
		106979B8640366A8F4CEF090 = {isa = PBXGroup; children = (
					B42EC68EE1AF25AC3DEC7EF1,
					D65583437F2BB404893E932E,
					BFD2FB0770AFF435E34E2D7A,
					224F816A8A815E5F60942E69,
					1E69FE1C909E517E82607E6B,
					0D62BFA250BDFFDE4278C871,
					D35676F5633D0F320863C37B,
					5A14B2B9CFDFEEE0D62D7543,
					9FF68BE00EA3156B241D2DF8,
					22D316AE418A60E637E8F00E,
					FB2FB4240720BBBC726B2333,
					D42AC9759CF2693FB678A8E3,
					2BF6786C4EAA40AC0EE8E396,
					F0BB5579584DDA760CD9B21C,
					4886006D3619A03747C25049,
					853A6EBB80D94C0AF6187797,
					8D6FF5274AB2434C81273CE7, ); name = Properties; sourceTree = "<group>"; };
		8DA5DFE0D563485965F3D646 = {isa = PBXGroup; children = (
					F1C356F2E5110D3FE4D44C9E,
					6323A0B6CC30AA50D48D4FD7,
					9CE47F32C27CA74AA38023C5,
					ADB9758DA54FA5BE9BD2CA26, ); name = font; sourceTree = "<group>"; };
		3FEFBFAE821DF5E5851EE941 = {isa = PBXGroup; children = (
					6A321217822761DA5A908E4A,
					88F7C0D89D1D63601D74618D,
					3927E452661D7ED070ACBCC4,
					200482718173D3AC0C0CD423,
					242713E6982E3C6BB679E78A,
					9279E05F2603718E29E2AC6E,
					1165BB20ECA3C6B524B843A5,
					FC4212B55A1B4EFF3BC1E543,
					5474F10038E48684C73734D5,
					2CD4BCA72BDB1C68FD7D5A1B,
					3090AE409123AF316FDE5FE4,
					E91E5C4E627749A7C0E7633C,
					0112731D48E377B37691B2A8,
					28C8555CB5E1A59BDB8F8DDE,
					392019356A4A7CFD6673E144,
					777BF7D35F0405109A4FD968,
					1B4E574DCC012272289DB25F,
					F7D34E05BDFCBD8B0A342F31,
					078C935938B04D9B3ABDA725,
					068D32D26A01FE9B0EC50712,
					74F0F10DD861D343178931CF,
					76E545BEC50CE759FAB4D44C,
					68FDBA5D6248FA042566B2CB,
					2A18001F385CA77550659A3E,
					42DD797B63E2BDBDC45FB094,
					1EFA51E31DDB6AEC5E574245,
					1DFE0B3950835D9449438E41,
					A9F0D4ACCA30E6241A900E3D,
					4649AABE2AE5005BAC9CFFF3,
					EE274B2CA379A84DE8E27AFC,
					96CBA0CA7B24B2032BB5C7D3,
					EF421A676E1286A57AEBA0BC,
					5C1A7B9CFBC5D3A3B2AF038F,
					C73756BCA5D4E77B45B8B607,
					7874E023E6E7088712F2CF22,
					BF6E212D82CAD26AFB4AC3AB,
					380CE21276701648C590668D,
					E742D996BECDDAAFC09B378D,
					493B7153A35C1817611940B6,
					669838705B4D89155D40EBD0,
					67ABFA56C77B0F7A908C8161,
					CD203149E606B43F3D92B162,
					6EB094F0F1E7E1EDFB7AF5EA,
					B394A1BF47104FC5C2B87DC5,
					40E6E3FCF9EE47C0F4993078,
					408600F8151FC96BB5A7369B,
					53888E649C2EB492C1050B2F,
					A5A18EDBA20E38E82C8D6F41,
					5E09DD6B9B34011F765B4BE3,
					27F51F1EDA8246ED807C480C,
					59B05F98D9F22EBE31CDD292,
					9DE52E3C0586170C7FCE382C,
					843CB5D887B0222722B164FE,
					E5439033947BB627EC0BE521,
					678A9F980CA12F368476E0DD,
					D13D79C7B6629DDEBEDBC5B1,
					3B83F41A22989EF749865E8B,
					E57446AEACF9A6DA93D12834,
					FA7ECCF267BD5C0ADD234605,
					80BAC55B64088F3AD598BDC8,
					3DBA7ADF940AF3F9507D8E3D,
					31F30C47EAF4E7D1CF9DDE34,
					0C3F16B06937A078C96576B7,
					2B018C0886D3E885FB5BBD9A,
					833E0AE7B7353A5C95D2479F,
					1FAC3F680EFB3DDC5727CC10,
					241D352521E8D2FF6D823282,
					ACD588A5756FBEB756E31E7D,
					B9534BC61F8A29B1E9424980,
					D62B247CB42142930988EFF9,
					248FBC1D66E5EA355064BDBC, ); name = image; sourceTree = "<group>"; };
		CCB6534274A3577606E1827E = {isa = PBXGroup; children = (
					5D141CDB8757AC9A80BD62C5,
					73865ECB8718084DEAC1EF60,
					FD1A0A2B7031409DBA988DB3,
					DA636E7E60CC35A9D91CE634,
					0CC9735A85635DE0F6A61875,
					5DCFA9354E4C513397F80F6D, ); name = xml; sourceTree = "<group>"; };
		DB52E3D3FD0ABC5087315421 = {isa = PBXGroup; children = (
					8DA5DFE0D563485965F3D646,
					3FEFBFAE821DF5E5851EE941,
					CCB6534274A3577606E1827E,
					F005E16BF961A3D93F05B859,
					A1D310159BF5069FF6FB38F6,
					219FC20D8E29F1EBF83716D6,
					2DF7A86660C9FD6F6548874C, ); name = Resources; sourceTree = "<group>"; };
		D4154695F46F68AF6D26EBEC = {isa = PBXGroup; children = (
					92ABC39F63D7D6F93E0E26F9,
					7DD82A23F97107711EACA759,
					F97DA37BB1C33F3F2D19CC41,
					C2045775298B9AC06CED7BA7,
					560E14970990309910B3CD0D,
					79A3F9E3FDB5680EAF65E5F3, ); name = Utils; sourceTree = "<group>"; };
		A93AC7615D0A4607EB2CCE50 = {isa = PBXGroup; children = (
					BE70D5FBD7F49F17C66F5C69,
					0E2049150418A5EA6B9A111D,
					B7260B4E9A1550C7EECEF98F,
					F5798D7349948F9DADBBFA4A,
					4E60EA950729797632882788,
					7161C53B136E05C427865E38,
					BC6540836530999C6389F2C9,
					11131D4673D8AD4C2AA3779F,
					A33F5D3DA210FB9C1C2CAA7F,
					68940639EA89AFB61E052A78,
					7FBF66E4598C955BB9296B40,
					84EC600D8524B6887E59B520, ); name = Windows; sourceTree = "<group>"; };
		074CCFA4683E915D07E12E26 = {isa = PBXGroup; children = (
					D708B0711C10AA1E26A5B39D,
					9F20C3C5B3B565488E1D3DD4,
					874B22AA7C20B68D35AF043D,
					B371227CAE8940E0069B6FD2,
					2A85ED5E2F3354C8218F1CCE,
					771507E2E518EA82F68FAD4E,
					21D050D202D9410C9E638456,
					106979B8640366A8F4CEF090,
					DB52E3D3FD0ABC5087315421,
					D4154695F46F68AF6D26EBEC,
					A93AC7615D0A4607EB2CCE50, ); name = Source; sourceTree = "<group>"; };
		4AD6D221EA8881B7B78A546F = {isa = PBXGroup; children = (
					074CCFA4683E915D07E12E26, ); name = ScopeSyncInstPlugin; sourceTree = "<group>"; };
		3BE62C254A50988E7284E61D = {isa = PBXGroup; children = (
					ECB154F7FA5FD9C3500EE04A,
					D055BF9801EBFD5191FF45D8,
					F5DCFDDFBB0E7C88D04B51DA,
					FB921C6AFF8888379A60B8B7,
					8DC33682484051942372012E,
					F9FFB4F17E0D7E2FBA5BA20D,
					663725F531B5485C4CE93D22,
					670BDE2DA0006CC58E76C3C6,
					C4DE709CA3AEDBC297BE89B0,
					E08C85C8F3B3AE5C7A61A94E,
					3B9B3D15E580BB8658E14C02,
					B604C161F59FDE571B53E6D9,
					3C00207A200B05A9220CDF35, ); name = "JUCE Modules"; sourceTree = "<group>"; };
		C9C085A53E579DBC8BC0E7B8 = {isa = PBXGroup; children = (
					FD8BA202FBB2F6C2E0D7B1AA,
					8FEA2C4A271C78F7B5841286,
					B377A36D2FAFE7B04EB8298E,
					487B13350CFE588C322875A8,
					5C357D6669E365DED3621156,
					741B36E5F1CA6D5E55744458,
					A5EA87E3CF40B4B70859A75D,
					77B7977F9AF7C7FEBD95B744,
					986C2A3031A97A7D90153ECD,
					D40E85FE8BA36A89E251F7B3,
					8497C681285104D200119F9D,
					EB030617A3168E1BFB2B56C7,
					4ACF554DBD623E630F34C795,
					377D71D735C5121F88530532,
					DDCEE1D87BD4523A578CEE7D,
					8C060E355FA168C57BA1A749,
					3A79BC7085B8ED2D7DD7AF28,
					838B644E8A5893F0BBD5DD47,
					1F1C224D7C1F8C5AD578A859,
					DEB91D4F3167560EA87C408C,
					AF2221E56BFCCA55BFA4E5A2,
					D2A282A372C74A340CAD5230,
					C9D62852C69CD38F9BA3A667, ); name = "JUCE Library Code"; sourceTree = "<group>"; };
		2299243DB50FDFFBD39E9D33 = {isa = PBXGroup; children = (
					9C0D5B21DD839849F778F97E,
					948ABE164652C66CF5B2A51B,
					C952F13EBD15D10600ABD076,
					A893704FF2731DC209177D35, ); name = Resources; sourceTree = "<group>"; };
		F6432DAA94CEBE2A32D73837 = {isa = PBXGroup; children = (
					33137F9DBF353E5B7269E933,
					29B4885470049C75A16BA68C,
					B3520C91A95150BC174A6671,
					CCB96073A0641EBFB94006F0,
					7C180E122391249A763E554A,
					5886244909267B2989E7C7ED,
					E164A95BF0C401B40ED62492,
					C441CDC65F090A13E6E59F80,
					5F8F6302FB48FE72BD0400CA,
					BAAEDC61E534CAE9C7AB6BCF,
					4E5878516BE1AF2D39FEBAD6,
					6BF8CAC1BD50768F07EDA96C, ); name = Frameworks; sourceTree = "<group>"; };
		A1384607410443A9ED17A32D = {isa = PBXGroup; children = (
					51EA19BE3AFABD4DBB6BD72E,
					4C991533AE649DC6A6124881,
					C95E4361CF7E42BB718C7CA5,
					E681E04690F2CA0EC66D682E, ); name = Products; sourceTree = "<group>"; };
		B8F92F13D5E0415F030D5607 = {isa = PBXGroup; children = (
					32B1CC50D28E07C049966BCD,
					4AD6D221EA8881B7B78A546F,
					3BE62C254A50988E7284E61D,
					C9C085A53E579DBC8BC0E7B8,
					2299243DB50FDFFBD39E9D33,
					F6432DAA94CEBE2A32D73837,
					A1384607410443A9ED17A32D, ); name = Source; sourceTree = "<group>"; };
		DFED0041321609B7B73636EA = {isa = XCBuildConfiguration; buildSettings = {
				MACOSX_DEPLOYMENT_TARGET = 10.11; }; name = Debug; };
		3C82379F80CAEA65642ADAD1 = {isa = XCBuildConfiguration; buildSettings = {
				MACOSX_DEPLOYMENT_TARGET = 10.11; }; name = Release; };
		A08081E8C09F62CE8BD40D96 = {isa = XCBuildConfiguration; buildSettings = {
				CLANG_CXX_LANGUAGE_STANDARD = "c++14";
				CLANG_CXX_LIBRARY = "libc++";
				CLANG_LINK_OBJC_RUNTIME = NO;
				COMBINE_HIDPI_IMAGES = YES;
				CONFIGURATION_BUILD_DIR = "$(PROJECT_DIR)/build/$(CONFIGURATION)";
				COPY_PHASE_STRIP = NO;
				DEPLOYMENT_LOCATION = YES;
				DSTROOT = /;
				GCC_DYNAMIC_NO_PIC = NO;
				GCC_OPTIMIZATION_LEVEL = 0;
				GCC_PREPROCESSOR_DEFINITIONS = (
					"_DEBUG=1",
					"DEBUG=1",
					"JUCER_XCODE_MAC_F6D2F4CF=1",
					"JUCE_APP_VERSION=1.0.3",
					"JUCE_APP_VERSION_HEX=0x10003",
					"JucePlugin_Build_VST=1",
					"JucePlugin_Build_VST3=0",
					"JucePlugin_Build_AU=0",
					"JucePlugin_Build_AUv3=0",
					"JucePlugin_Build_RTAS=0",
					"JucePlugin_Build_AAX=0",
					"JucePlugin_Build_Standalone=0",
					"JucePlugin_Build_Unity=0", );
				GCC_VERSION = com.apple.compilers.llvm.clang.1_0;
				GENERATE_PKGINFO_FILE = YES;
				HEADER_SEARCH_PATHS = ("../../JuceLibraryCode", "../../../../../JUCE/modules", "../../../../../JUCE/modules/juce_audio_plugin_client", "$(inherited)");
				INFOPLIST_FILE = Info-VST.plist;
				INFOPLIST_PREPROCESS = NO;
				INSTALL_PATH = "$(HOME)/Library/Audio/Plug-Ins/VST/";
				LIBRARY_STYLE = Bundle;
				MACOSX_DEPLOYMENT_TARGET = 10.11;
				MACOSX_DEPLOYMENT_TARGET_ppc = 10.4;
				OTHER_LDFLAGS = "-bundle -lScopeSyncAUInst-Debug_1_0_3";
				PRODUCT_BUNDLE_IDENTIFIER = uk.co.bcmodular.scopesync;
				PRODUCT_NAME = "ScopeSyncAUInst-Debug_1_0_3";
				SDKROOT_ppc = macosx10.5;
				USE_HEADERMAP = NO;
				WRAPPER_EXTENSION = vst; }; name = Debug; };
		0839E9756FD3819EA5EC4BAE = {isa = XCBuildConfiguration; buildSettings = {
				CLANG_CXX_LANGUAGE_STANDARD = "c++14";
				CLANG_CXX_LIBRARY = "libc++";
				CLANG_LINK_OBJC_RUNTIME = NO;
				COMBINE_HIDPI_IMAGES = YES;
				CONFIGURATION_BUILD_DIR = "$(PROJECT_DIR)/build/$(CONFIGURATION)";
				DEAD_CODE_STRIPPING = YES;
				DEPLOYMENT_LOCATION = YES;
				DSTROOT = /;
				GCC_GENERATE_DEBUGGING_SYMBOLS = NO;
				GCC_OPTIMIZATION_LEVEL = 3;
				GCC_PREPROCESSOR_DEFINITIONS = (
					"_NDEBUG=1",
					"NDEBUG=1",
					"JUCER_XCODE_MAC_F6D2F4CF=1",
					"JUCE_APP_VERSION=1.0.3",
					"JUCE_APP_VERSION_HEX=0x10003",
					"JucePlugin_Build_VST=1",
					"JucePlugin_Build_VST3=0",
					"JucePlugin_Build_AU=0",
					"JucePlugin_Build_AUv3=0",
					"JucePlugin_Build_RTAS=0",
					"JucePlugin_Build_AAX=0",
					"JucePlugin_Build_Standalone=0",
					"JucePlugin_Build_Unity=0", );
				GCC_SYMBOLS_PRIVATE_EXTERN = YES;
				GCC_VERSION = com.apple.compilers.llvm.clang.1_0;
				GENERATE_PKGINFO_FILE = YES;
				HEADER_SEARCH_PATHS = ("../../JuceLibraryCode", "../../../../../JUCE/modules", "../../../../../JUCE/modules/juce_audio_plugin_client", "$(inherited)");
				INFOPLIST_FILE = Info-VST.plist;
				INFOPLIST_PREPROCESS = NO;
				INSTALL_PATH = "${HOME}/Development/scopesync/Plugins/OSX/VST2/";
				LIBRARY_STYLE = Bundle;
				LLVM_LTO = YES;
				MACOSX_DEPLOYMENT_TARGET = 10.11;
				MACOSX_DEPLOYMENT_TARGET_ppc = 10.4;
				OTHER_LDFLAGS = "-bundle -lScopeSyncAUInst_1_0_3";
				PRODUCT_BUNDLE_IDENTIFIER = uk.co.bcmodular.scopesync;
				PRODUCT_NAME = "ScopeSyncAUInst_1_0_3";
				SDKROOT_ppc = macosx10.5;
				USE_HEADERMAP = NO;
				WRAPPER_EXTENSION = vst; }; name = Release; };
		4F4AA3815BDB744DBB89D005 = {isa = XCBuildConfiguration; buildSettings = {
				CLANG_CXX_LANGUAGE_STANDARD = "c++14";
				CLANG_CXX_LIBRARY = "libc++";
				CLANG_LINK_OBJC_RUNTIME = NO;
				COMBINE_HIDPI_IMAGES = YES;
				CONFIGURATION_BUILD_DIR = "$(PROJECT_DIR)/build/$(CONFIGURATION)";
				COPY_PHASE_STRIP = NO;
				DEPLOYMENT_LOCATION = YES;
				DSTROOT = /;
				GCC_DYNAMIC_NO_PIC = NO;
				GCC_OPTIMIZATION_LEVEL = 0;
				GCC_PREPROCESSOR_DEFINITIONS = (
					"_DEBUG=1",
					"DEBUG=1",
					"JUCER_XCODE_MAC_F6D2F4CF=1",
					"JUCE_APP_VERSION=1.0.3",
					"JUCE_APP_VERSION_HEX=0x10003",
					"JucePlugin_Build_VST=0",
					"JucePlugin_Build_VST3=0",
					"JucePlugin_Build_AU=1",
					"JucePlugin_Build_AUv3=0",
					"JucePlugin_Build_RTAS=0",
					"JucePlugin_Build_AAX=0",
					"JucePlugin_Build_Standalone=0",
					"JucePlugin_Build_Unity=0", );
				GCC_VERSION = com.apple.compilers.llvm.clang.1_0;
				GENERATE_PKGINFO_FILE = YES;
				HEADER_SEARCH_PATHS = ("../../JuceLibraryCode", "../../../../../JUCE/modules", "../../../../../JUCE/modules/juce_audio_plugin_client", "$(inherited)");
				INFOPLIST_FILE = Info-AU.plist;
				INFOPLIST_PREPROCESS = NO;
				INSTALL_PATH = "$(HOME)/Library/Audio/Plug-Ins/Components/";
				LIBRARY_STYLE = Bundle;
				MACOSX_DEPLOYMENT_TARGET = 10.11;
				MACOSX_DEPLOYMENT_TARGET_ppc = 10.4;
				OTHER_LDFLAGS = "-bundle -lScopeSyncAUInst-Debug_1_0_3";
				OTHER_REZFLAGS = "-d ppc_$ppc -d i386_$i386 -d ppc64_$ppc64 -d x86_64_$x86_64 -I /System/Library/Frameworks/CoreServices.framework/Frameworks/CarbonCore.framework/Versions/A/Headers -I \"$(DEVELOPER_DIR)/Extras/CoreAudio/AudioUnits/AUPublic/AUBase\"";
				PRODUCT_BUNDLE_IDENTIFIER = uk.co.bcmodular.scopesync;
				PRODUCT_NAME = "ScopeSyncAUInst-Debug_1_0_3";
				SDKROOT_ppc = macosx10.5;
				USE_HEADERMAP = NO;
				WRAPPER_EXTENSION = component; }; name = Debug; };
		EAB90790110F18E6779C8170 = {isa = XCBuildConfiguration; buildSettings = {
				CLANG_CXX_LANGUAGE_STANDARD = "c++14";
				CLANG_CXX_LIBRARY = "libc++";
				CLANG_LINK_OBJC_RUNTIME = NO;
				COMBINE_HIDPI_IMAGES = YES;
				CONFIGURATION_BUILD_DIR = "$(PROJECT_DIR)/build/$(CONFIGURATION)";
				DEAD_CODE_STRIPPING = YES;
				DEPLOYMENT_LOCATION = YES;
				DSTROOT = /;
				GCC_GENERATE_DEBUGGING_SYMBOLS = NO;
				GCC_OPTIMIZATION_LEVEL = 3;
				GCC_PREPROCESSOR_DEFINITIONS = (
					"_NDEBUG=1",
					"NDEBUG=1",
					"JUCER_XCODE_MAC_F6D2F4CF=1",
					"JUCE_APP_VERSION=1.0.3",
					"JUCE_APP_VERSION_HEX=0x10003",
					"JucePlugin_Build_VST=0",
					"JucePlugin_Build_VST3=0",
					"JucePlugin_Build_AU=1",
					"JucePlugin_Build_AUv3=0",
					"JucePlugin_Build_RTAS=0",
					"JucePlugin_Build_AAX=0",
					"JucePlugin_Build_Standalone=0",
					"JucePlugin_Build_Unity=0", );
				GCC_SYMBOLS_PRIVATE_EXTERN = YES;
				GCC_VERSION = com.apple.compilers.llvm.clang.1_0;
				GENERATE_PKGINFO_FILE = YES;
				HEADER_SEARCH_PATHS = ("../../JuceLibraryCode", "../../../../../JUCE/modules", "../../../../../JUCE/modules/juce_audio_plugin_client", "$(inherited)");
				INFOPLIST_FILE = Info-AU.plist;
				INFOPLIST_PREPROCESS = NO;
				INSTALL_PATH = "${HOME}/Development/scopesync/Plugins/OSX/AU/";
				LIBRARY_STYLE = Bundle;
				LLVM_LTO = YES;
				MACOSX_DEPLOYMENT_TARGET = 10.11;
				MACOSX_DEPLOYMENT_TARGET_ppc = 10.4;
				OTHER_LDFLAGS = "-bundle -lScopeSyncAUInst_1_0_3";
				OTHER_REZFLAGS = "-d ppc_$ppc -d i386_$i386 -d ppc64_$ppc64 -d x86_64_$x86_64 -I /System/Library/Frameworks/CoreServices.framework/Frameworks/CarbonCore.framework/Versions/A/Headers -I \"$(DEVELOPER_DIR)/Extras/CoreAudio/AudioUnits/AUPublic/AUBase\"";
				PRODUCT_BUNDLE_IDENTIFIER = uk.co.bcmodular.scopesync;
				PRODUCT_NAME = "ScopeSyncAUInst_1_0_3";
				SDKROOT_ppc = macosx10.5;
				USE_HEADERMAP = NO;
				WRAPPER_EXTENSION = component; }; name = Release; };
		76C005511DDD3C6BD3778DAE = {isa = XCBuildConfiguration; buildSettings = {
				CLANG_CXX_LANGUAGE_STANDARD = "c++14";
				CLANG_CXX_LIBRARY = "libc++";
				CLANG_LINK_OBJC_RUNTIME = NO;
				COMBINE_HIDPI_IMAGES = YES;
				CONFIGURATION_BUILD_DIR = "$(PROJECT_DIR)/build/$(CONFIGURATION)";
				COPY_PHASE_STRIP = NO;
				GCC_DYNAMIC_NO_PIC = NO;
				GCC_OPTIMIZATION_LEVEL = 0;
				GCC_PREPROCESSOR_DEFINITIONS = (
					"_DEBUG=1",
					"DEBUG=1",
					"JUCER_XCODE_MAC_F6D2F4CF=1",
					"JUCE_APP_VERSION=1.0.3",
					"JUCE_APP_VERSION_HEX=0x10003",
					"JucePlugin_Build_VST=0",
					"JucePlugin_Build_VST3=0",
					"JucePlugin_Build_AU=0",
					"JucePlugin_Build_AUv3=0",
					"JucePlugin_Build_RTAS=0",
					"JucePlugin_Build_AAX=0",
					"JucePlugin_Build_Standalone=1",
					"JucePlugin_Build_Unity=0", );
				GCC_VERSION = com.apple.compilers.llvm.clang.1_0;
				HEADER_SEARCH_PATHS = ("../../JuceLibraryCode", "../../../../../JUCE/modules", "../../../../../JUCE/modules/juce_audio_plugin_client", "$(inherited)");
				INFOPLIST_FILE = Info-Standalone_Plugin.plist;
				INFOPLIST_PREPROCESS = NO;
				MACOSX_DEPLOYMENT_TARGET = 10.11;
				MACOSX_DEPLOYMENT_TARGET_ppc = 10.4;
				OTHER_LDFLAGS = "-lScopeSyncAUInst-Debug_1_0_3";
				PRODUCT_BUNDLE_IDENTIFIER = uk.co.bcmodular.scopesync;
				PRODUCT_NAME = "ScopeSyncAUInst-Debug_1_0_3";
				SDKROOT_ppc = macosx10.5;
				USE_HEADERMAP = NO; }; name = Debug; };
		9F620DA4148A19DC79CE5B7C = {isa = XCBuildConfiguration; buildSettings = {
				CLANG_CXX_LANGUAGE_STANDARD = "c++14";
				CLANG_CXX_LIBRARY = "libc++";
				CLANG_LINK_OBJC_RUNTIME = NO;
				COMBINE_HIDPI_IMAGES = YES;
				CONFIGURATION_BUILD_DIR = "$(PROJECT_DIR)/build/$(CONFIGURATION)";
				DEAD_CODE_STRIPPING = YES;
				GCC_GENERATE_DEBUGGING_SYMBOLS = NO;
				GCC_OPTIMIZATION_LEVEL = 3;
				GCC_PREPROCESSOR_DEFINITIONS = (
					"_NDEBUG=1",
					"NDEBUG=1",
					"JUCER_XCODE_MAC_F6D2F4CF=1",
					"JUCE_APP_VERSION=1.0.3",
					"JUCE_APP_VERSION_HEX=0x10003",
					"JucePlugin_Build_VST=0",
					"JucePlugin_Build_VST3=0",
					"JucePlugin_Build_AU=0",
					"JucePlugin_Build_AUv3=0",
					"JucePlugin_Build_RTAS=0",
					"JucePlugin_Build_AAX=0",
					"JucePlugin_Build_Standalone=1",
					"JucePlugin_Build_Unity=0", );
				GCC_SYMBOLS_PRIVATE_EXTERN = YES;
				GCC_VERSION = com.apple.compilers.llvm.clang.1_0;
				HEADER_SEARCH_PATHS = ("../../JuceLibraryCode", "../../../../../JUCE/modules", "../../../../../JUCE/modules/juce_audio_plugin_client", "$(inherited)");
				INFOPLIST_FILE = Info-Standalone_Plugin.plist;
				INFOPLIST_PREPROCESS = NO;
				LLVM_LTO = YES;
				MACOSX_DEPLOYMENT_TARGET = 10.11;
				MACOSX_DEPLOYMENT_TARGET_ppc = 10.4;
				OTHER_LDFLAGS = "-lScopeSyncAUInst_1_0_3";
				PRODUCT_BUNDLE_IDENTIFIER = uk.co.bcmodular.scopesync;
				PRODUCT_NAME = "ScopeSyncAUInst_1_0_3";
				SDKROOT_ppc = macosx10.5;
				USE_HEADERMAP = NO; }; name = Release; };
		96037738D815402CE9DC52C1 = {isa = XCBuildConfiguration; buildSettings = {
				CLANG_CXX_LANGUAGE_STANDARD = "c++14";
				CLANG_CXX_LIBRARY = "libc++";
				CLANG_LINK_OBJC_RUNTIME = NO;
				COMBINE_HIDPI_IMAGES = YES;
				CONFIGURATION_BUILD_DIR = "$(PROJECT_DIR)/build/$(CONFIGURATION)";
				COPY_PHASE_STRIP = NO;
				GCC_DYNAMIC_NO_PIC = NO;
				GCC_OPTIMIZATION_LEVEL = 0;
				GCC_PREPROCESSOR_DEFINITIONS = (
					"_DEBUG=1",
					"DEBUG=1",
					"JUCER_XCODE_MAC_F6D2F4CF=1",
					"JUCE_APP_VERSION=1.0.3",
					"JUCE_APP_VERSION_HEX=0x10003",
					"JucePlugin_Build_VST=1",
					"JucePlugin_Build_VST3=0",
					"JucePlugin_Build_AU=1",
					"JucePlugin_Build_AUv3=0",
					"JucePlugin_Build_RTAS=0",
					"JucePlugin_Build_AAX=0",
					"JucePlugin_Build_Standalone=1",
					"JucePlugin_Build_Unity=0",
					"JUCE_SHARED_CODE=1", );
				GCC_VERSION = com.apple.compilers.llvm.clang.1_0;
				HEADER_SEARCH_PATHS = ("../../JuceLibraryCode", "../../../../../JUCE/modules", "../../../../../JUCE/modules/juce_audio_plugin_client", "$(inherited)");
				INSTALL_PATH = "@executable_path/../Frameworks";
				MACOSX_DEPLOYMENT_TARGET = 10.11;
				MACOSX_DEPLOYMENT_TARGET_ppc = 10.4;
				PRODUCT_BUNDLE_IDENTIFIER = uk.co.bcmodular.scopesync;
				PRODUCT_NAME = "ScopeSyncAUInst-Debug_1_0_3";
				SDKROOT_ppc = macosx10.5;
				USE_HEADERMAP = NO; }; name = Debug; };
		50444FDB528DB135CFD684EA = {isa = XCBuildConfiguration; buildSettings = {
				CLANG_CXX_LANGUAGE_STANDARD = "c++14";
				CLANG_CXX_LIBRARY = "libc++";
				CLANG_LINK_OBJC_RUNTIME = NO;
				COMBINE_HIDPI_IMAGES = YES;
				CONFIGURATION_BUILD_DIR = "$(PROJECT_DIR)/build/$(CONFIGURATION)";
				DEAD_CODE_STRIPPING = YES;
				GCC_GENERATE_DEBUGGING_SYMBOLS = NO;
				GCC_OPTIMIZATION_LEVEL = 3;
				GCC_PREPROCESSOR_DEFINITIONS = (
					"_NDEBUG=1",
					"NDEBUG=1",
					"JUCER_XCODE_MAC_F6D2F4CF=1",
					"JUCE_APP_VERSION=1.0.3",
					"JUCE_APP_VERSION_HEX=0x10003",
					"JucePlugin_Build_VST=1",
					"JucePlugin_Build_VST3=0",
					"JucePlugin_Build_AU=1",
					"JucePlugin_Build_AUv3=0",
					"JucePlugin_Build_RTAS=0",
					"JucePlugin_Build_AAX=0",
					"JucePlugin_Build_Standalone=1",
					"JucePlugin_Build_Unity=0",
					"JUCE_SHARED_CODE=1", );
				GCC_SYMBOLS_PRIVATE_EXTERN = YES;
				GCC_VERSION = com.apple.compilers.llvm.clang.1_0;
				HEADER_SEARCH_PATHS = ("../../JuceLibraryCode", "../../../../../JUCE/modules", "../../../../../JUCE/modules/juce_audio_plugin_client", "$(inherited)");
				INSTALL_PATH = "@executable_path/../Frameworks";
				LLVM_LTO = YES;
				MACOSX_DEPLOYMENT_TARGET = 10.11;
				MACOSX_DEPLOYMENT_TARGET_ppc = 10.4;
				PRODUCT_BUNDLE_IDENTIFIER = uk.co.bcmodular.scopesync;
				PRODUCT_NAME = "ScopeSyncAUInst_1_0_3";
				SDKROOT_ppc = macosx10.5;
				USE_HEADERMAP = NO; }; name = Release; };
		3BE494BB8D3E453E12EF391E = {isa = XCBuildConfiguration; buildSettings = {
				ALWAYS_SEARCH_USER_PATHS = NO;
				CLANG_WARN_BLOCK_CAPTURE_AUTORELEASING = YES;
				CLANG_WARN_BOOL_CONVERSION = YES;
				CLANG_WARN_COMMA = YES;
				CLANG_WARN_CONSTANT_CONVERSION = YES;
				CLANG_WARN_EMPTY_BODY = YES;
				CLANG_WARN_ENUM_CONVERSION = YES;
				CLANG_WARN_INFINITE_RECURSION = YES;
				CLANG_WARN_INT_CONVERSION = YES;
				CLANG_WARN_NON_LITERAL_NULL_CONVERSION = YES;
				CLANG_WARN_OBJC_LITERAL_CONVERSION = YES;
				CLANG_WARN_RANGE_LOOP_ANALYSIS = YES;
				CLANG_WARN_STRICT_PROTOTYPES = YES;
				CLANG_WARN_SUSPICIOUS_MOVE = YES;
				CLANG_WARN_UNREACHABLE_CODE = YES;
				CLANG_WARN__DUPLICATE_METHOD_MATCH = YES;
				DEBUG_INFORMATION_FORMAT = "dwarf";
				ENABLE_STRICT_OBJC_MSGSEND = YES;
				ENABLE_TESTABILITY = YES;
				GCC_C_LANGUAGE_STANDARD = c11;
				GCC_INLINES_ARE_PRIVATE_EXTERN = YES;
				GCC_MODEL_TUNING = G5;
				GCC_NO_COMMON_BLOCKS = YES;
				GCC_WARN_64_TO_32_BIT_CONVERSION = YES;
				GCC_WARN_ABOUT_RETURN_TYPE = YES;
				GCC_WARN_CHECK_SWITCH_STATEMENTS = YES;
				GCC_WARN_MISSING_PARENTHESES = YES;
				GCC_WARN_NON_VIRTUAL_DESTRUCTOR = YES;
				GCC_WARN_TYPECHECK_CALLS_TO_PRINTF = YES;
				GCC_WARN_UNDECLARED_SELECTOR = YES;
				GCC_WARN_UNINITIALIZED_AUTOS = YES;
				GCC_WARN_UNUSED_FUNCTION = YES;
				GCC_WARN_UNUSED_VARIABLE = YES;
				ONLY_ACTIVE_ARCH = YES;
				PRODUCT_NAME = "ScopeSyncAUInst-Debug_1_0_3";
				WARNING_CFLAGS = -Wreorder;
				ZERO_LINK = NO; }; name = Debug; };
		90721DBF468C94849CE40BAF = {isa = XCBuildConfiguration; buildSettings = {
				ALWAYS_SEARCH_USER_PATHS = NO;
				CLANG_WARN_BLOCK_CAPTURE_AUTORELEASING = YES;
				CLANG_WARN_BOOL_CONVERSION = YES;
				CLANG_WARN_COMMA = YES;
				CLANG_WARN_CONSTANT_CONVERSION = YES;
				CLANG_WARN_EMPTY_BODY = YES;
				CLANG_WARN_ENUM_CONVERSION = YES;
				CLANG_WARN_INFINITE_RECURSION = YES;
				CLANG_WARN_INT_CONVERSION = YES;
				CLANG_WARN_NON_LITERAL_NULL_CONVERSION = YES;
				CLANG_WARN_OBJC_LITERAL_CONVERSION = YES;
				CLANG_WARN_RANGE_LOOP_ANALYSIS = YES;
				CLANG_WARN_STRICT_PROTOTYPES = YES;
				CLANG_WARN_SUSPICIOUS_MOVE = YES;
				CLANG_WARN_UNREACHABLE_CODE = YES;
				CLANG_WARN__DUPLICATE_METHOD_MATCH = YES;
				DEBUG_INFORMATION_FORMAT = "dwarf";
				ENABLE_STRICT_OBJC_MSGSEND = YES;
				GCC_C_LANGUAGE_STANDARD = c11;
				GCC_INLINES_ARE_PRIVATE_EXTERN = YES;
				GCC_MODEL_TUNING = G5;
				GCC_NO_COMMON_BLOCKS = YES;
				GCC_WARN_64_TO_32_BIT_CONVERSION = YES;
				GCC_WARN_ABOUT_RETURN_TYPE = YES;
				GCC_WARN_CHECK_SWITCH_STATEMENTS = YES;
				GCC_WARN_MISSING_PARENTHESES = YES;
				GCC_WARN_NON_VIRTUAL_DESTRUCTOR = YES;
				GCC_WARN_TYPECHECK_CALLS_TO_PRINTF = YES;
				GCC_WARN_UNDECLARED_SELECTOR = YES;
				GCC_WARN_UNINITIALIZED_AUTOS = YES;
				GCC_WARN_UNUSED_FUNCTION = YES;
				GCC_WARN_UNUSED_VARIABLE = YES;
				PRODUCT_NAME = "ScopeSyncAUInst_1_0_3";
				WARNING_CFLAGS = -Wreorder;
				ZERO_LINK = NO; }; name = Release; };
		7F7F8AA1AFE086E7DF9BE175 = {isa = PBXTargetDependency; target = A77BD4A7B2FC979B8872929B; };
		F614470DA04CC1D33C11B89A = {isa = PBXTargetDependency; target = 9D560354E09A801581BD397C; };
		39ADFD31B5BB2A539868C44D = {isa = PBXTargetDependency; target = 941AD9CA3E885F9A7BCF8A46; };
		E9AA905667F8698B5D346EC0 = {isa = PBXTargetDependency; target = A6B16C78B04727B7EAB11A65; };
		CB4040D3F3340EDC2FE88700 = {isa = XCConfigurationList; buildConfigurations = (
					3BE494BB8D3E453E12EF391E,
					90721DBF468C94849CE40BAF, ); defaultConfigurationIsVisible = 0; defaultConfigurationName = Debug; };
		B915F4985D49EF816A7EFF10 = {isa = XCConfigurationList; buildConfigurations = (
					DFED0041321609B7B73636EA,
					3C82379F80CAEA65642ADAD1, ); defaultConfigurationIsVisible = 0; defaultConfigurationName = Debug; };
		458981E46325D7EBA34483DD = {isa = PBXAggregateTarget; buildConfigurationList = B915F4985D49EF816A7EFF10; buildPhases = (  ); buildRules = ( ); dependencies = (
					7F7F8AA1AFE086E7DF9BE175,
					F614470DA04CC1D33C11B89A,
					39ADFD31B5BB2A539868C44D,
					E9AA905667F8698B5D346EC0, ); name = "ScopeSyncInstPlugin - All"; productName = ScopeSyncInstPlugin; };
		864AC0E9CDBAC7ACBF008661 = {isa = XCConfigurationList; buildConfigurations = (
					A08081E8C09F62CE8BD40D96,
					0839E9756FD3819EA5EC4BAE, ); defaultConfigurationIsVisible = 0; defaultConfigurationName = Debug; };
		F779214DACAB0B5E65C90604 = {isa = PBXResourcesBuildPhase; buildActionMask = 2147483647; files = (
					808FF2EF3A334B244F957F97, ); runOnlyForDeploymentPostprocessing = 0; };
		DC44EEB51416F7AF91C69F7A = {isa = PBXSourcesBuildPhase; buildActionMask = 2147483647; files = (
					9FD2EF44235F56EB861AB96A, ); runOnlyForDeploymentPostprocessing = 0; };
		7D5384ABBAE883E09E4B669A = {isa = PBXFrameworksBuildPhase; buildActionMask = 2147483647; files = (
					B5943C8C987EF7D134D5DF4A,
					E0322FCAE0E55A875B6FE2DE,
					54E33F5CC4156F701808A066,
					DF642A2843A38E5378EEDF9F,
					4AF8FD6073D887A6A2B4BF7F,
					D0F6698A31D265831B04E509,
					91F8D394D1DC6B65480E21EC,
					1EE238543E688C8D17C8DBBF,
					5A1B2CBAA7D0BC05A557ED59,
					33B529EAEC284DF43589CC38, ); runOnlyForDeploymentPostprocessing = 0; };
		A77BD4A7B2FC979B8872929B = {isa = PBXNativeTarget; buildConfigurationList = 864AC0E9CDBAC7ACBF008661; buildPhases = (
					F779214DACAB0B5E65C90604,
					DC44EEB51416F7AF91C69F7A,
					7D5384ABBAE883E09E4B669A, ); buildRules = ( ); dependencies = (
					E9AA905667F8698B5D346EC0, ); name = "ScopeSyncInstPlugin - VST"; productName = ScopeSyncInstPlugin; productReference = 51EA19BE3AFABD4DBB6BD72E; productType = "com.apple.product-type.bundle"; };
		4A0D8AF7B0B2C3B054DFDC4A = {isa = XCConfigurationList; buildConfigurations = (
					4F4AA3815BDB744DBB89D005,
					EAB90790110F18E6779C8170, ); defaultConfigurationIsVisible = 0; defaultConfigurationName = Debug; };
		9EF84306575658C3CEF0A3D2 = {isa = PBXResourcesBuildPhase; buildActionMask = 2147483647; files = (
					808FF2EF3A334B244F957F97, ); runOnlyForDeploymentPostprocessing = 0; };
		1788FAE384E1B7B9CD663AB6 = {isa = PBXRezBuildPhase; buildActionMask = 2147483647; files = (
					CB308F60C1337FDEC776AF6E, ); runOnlyForDeploymentPostprocessing = 0; };
		DA7C7AAC4795EDAD7FA8FA66 = {isa = PBXSourcesBuildPhase; buildActionMask = 2147483647; files = (
					CEE0FFCCDF0DBACEDD2216FC,
					21D6AC43B44B53E0FF8061A9, ); runOnlyForDeploymentPostprocessing = 0; };
		71321387BE584F2AE21708DF = {isa = PBXFrameworksBuildPhase; buildActionMask = 2147483647; files = (
					B5943C8C987EF7D134D5DF4A,
					E0322FCAE0E55A875B6FE2DE,
					7FE32BD1BA0F6E9BF2B9E6B6,
					54E33F5CC4156F701808A066,
					DF642A2843A38E5378EEDF9F,
					4AF8FD6073D887A6A2B4BF7F,
					508AC361B1E8B48E088F9D43,
					D0F6698A31D265831B04E509,
					91F8D394D1DC6B65480E21EC,
					1EE238543E688C8D17C8DBBF,
					5A1B2CBAA7D0BC05A557ED59,
					33B529EAEC284DF43589CC38, ); runOnlyForDeploymentPostprocessing = 0; };
		9D560354E09A801581BD397C = {isa = PBXNativeTarget; buildConfigurationList = 4A0D8AF7B0B2C3B054DFDC4A; buildPhases = (
					9EF84306575658C3CEF0A3D2,
					1788FAE384E1B7B9CD663AB6,
					DA7C7AAC4795EDAD7FA8FA66,
					71321387BE584F2AE21708DF, ); buildRules = ( ); dependencies = (
					E9AA905667F8698B5D346EC0, ); name = "ScopeSyncInstPlugin - AU"; productName = ScopeSyncInstPlugin; productReference = 4C991533AE649DC6A6124881; productType = "com.apple.product-type.bundle"; };
		30A3108AB41E57B067F177F2 = {isa = XCConfigurationList; buildConfigurations = (
					76C005511DDD3C6BD3778DAE,
					9F620DA4148A19DC79CE5B7C, ); defaultConfigurationIsVisible = 0; defaultConfigurationName = Debug; };
		10A32C34FABC5EF243BCACB4 = {isa = PBXResourcesBuildPhase; buildActionMask = 2147483647; files = (
					808FF2EF3A334B244F957F97, ); runOnlyForDeploymentPostprocessing = 0; };
		BA77294669E0CFB2B2C39A3F = {isa = PBXSourcesBuildPhase; buildActionMask = 2147483647; files = (
					94F013DE49A9C9A396D8C2BC, ); runOnlyForDeploymentPostprocessing = 0; };
		D075E0E43398ED28DC1013E7 = {isa = PBXFrameworksBuildPhase; buildActionMask = 2147483647; files = (
					B5943C8C987EF7D134D5DF4A,
					E0322FCAE0E55A875B6FE2DE,
					54E33F5CC4156F701808A066,
					DF642A2843A38E5378EEDF9F,
					4AF8FD6073D887A6A2B4BF7F,
					D0F6698A31D265831B04E509,
					91F8D394D1DC6B65480E21EC,
					1EE238543E688C8D17C8DBBF,
					5A1B2CBAA7D0BC05A557ED59,
					33B529EAEC284DF43589CC38, ); runOnlyForDeploymentPostprocessing = 0; };
		941AD9CA3E885F9A7BCF8A46 = {isa = PBXNativeTarget; buildConfigurationList = 30A3108AB41E57B067F177F2; buildPhases = (
					10A32C34FABC5EF243BCACB4,
					BA77294669E0CFB2B2C39A3F,
					D075E0E43398ED28DC1013E7, ); buildRules = ( ); dependencies = (
					E9AA905667F8698B5D346EC0, ); name = "ScopeSyncInstPlugin - Standalone Plugin"; productName = ScopeSyncInstPlugin; productReference = C95E4361CF7E42BB718C7CA5; productType = "com.apple.product-type.application"; };
		4069565A9BD5CFC3EC239045 = {isa = XCConfigurationList; buildConfigurations = (
					96037738D815402CE9DC52C1,
					50444FDB528DB135CFD684EA, ); defaultConfigurationIsVisible = 0; defaultConfigurationName = Debug; };
		B969F2C35187F9BB88F47273 = {isa = PBXSourcesBuildPhase; buildActionMask = 2147483647; files = (
					9084134A038BF8F0C067F8F2,
					423515C92A592D770D69C9D4,
					65D496E5F18D659142E5AB56,
					3F7EDE3763902CD42005E644,
					BFA527586F01A8F772718D34,
					B3BCD5CD208F6A4A10C285FD,
					14D2F97663F6A386C4584FF8,
					3D97FF498E847BFE55224844,
					43B49A0212522D84BD7C7E7D,
					24A686A55D8013EE3889C427,
					C4F1C4F53916344020AF7855,
					CA1474BE134A1B639478080C,
					97A1ADD0D9DD12E9340E2B69,
					F1F0FF364E67AA3722E9AFF6,
					C9EEDD61CEF845BC5E5D2D47,
					0273E8151C3D71463FE69075,
					A9C75151EEFB2CE17ACB3357,
					A233C50CB412E6E541A4ED33,
					5D99A691C9470F4852F04A37,
					08E98201A2EB266FF4675255,
					1AE830E2D596B410001CD80E,
					3A2AF4B86B92D440AB374ED4,
					0D1A2235BBBDE13FFE3CB671,
					2D6CBAF4C11A48DA8062CE37,
					C68AD5227DBF2164C6944463,
					9DE1C5A57A07C2E21503D92E,
					090561BE2A4D4722AC4B6583,
					721156E1963FE840731CC75A,
					B5087941BB9A442845CBB18C,
					E56C8D77C6FE0A00371D1812,
					93D6A7E8C32FD8F802CAEB80,
					704B3AF84A7E5F68456F9E3E,
					1A4E7E1954DDCCE3362A8DA0,
					2D964BC63B1513EE9B925124,
					17DAE3BC4FD5D5C1AFB92C25,
					17253FD511FA41726436644C,
					4961207C8D6D6FAA72BC1572,
					3E2A3F7258A373D3D23DC982,
					A8E7B2660785D002A9D4C8AE,
					9B1262253C9436F46ACDDD7B,
					0B308AF56C7CCDEC748C7B9E,
					E28FEB374A7BBF6355FB9B66,
					9C3B7D876FD7F651B3A6DF0C,
					74D59A7BA84DF8CE0FDEAFC9,
					821CC89F56DA9D257A4DF0F5,
					0CC438F68718A38FDDD2987B,
					C213E9F06A90CC1203FDFC7D,
					1A0F7157CD8FA5A388E77A59,
					F259A39C8BC5AA14B7F27B03,
					FDD93A94A6CCD9684B1E8449,
					F47746C1B6694C336E6AF6A4,
					FAD610F2EF80393FF01EC338,
					F371D1BCE2BFDFD5BDA339B4,
					C23835570042A6B37A017D00,
					665B2A920188099F512B945B,
					E72CBBE07C42126D5AC20EE5,
					EFF526FFBE2180CFBD9E85D6,
					B2141AF12DFADE986576F551,
					37A611107EBF8902D95EAE70,
					3AE20BA9AF251AFAC49290A1,
					3015062A78D7FCB30106F276,
					EBDCAA8DF7464B10169C9377,
					6ED26E4EAD4FEF33FD075A00,
					609CA97CEFA016AC5083786F, ); runOnlyForDeploymentPostprocessing = 0; };
		A6B16C78B04727B7EAB11A65 = {isa = PBXNativeTarget; buildConfigurationList = 4069565A9BD5CFC3EC239045; buildPhases = (
					B969F2C35187F9BB88F47273, ); buildRules = ( ); dependencies = (  ); name = "ScopeSyncInstPlugin - Shared Code"; productName = ScopeSyncInstPlugin; productReference = E681E04690F2CA0EC66D682E; productType = "com.apple.product-type.library.static"; };
		4095045EB1BE3A51656709E7 = {isa = PBXProject; buildConfigurationList = CB4040D3F3340EDC2FE88700; attributes = { LastUpgradeCheck = 0930; ORGANIZATIONNAME = "BC Modular"; TargetAttributes = { 458981E46325D7EBA34483DD = { SystemCapabilities = {com.apple.ApplicationGroups.iOS = { enabled = 0; }; com.apple.InAppPurchase = { enabled = 0; }; com.apple.InterAppAudio = { enabled = 0; }; com.apple.Push = { enabled = 0; }; com.apple.Sandbox = { enabled = 0; }; }; };A77BD4A7B2FC979B8872929B = { SystemCapabilities = {com.apple.ApplicationGroups.iOS = { enabled = 0; }; com.apple.InAppPurchase = { enabled = 0; }; com.apple.InterAppAudio = { enabled = 0; }; com.apple.Push = { enabled = 0; }; com.apple.Sandbox = { enabled = 0; }; }; };9D560354E09A801581BD397C = { SystemCapabilities = {com.apple.ApplicationGroups.iOS = { enabled = 0; }; com.apple.InAppPurchase = { enabled = 0; }; com.apple.InterAppAudio = { enabled = 0; }; com.apple.Push = { enabled = 0; }; com.apple.Sandbox = { enabled = 0; }; }; };941AD9CA3E885F9A7BCF8A46 = { SystemCapabilities = {com.apple.ApplicationGroups.iOS = { enabled = 0; }; com.apple.InAppPurchase = { enabled = 0; }; com.apple.InterAppAudio = { enabled = 0; }; com.apple.Push = { enabled = 0; }; com.apple.Sandbox = { enabled = 0; }; }; };A6B16C78B04727B7EAB11A65 = { SystemCapabilities = {com.apple.ApplicationGroups.iOS = { enabled = 0; }; com.apple.InAppPurchase = { enabled = 0; }; com.apple.InterAppAudio = { enabled = 0; }; com.apple.Push = { enabled = 0; }; com.apple.Sandbox = { enabled = 0; }; }; }; }; }; compatibilityVersion = "Xcode 3.2"; hasScannedForEncodings = 0; mainGroup = B8F92F13D5E0415F030D5607; projectDirPath = ""; projectRoot = ""; targets = (458981E46325D7EBA34483DD, A77BD4A7B2FC979B8872929B, 9D560354E09A801581BD397C, 941AD9CA3E885F9A7BCF8A46, A6B16C78B04727B7EAB11A65); };
	};
	rootObject = 4095045EB1BE3A51656709E7;
}
