Microsoft Visual Studio Solution File, Format Version 11.00
# Visual Studio 2015
Project("{581C5BEB-8F2F-CC44-7114-677A3D6D85FE}") = "ScopeSyncFX", "ScopeSyncFX.vcxproj", "{30768618-FBF2-68AF-7BAA-459CED48D8C1}"
EndProject
Global
	GlobalSection(SolutionConfigurationPlatforms) = preSolution
		Debug|Win32 = Debug|Win32
		Release|Win32 = Release|Win32
	EndGlobalSection
	GlobalSection(ProjectConfigurationPlatforms) = postSolution
		{30768618-FBF2-68AF-7BAA-459CED48D8C1}.Debug|Win32.ActiveCfg = Debug|Win32
		{30768618-FBF2-68AF-7BAA-459CED48D8C1}.Debug|Win32.Build.0 = Debug|Win32
		{30768618-FBF2-68AF-7BAA-459CED48D8C1}.Release|Win32.ActiveCfg = Release|Win32
		{30768618-FBF2-68AF-7BAA-459CED48D8C1}.Release|Win32.Build.0 = Release|Win32
	EndGlobalSection
	GlobalSection(SolutionProperties) = preSolution
		HideSolutionNode = FALSE
	EndGlobalSection
EndGlobal
