Microsoft Visual Studio Solution File, Format Version 11.00
# Visual Studio 2015
Project("{9E5A7080-3DD5-8DBF-B71E-2AAFA5F2D603}") = "ScopeSyncEffectPlugin", "ScopeSyncEffectPlugin.vcxproj", "{A34E78D0-D585-2716-5EB4-DF2DCC27A410}"
EndProject
Global
	GlobalSection(SolutionConfigurationPlatforms) = preSolution
		Debug|Win32 = Debug|Win32
		Debug (x64)|x64 = Debug (x64)|x64
		Release|Win32 = Release|Win32
		Release (x64)|Win32 = Release (x64)|Win32
	EndGlobalSection
	GlobalSection(ProjectConfigurationPlatforms) = postSolution
		{A34E78D0-D585-2716-5EB4-DF2DCC27A410}.Debug|Win32.ActiveCfg = Debug|Win32
		{A34E78D0-D585-2716-5EB4-DF2DCC27A410}.Debug|Win32.Build.0 = Debug|Win32
		{A34E78D0-D585-2716-5EB4-DF2DCC27A410}.Debug (x64)|x64.ActiveCfg = Debug (x64)|x64
		{A34E78D0-D585-2716-5EB4-DF2DCC27A410}.Debug (x64)|x64.Build.0 = Debug (x64)|x64
		{A34E78D0-D585-2716-5EB4-DF2DCC27A410}.Release|Win32.ActiveCfg = Release|Win32
		{A34E78D0-D585-2716-5EB4-DF2DCC27A410}.Release|Win32.Build.0 = Release|Win32
		{A34E78D0-D585-2716-5EB4-DF2DCC27A410}.Release (x64)|Win32.ActiveCfg = Release (x64)|Win32
		{A34E78D0-D585-2716-5EB4-DF2DCC27A410}.Release (x64)|Win32.Build.0 = Release (x64)|Win32
	EndGlobalSection
	GlobalSection(SolutionProperties) = preSolution
		HideSolutionNode = FALSE
	EndGlobalSection
EndGlobal
