Microsoft Visual Studio Solution File, Format Version 11.00
# Visual Studio 2013

Project("{8BC9CEB8-8B4A-11D0-8D11-00A0C91BC942}") = "ScopeSyncEffectPlugin - VST", "ScopeSyncEffectPlugin_VST.vcxproj", "{DED01E70-139D-AAC0-5EE7-C65510DF0A22}"
	ProjectSection(ProjectDependencies) = postProject
		{349E1578-261B-EBBE-A58E-484EA3A0FAD8} = {349E1578-261B-EBBE-A58E-484EA3A0FAD8}
	EndProjectSection
EndProject
Project("{8BC9CEB8-8B4A-11D0-8D11-00A0C91BC942}") = "ScopeSyncEffectPlugin - VST3", "ScopeSyncEffectPlugin_VST3.vcxproj", "{99A3A543-613D-88E2-9176-97C1642F4322}"
	ProjectSection(ProjectDependencies) = postProject
		{349E1578-261B-EBBE-A58E-484EA3A0FAD8} = {349E1578-261B-EBBE-A58E-484EA3A0FAD8}
	EndProjectSection
EndProject
Project("{8BC9CEB8-8B4A-11D0-8D11-00A0C91BC942}") = "ScopeSyncEffectPlugin - Shared Code", "ScopeSyncEffectPlugin_SharedCode.vcxproj", "{349E1578-261B-EBBE-A58E-484EA3A0FAD8}"
EndProject
Global
	GlobalSection(SolutionConfigurationPlatforms) = preSolution
		Debug|Win32 = Debug|Win32
		Debug (x64)|x64 = Debug (x64)|x64
		Release|Win32 = Release|Win32
		Release (x64)|x64 = Release (x64)|x64
	EndGlobalSection
	GlobalSection(ProjectConfigurationPlatforms) = postSolution
		{DED01E70-139D-AAC0-5EE7-C65510DF0A22}.Debug|Win32.ActiveCfg = Debug|Win32
		{DED01E70-139D-AAC0-5EE7-C65510DF0A22}.Debug|Win32.Build.0 = Debug|Win32
		{DED01E70-139D-AAC0-5EE7-C65510DF0A22}.Debug (x64)|x64.ActiveCfg = Debug (x64)|x64
		{DED01E70-139D-AAC0-5EE7-C65510DF0A22}.Debug (x64)|x64.Build.0 = Debug (x64)|x64
		{DED01E70-139D-AAC0-5EE7-C65510DF0A22}.Release|Win32.ActiveCfg = Release|Win32
		{DED01E70-139D-AAC0-5EE7-C65510DF0A22}.Release|Win32.Build.0 = Release|Win32
		{DED01E70-139D-AAC0-5EE7-C65510DF0A22}.Release (x64)|x64.ActiveCfg = Release (x64)|x64
		{DED01E70-139D-AAC0-5EE7-C65510DF0A22}.Release (x64)|x64.Build.0 = Release (x64)|x64
		{99A3A543-613D-88E2-9176-97C1642F4322}.Debug|Win32.ActiveCfg = Debug|Win32
		{99A3A543-613D-88E2-9176-97C1642F4322}.Debug|Win32.Build.0 = Debug|Win32
		{99A3A543-613D-88E2-9176-97C1642F4322}.Debug (x64)|x64.ActiveCfg = Debug (x64)|x64
		{99A3A543-613D-88E2-9176-97C1642F4322}.Debug (x64)|x64.Build.0 = Debug (x64)|x64
		{99A3A543-613D-88E2-9176-97C1642F4322}.Release|Win32.ActiveCfg = Release|Win32
		{99A3A543-613D-88E2-9176-97C1642F4322}.Release|Win32.Build.0 = Release|Win32
		{99A3A543-613D-88E2-9176-97C1642F4322}.Release (x64)|x64.ActiveCfg = Release (x64)|x64
		{99A3A543-613D-88E2-9176-97C1642F4322}.Release (x64)|x64.Build.0 = Release (x64)|x64
		{349E1578-261B-EBBE-A58E-484EA3A0FAD8}.Debug|Win32.ActiveCfg = Debug|Win32
		{349E1578-261B-EBBE-A58E-484EA3A0FAD8}.Debug|Win32.Build.0 = Debug|Win32
		{349E1578-261B-EBBE-A58E-484EA3A0FAD8}.Debug (x64)|x64.ActiveCfg = Debug (x64)|x64
		{349E1578-261B-EBBE-A58E-484EA3A0FAD8}.Debug (x64)|x64.Build.0 = Debug (x64)|x64
		{349E1578-261B-EBBE-A58E-484EA3A0FAD8}.Release|Win32.ActiveCfg = Release|Win32
		{349E1578-261B-EBBE-A58E-484EA3A0FAD8}.Release|Win32.Build.0 = Release|Win32
		{349E1578-261B-EBBE-A58E-484EA3A0FAD8}.Release (x64)|x64.ActiveCfg = Release (x64)|x64
		{349E1578-261B-EBBE-A58E-484EA3A0FAD8}.Release (x64)|x64.Build.0 = Release (x64)|x64
	EndGlobalSection
	GlobalSection(SolutionProperties) = preSolution
		HideSolutionNode = FALSE
	EndGlobalSection
EndGlobal
